{
    "version": 3,
    "terraform_version": "0.11.2",
    "serial": 76,
    "lineage": "4bee296c-9ae0-4cdd-91b5-82aa82275855",
    "modules": [
        {
            "path": [
                "root"
            ],
            "outputs": {},
            "resources": {
                "aws_autoscaling_group.Bastion-ASG": {
                    "type": "aws_autoscaling_group",
                    "depends_on": [
                        "aws_launch_configuration.Bastion-LG",
                        "aws_subnet.Bastion-Subnet"
                    ],
                    "primary": {
                        "id": "tf-asg-20180220120512569300000007",
                        "attributes": {
                            "arn": "arn:aws:autoscaling:us-east-1:616552976502:autoScalingGroup:0d9b877c-2983-4639-a962-1e22f6e65743:autoScalingGroupName/tf-asg-20180220120512569300000007",
                            "availability_zones.#": "1",
                            "availability_zones.3569565595": "us-east-1a",
                            "default_cooldown": "300",
                            "desired_capacity": "1",
                            "force_delete": "false",
                            "health_check_grace_period": "300",
                            "health_check_type": "EC2",
                            "id": "tf-asg-20180220120512569300000007",
                            "launch_configuration": "terraform-20180220120510821800000005",
                            "load_balancers.#": "0",
                            "max_size": "2",
                            "metrics_granularity": "1Minute",
                            "min_size": "1",
                            "name": "tf-asg-20180220120512569300000007",
                            "placement_group": "",
                            "protect_from_scale_in": "false",
                            "suspended_processes.#": "0",
                            "tag.#": "1",
                            "tag.1281169800.key": "Name",
                            "tag.1281169800.propagate_at_launch": "true",
                            "tag.1281169800.value": "Bastion-ASG",
                            "target_group_arns.#": "0",
                            "termination_policies.#": "0",
                            "vpc_zone_identifier.#": "1",
                            "vpc_zone_identifier.4195283805": "subnet-0adf1f28e8d71bd21",
                            "wait_for_capacity_timeout": "10m"
                        },
                        "meta": {
                            "e2bfb730-ecaa-11e6-8f88-34363bc7c4c0": {
                                "delete": 600000000000
                            }
                        },
                        "tainted": false
                    },
                    "deposed": [],
                    "provider": "provider.aws"
                },
                "aws_autoscaling_group.Dexi-ASG": {
                    "type": "aws_autoscaling_group",
                    "depends_on": [
                        "aws_elb.Dexi-elb",
                        "aws_launch_configuration.Dexi-LG",
                        "aws_subnet.Dexi1-Subnet",
                        "aws_subnet.Dexi2-Subnet"
                    ],
                    "primary": {
                        "id": "tf-asg-20180220120621332300000003",
                        "attributes": {
                            "arn": "arn:aws:autoscaling:us-east-1:616552976502:autoScalingGroup:4bbfff9e-de25-4d07-a3be-5d100b291928:autoScalingGroupName/tf-asg-20180220120621332300000003",
                            "availability_zones.#": "2",
                            "availability_zones.1305112097": "us-east-1b",
                            "availability_zones.3569565595": "us-east-1a",
                            "default_cooldown": "300",
                            "desired_capacity": "2",
                            "force_delete": "false",
                            "health_check_grace_period": "300",
                            "health_check_type": "ELB",
                            "id": "tf-asg-20180220120621332300000003",
                            "launch_configuration": "terraform-20180220120511792800000006",
                            "load_balancers.#": "1",
                            "load_balancers.345550939": "Dexi-elb",
                            "max_size": "2",
                            "metrics_granularity": "1Minute",
                            "min_size": "2",
                            "name": "tf-asg-20180220120621332300000003",
                            "placement_group": "",
                            "protect_from_scale_in": "false",
                            "suspended_processes.#": "0",
                            "tag.#": "1",
                            "tag.1326225989.key": "Name",
                            "tag.1326225989.propagate_at_launch": "true",
                            "tag.1326225989.value": "Dexi-ASG",
                            "target_group_arns.#": "0",
                            "termination_policies.#": "0",
                            "vpc_zone_identifier.#": "2",
                            "vpc_zone_identifier.1560134124": "subnet-0d64a2430943bc1e9",
                            "vpc_zone_identifier.571268414": "subnet-013e6f6b9860474a3",
                            "wait_for_capacity_timeout": "5m"
                        },
                        "meta": {
                            "e2bfb730-ecaa-11e6-8f88-34363bc7c4c0": {
                                "delete": 600000000000
                            }
                        },
                        "tainted": false
                    },
                    "deposed": [],
                    "provider": "provider.aws"
                },
                "aws_autoscaling_group.Drools-ASG": {
                    "type": "aws_autoscaling_group",
                    "depends_on": [
                        "aws_elb.Drools-elb",
                        "aws_launch_configuration.Drools-LG",
                        "aws_subnet.Drools1-Subnet",
                        "aws_subnet.Drools2-Subnet"
                    ],
                    "primary": {
                        "id": "tf-asg-20180220120621331400000002",
                        "attributes": {
                            "arn": "arn:aws:autoscaling:us-east-1:616552976502:autoScalingGroup:8cfdfb51-9f3e-428b-bbbe-726316bf4fb2:autoScalingGroupName/tf-asg-20180220120621331400000002",
                            "availability_zones.#": "2",
                            "availability_zones.1305112097": "us-east-1b",
                            "availability_zones.3569565595": "us-east-1a",
                            "default_cooldown": "300",
                            "desired_capacity": "2",
                            "force_delete": "false",
                            "health_check_grace_period": "300",
                            "health_check_type": "ELB",
                            "id": "tf-asg-20180220120621331400000002",
                            "launch_configuration": "terraform-20180220120510589500000004",
                            "load_balancers.#": "1",
                            "load_balancers.1766827309": "Drools-elb",
                            "max_size": "2",
                            "metrics_granularity": "1Minute",
                            "min_size": "2",
                            "name": "tf-asg-20180220120621331400000002",
                            "placement_group": "",
                            "protect_from_scale_in": "false",
                            "suspended_processes.#": "0",
                            "tag.#": "1",
                            "tag.4067687528.key": "Name",
                            "tag.4067687528.propagate_at_launch": "true",
                            "tag.4067687528.value": "Drools-ASG",
                            "target_group_arns.#": "0",
                            "termination_policies.#": "0",
                            "vpc_zone_identifier.#": "2",
                            "vpc_zone_identifier.218465264": "subnet-0fb87d0a6de92f472",
                            "vpc_zone_identifier.2336564544": "subnet-0a4ba986415a08fd9",
                            "wait_for_capacity_timeout": "5m"
                        },
                        "meta": {
                            "e2bfb730-ecaa-11e6-8f88-34363bc7c4c0": {
                                "delete": 600000000000
                            }
                        },
                        "tainted": false
                    },
                    "deposed": [],
                    "provider": "provider.aws"
                },
                "aws_autoscaling_group.Drupal-ASG": {
                    "type": "aws_autoscaling_group",
                    "depends_on": [
                        "aws_elb.Drupal-elb",
                        "aws_launch_configuration.Drupal-LG",
                        "aws_subnet.Drupal1-Subnet",
                        "aws_subnet.Drupal2-Subnet"
                    ],
                    "primary": {
                        "id": "tf-asg-20180220120621330100000001",
                        "attributes": {
                            "arn": "arn:aws:autoscaling:us-east-1:616552976502:autoScalingGroup:a7ce67e5-7dc9-483f-a362-c9e75b6624ff:autoScalingGroupName/tf-asg-20180220120621330100000001",
                            "availability_zones.#": "2",
                            "availability_zones.1305112097": "us-east-1b",
                            "availability_zones.3569565595": "us-east-1a",
                            "default_cooldown": "300",
                            "desired_capacity": "2",
                            "force_delete": "false",
                            "health_check_grace_period": "300",
                            "health_check_type": "ELB",
                            "id": "tf-asg-20180220120621330100000001",
                            "launch_configuration": "terraform-20180220120510144400000003",
                            "load_balancers.#": "1",
                            "load_balancers.1267496804": "Drupal-elb",
                            "max_size": "2",
                            "metrics_granularity": "1Minute",
                            "min_size": "2",
                            "name": "tf-asg-20180220120621330100000001",
                            "placement_group": "",
                            "protect_from_scale_in": "false",
                            "suspended_processes.#": "0",
                            "tag.#": "1",
                            "tag.1981831315.key": "Name",
                            "tag.1981831315.propagate_at_launch": "true",
                            "tag.1981831315.value": "Drupal-ASG",
                            "target_group_arns.#": "0",
                            "termination_policies.#": "0",
                            "vpc_zone_identifier.#": "2",
                            "vpc_zone_identifier.2512795242": "subnet-01066fbdf4709058c",
                            "vpc_zone_identifier.65287367": "subnet-07bce796fcdcb2299",
                            "wait_for_capacity_timeout": "5m"
                        },
                        "meta": {
                            "e2bfb730-ecaa-11e6-8f88-34363bc7c4c0": {
                                "delete": 600000000000
                            }
                        },
                        "tainted": false
                    },
                    "deposed": [],
                    "provider": "provider.aws"
                },
                "aws_autoscaling_group.Guvnor-ASG": {
                    "type": "aws_autoscaling_group",
                    "depends_on": [
                        "aws_elb.Guvnor-elb",
                        "aws_launch_configuration.Guvnor-LG",
                        "aws_subnet.Guvnor1-Subnet",
                        "aws_subnet.Guvnor2-Subnet"
                    ],
                    "primary": {
                        "id": "tf-asg-20180220120621333100000004",
                        "attributes": {
                            "arn": "arn:aws:autoscaling:us-east-1:616552976502:autoScalingGroup:a58b9cff-523d-44d1-8b2e-138aa37adc92:autoScalingGroupName/tf-asg-20180220120621333100000004",
                            "availability_zones.#": "2",
                            "availability_zones.1305112097": "us-east-1b",
                            "availability_zones.3569565595": "us-east-1a",
                            "default_cooldown": "300",
                            "desired_capacity": "2",
                            "force_delete": "false",
                            "health_check_grace_period": "300",
                            "health_check_type": "ELB",
                            "id": "tf-asg-20180220120621333100000004",
                            "launch_configuration": "terraform-20180220120509464800000002",
                            "load_balancers.#": "1",
                            "load_balancers.2557348173": "Guvnor-elb",
                            "max_size": "2",
                            "metrics_granularity": "1Minute",
                            "min_size": "2",
                            "name": "tf-asg-20180220120621333100000004",
                            "placement_group": "",
                            "protect_from_scale_in": "false",
                            "suspended_processes.#": "0",
                            "tag.#": "1",
                            "tag.3822604313.key": "Name",
                            "tag.3822604313.propagate_at_launch": "true",
                            "tag.3822604313.value": "Guvnor-ASG",
                            "target_group_arns.#": "0",
                            "termination_policies.#": "0",
                            "vpc_zone_identifier.#": "2",
                            "vpc_zone_identifier.2504615827": "subnet-0394fa383e10951aa",
                            "vpc_zone_identifier.3147748221": "subnet-0c4d4adf28499289c",
                            "wait_for_capacity_timeout": "5m"
                        },
                        "meta": {
                            "e2bfb730-ecaa-11e6-8f88-34363bc7c4c0": {
                                "delete": 600000000000
                            }
                        },
                        "tainted": false
                    },
                    "deposed": [],
                    "provider": "provider.aws"
                },
                "aws_autoscaling_group.SmartSearch-ASG": {
                    "type": "aws_autoscaling_group",
                    "depends_on": [
                        "aws_elb.SmartSearch-elb",
                        "aws_launch_configuration.SmartSearch-LG",
                        "aws_subnet.SmartSearch1-Subnet",
                        "aws_subnet.SmartSearch2-Subnet"
                    ],
                    "primary": {
                        "id": "tf-asg-20180220120621333300000005",
                        "attributes": {
                            "arn": "arn:aws:autoscaling:us-east-1:616552976502:autoScalingGroup:613d693f-bb5d-456d-9b11-787ac9bcd5e4:autoScalingGroupName/tf-asg-20180220120621333300000005",
                            "availability_zones.#": "2",
                            "availability_zones.1305112097": "us-east-1b",
                            "availability_zones.3569565595": "us-east-1a",
                            "default_cooldown": "300",
                            "desired_capacity": "2",
                            "force_delete": "false",
                            "health_check_grace_period": "300",
                            "health_check_type": "ELB",
                            "id": "tf-asg-20180220120621333300000005",
                            "launch_configuration": "terraform-20180220120509434600000001",
                            "load_balancers.#": "1",
                            "load_balancers.1410124823": "SmartSearch-elb",
                            "max_size": "2",
                            "metrics_granularity": "1Minute",
                            "min_size": "2",
                            "name": "tf-asg-20180220120621333300000005",
                            "placement_group": "",
                            "protect_from_scale_in": "false",
                            "suspended_processes.#": "0",
                            "tag.#": "1",
                            "tag.803671374.key": "Name",
                            "tag.803671374.propagate_at_launch": "true",
                            "tag.803671374.value": "SmartSearch-ASG",
                            "target_group_arns.#": "0",
                            "termination_policies.#": "0",
                            "vpc_zone_identifier.#": "2",
                            "vpc_zone_identifier.1191306049": "subnet-0ad749f8b24b3d15e",
                            "vpc_zone_identifier.3499748861": "subnet-09e83d7e8be9ee6a1",
                            "wait_for_capacity_timeout": "5m"
                        },
                        "meta": {
                            "e2bfb730-ecaa-11e6-8f88-34363bc7c4c0": {
                                "delete": 600000000000
                            }
                        },
                        "tainted": false
                    },
                    "deposed": [],
                    "provider": "provider.aws"
                },
                "aws_elb.Data-elb": {
                    "type": "aws_elb",
                    "depends_on": [
                        "aws_security_group.Data-instanceSG",
                        "aws_subnet.Data1-Subnet",
                        "aws_subnet.Data2-Subnet"
                    ],
                    "primary": {
                        "id": "Data-elb",
                        "attributes": {
                            "access_logs.#": "0",
                            "arn": "arn:aws:elasticloadbalancing:us-east-1:616552976502:loadbalancer/Data-elb",
                            "availability_zones.#": "2",
                            "availability_zones.1305112097": "us-east-1b",
                            "availability_zones.3569565595": "us-east-1a",
                            "connection_draining": "false",
                            "connection_draining_timeout": "300",
                            "cross_zone_load_balancing": "true",
                            "dns_name": "Data-elb-922080570.us-east-1.elb.amazonaws.com",
                            "health_check.#": "1",
                            "health_check.0.healthy_threshold": "5",
                            "health_check.0.interval": "30",
                            "health_check.0.target": "TCP:22",
                            "health_check.0.timeout": "3",
                            "health_check.0.unhealthy_threshold": "5",
                            "id": "Data-elb",
                            "idle_timeout": "60",
                            "instances.#": "0",
                            "internal": "false",
                            "listener.#": "1",
                            "listener.829854800.instance_port": "22",
                            "listener.829854800.instance_protocol": "tcp",
                            "listener.829854800.lb_port": "22",
                            "listener.829854800.lb_protocol": "tcp",
                            "listener.829854800.ssl_certificate_id": "",
                            "name": "Data-elb",
                            "security_groups.#": "1",
                            "security_groups.3846022329": "sg-0ad3422e3ad736097",
                            "source_security_group": "616552976502/Data-SG",
                            "source_security_group_id": "sg-0ad3422e3ad736097",
                            "subnets.#": "2",
                            "subnets.308114236": "subnet-02cd2fceb37c46fa2",
                            "subnets.3247331849": "subnet-05fd3f432f425c2db",
                            "tags.%": "0",
                            "zone_id": "Z35SXDOTRQ7X7K"
                        },
                        "meta": {},
                        "tainted": false
                    },
                    "deposed": [],
                    "provider": "provider.aws"
                },
                "aws_elb.Dexi-elb": {
                    "type": "aws_elb",
                    "depends_on": [
                        "aws_security_group.Dexi-instanceSG",
                        "aws_subnet.Dexi1-Subnet",
                        "aws_subnet.Dexi2-Subnet"
                    ],
                    "primary": {
                        "id": "Dexi-elb",
                        "attributes": {
                            "access_logs.#": "0",
                            "arn": "arn:aws:elasticloadbalancing:us-east-1:616552976502:loadbalancer/Dexi-elb",
                            "availability_zones.#": "2",
                            "availability_zones.1305112097": "us-east-1b",
                            "availability_zones.3569565595": "us-east-1a",
                            "connection_draining": "false",
                            "connection_draining_timeout": "300",
                            "cross_zone_load_balancing": "true",
                            "dns_name": "Dexi-elb-1852765763.us-east-1.elb.amazonaws.com",
                            "health_check.#": "1",
                            "health_check.0.healthy_threshold": "5",
                            "health_check.0.interval": "30",
                            "health_check.0.target": "TCP:22",
                            "health_check.0.timeout": "3",
                            "health_check.0.unhealthy_threshold": "5",
                            "id": "Dexi-elb",
                            "idle_timeout": "60",
                            "instances.#": "0",
                            "internal": "false",
                            "listener.#": "1",
                            "listener.829854800.instance_port": "22",
                            "listener.829854800.instance_protocol": "tcp",
                            "listener.829854800.lb_port": "22",
                            "listener.829854800.lb_protocol": "tcp",
                            "listener.829854800.ssl_certificate_id": "",
                            "name": "Dexi-elb",
                            "security_groups.#": "1",
                            "security_groups.960803862": "sg-091ab1c441bd65c08",
                            "source_security_group": "616552976502/Dexi-SG",
                            "source_security_group_id": "sg-091ab1c441bd65c08",
                            "subnets.#": "2",
                            "subnets.1560134124": "subnet-0d64a2430943bc1e9",
                            "subnets.571268414": "subnet-013e6f6b9860474a3",
                            "tags.%": "0",
                            "zone_id": "Z35SXDOTRQ7X7K"
                        },
                        "meta": {},
                        "tainted": false
                    },
                    "deposed": [],
                    "provider": "provider.aws"
                },
                "aws_elb.Drools-elb": {
                    "type": "aws_elb",
                    "depends_on": [
                        "aws_security_group.Drools-instanceSG",
                        "aws_subnet.Drools1-Subnet",
                        "aws_subnet.Drools2-Subnet"
                    ],
                    "primary": {
                        "id": "Drools-elb",
                        "attributes": {
                            "access_logs.#": "0",
                            "arn": "arn:aws:elasticloadbalancing:us-east-1:616552976502:loadbalancer/Drools-elb",
                            "availability_zones.#": "2",
                            "availability_zones.1305112097": "us-east-1b",
                            "availability_zones.3569565595": "us-east-1a",
                            "connection_draining": "false",
                            "connection_draining_timeout": "300",
                            "cross_zone_load_balancing": "true",
                            "dns_name": "Drools-elb-411102406.us-east-1.elb.amazonaws.com",
                            "health_check.#": "1",
                            "health_check.0.healthy_threshold": "5",
                            "health_check.0.interval": "30",
                            "health_check.0.target": "TCP:22",
                            "health_check.0.timeout": "3",
                            "health_check.0.unhealthy_threshold": "5",
                            "id": "Drools-elb",
                            "idle_timeout": "60",
                            "instances.#": "0",
                            "internal": "false",
                            "listener.#": "1",
                            "listener.829854800.instance_port": "22",
                            "listener.829854800.instance_protocol": "tcp",
                            "listener.829854800.lb_port": "22",
                            "listener.829854800.lb_protocol": "tcp",
                            "listener.829854800.ssl_certificate_id": "",
                            "name": "Drools-elb",
                            "security_groups.#": "1",
                            "security_groups.288676815": "sg-0c60f847ace837225",
                            "source_security_group": "616552976502/Drools-SG",
                            "source_security_group_id": "sg-0c60f847ace837225",
                            "subnets.#": "2",
                            "subnets.218465264": "subnet-0fb87d0a6de92f472",
                            "subnets.2336564544": "subnet-0a4ba986415a08fd9",
                            "tags.%": "0",
                            "zone_id": "Z35SXDOTRQ7X7K"
                        },
                        "meta": {},
                        "tainted": false
                    },
                    "deposed": [],
                    "provider": "provider.aws"
                },
                "aws_elb.Drupal-elb": {
                    "type": "aws_elb",
                    "depends_on": [
                        "aws_security_group.Drupal-instanceSG",
                        "aws_subnet.Drupal1-Subnet",
                        "aws_subnet.Drupal2-Subnet"
                    ],
                    "primary": {
                        "id": "Drupal-elb",
                        "attributes": {
                            "access_logs.#": "0",
                            "arn": "arn:aws:elasticloadbalancing:us-east-1:616552976502:loadbalancer/Drupal-elb",
                            "availability_zones.#": "2",
                            "availability_zones.1305112097": "us-east-1b",
                            "availability_zones.3569565595": "us-east-1a",
                            "connection_draining": "false",
                            "connection_draining_timeout": "300",
                            "cross_zone_load_balancing": "true",
                            "dns_name": "Drupal-elb-43408456.us-east-1.elb.amazonaws.com",
                            "health_check.#": "1",
                            "health_check.0.healthy_threshold": "5",
                            "health_check.0.interval": "30",
                            "health_check.0.target": "TCP:22",
                            "health_check.0.timeout": "3",
                            "health_check.0.unhealthy_threshold": "5",
                            "id": "Drupal-elb",
                            "idle_timeout": "60",
                            "instances.#": "0",
                            "internal": "false",
                            "listener.#": "1",
                            "listener.829854800.instance_port": "22",
                            "listener.829854800.instance_protocol": "tcp",
                            "listener.829854800.lb_port": "22",
                            "listener.829854800.lb_protocol": "tcp",
                            "listener.829854800.ssl_certificate_id": "",
                            "name": "Drupal-elb",
                            "security_groups.#": "1",
                            "security_groups.269335592": "sg-0b25d969b5d073980",
                            "source_security_group": "616552976502/Drupal-SG",
                            "source_security_group_id": "sg-0b25d969b5d073980",
                            "subnets.#": "2",
                            "subnets.2512795242": "subnet-01066fbdf4709058c",
                            "subnets.65287367": "subnet-07bce796fcdcb2299",
                            "tags.%": "0",
                            "zone_id": "Z35SXDOTRQ7X7K"
                        },
                        "meta": {},
                        "tainted": false
                    },
                    "deposed": [],
                    "provider": "provider.aws"
                },
                "aws_elb.Guvnor-elb": {
                    "type": "aws_elb",
                    "depends_on": [
                        "aws_security_group.Guvnor-instanceSG",
                        "aws_subnet.Guvnor1-Subnet",
                        "aws_subnet.Guvnor2-Subnet"
                    ],
                    "primary": {
                        "id": "Guvnor-elb",
                        "attributes": {
                            "access_logs.#": "0",
                            "arn": "arn:aws:elasticloadbalancing:us-east-1:616552976502:loadbalancer/Guvnor-elb",
                            "availability_zones.#": "2",
                            "availability_zones.1305112097": "us-east-1b",
                            "availability_zones.3569565595": "us-east-1a",
                            "connection_draining": "false",
                            "connection_draining_timeout": "300",
                            "cross_zone_load_balancing": "true",
                            "dns_name": "Guvnor-elb-1764254424.us-east-1.elb.amazonaws.com",
                            "health_check.#": "1",
                            "health_check.0.healthy_threshold": "5",
                            "health_check.0.interval": "30",
                            "health_check.0.target": "TCP:22",
                            "health_check.0.timeout": "3",
                            "health_check.0.unhealthy_threshold": "5",
                            "id": "Guvnor-elb",
                            "idle_timeout": "60",
                            "instances.#": "0",
                            "internal": "false",
                            "listener.#": "1",
                            "listener.829854800.instance_port": "22",
                            "listener.829854800.instance_protocol": "tcp",
                            "listener.829854800.lb_port": "22",
                            "listener.829854800.lb_protocol": "tcp",
                            "listener.829854800.ssl_certificate_id": "",
                            "name": "Guvnor-elb",
                            "security_groups.#": "1",
                            "security_groups.122103827": "sg-062af29ded1bf7e5d",
                            "source_security_group": "616552976502/Guvnor-SG",
                            "source_security_group_id": "sg-062af29ded1bf7e5d",
                            "subnets.#": "2",
                            "subnets.2504615827": "subnet-0394fa383e10951aa",
                            "subnets.3147748221": "subnet-0c4d4adf28499289c",
                            "tags.%": "0",
                            "zone_id": "Z35SXDOTRQ7X7K"
                        },
                        "meta": {},
                        "tainted": false
                    },
                    "deposed": [],
                    "provider": "provider.aws"
                },
                "aws_elb.SmartSearch-elb": {
                    "type": "aws_elb",
                    "depends_on": [
                        "aws_security_group.SmartSearch-instanceSG",
                        "aws_subnet.SmartSearch1-Subnet",
                        "aws_subnet.SmartSearch2-Subnet"
                    ],
                    "primary": {
                        "id": "SmartSearch-elb",
                        "attributes": {
                            "access_logs.#": "0",
                            "arn": "arn:aws:elasticloadbalancing:us-east-1:616552976502:loadbalancer/SmartSearch-elb",
                            "availability_zones.#": "2",
                            "availability_zones.1305112097": "us-east-1b",
                            "availability_zones.3569565595": "us-east-1a",
                            "connection_draining": "false",
                            "connection_draining_timeout": "300",
                            "cross_zone_load_balancing": "true",
                            "dns_name": "SmartSearch-elb-1840359579.us-east-1.elb.amazonaws.com",
                            "health_check.#": "1",
                            "health_check.0.healthy_threshold": "5",
                            "health_check.0.interval": "30",
                            "health_check.0.target": "TCP:22",
                            "health_check.0.timeout": "3",
                            "health_check.0.unhealthy_threshold": "5",
                            "id": "SmartSearch-elb",
                            "idle_timeout": "60",
                            "instances.#": "0",
                            "internal": "false",
                            "listener.#": "1",
                            "listener.829854800.instance_port": "22",
                            "listener.829854800.instance_protocol": "tcp",
                            "listener.829854800.lb_port": "22",
                            "listener.829854800.lb_protocol": "tcp",
                            "listener.829854800.ssl_certificate_id": "",
                            "name": "SmartSearch-elb",
                            "security_groups.#": "1",
                            "security_groups.1096283205": "sg-006b110ddffc70404",
                            "source_security_group": "616552976502/SmartSearch-SG",
                            "source_security_group_id": "sg-006b110ddffc70404",
                            "subnets.#": "2",
                            "subnets.1191306049": "subnet-0ad749f8b24b3d15e",
                            "subnets.3499748861": "subnet-09e83d7e8be9ee6a1",
                            "tags.%": "0",
                            "zone_id": "Z35SXDOTRQ7X7K"
                        },
                        "meta": {},
                        "tainted": false
                    },
                    "deposed": [],
                    "provider": "provider.aws"
                },
                "aws_instance.NAT": {
                    "type": "aws_instance",
                    "depends_on": [
                        "aws_security_group.NAT-instanceSG",
                        "aws_subnet.NAT-Subnet"
                    ],
                    "primary": {
                        "id": "i-03811567aa3c8fa89",
                        "attributes": {
                            "ami": "ami-7f3d3705",
                            "associate_public_ip_address": "true",
                            "availability_zone": "us-east-1a",
                            "disable_api_termination": "false",
                            "ebs_block_device.#": "0",
                            "ebs_optimized": "false",
                            "ephemeral_block_device.#": "0",
                            "iam_instance_profile": "",
                            "id": "i-03811567aa3c8fa89",
                            "instance_state": "running",
                            "instance_type": "t2.micro",
                            "ipv6_addresses.#": "0",
                            "key_name": "DAIP-BastionHost",
                            "monitoring": "false",
                            "network_interface.#": "0",
                            "network_interface_id": "eni-0581ff33e58a5e593",
                            "placement_group": "",
                            "primary_network_interface_id": "eni-0581ff33e58a5e593",
                            "private_dns": "ip-10-0-10-197.ec2.internal",
                            "private_ip": "10.0.10.197",
                            "public_dns": "",
                            "public_ip": "54.159.158.126",
                            "root_block_device.#": "1",
                            "root_block_device.0.delete_on_termination": "true",
                            "root_block_device.0.iops": "100",
                            "root_block_device.0.volume_id": "vol-023b405af87b3a21e",
                            "root_block_device.0.volume_size": "8",
                            "root_block_device.0.volume_type": "gp2",
                            "security_groups.#": "0",
                            "source_dest_check": "false",
                            "subnet_id": "subnet-036c680bb37726da0",
                            "tags.%": "1",
                            "tags.Name": "DAIP-NAT",
                            "tenancy": "default",
                            "volume_tags.%": "0",
                            "vpc_security_group_ids.#": "1",
                            "vpc_security_group_ids.2112832412": "sg-0c6a3a28b8a720ede"
                        },
                        "meta": {
                            "e2bfb730-ecaa-11e6-8f88-34363bc7c4c0": {
                                "create": 600000000000,
                                "delete": 600000000000,
                                "update": 600000000000
                            },
                            "schema_version": "1"
                        },
                        "tainted": false
                    },
                    "deposed": [],
                    "provider": "provider.aws"
                },
                "aws_internet_gateway.gw": {
                    "type": "aws_internet_gateway",
                    "depends_on": [
                        "aws_vpc.DAIP-VPC"
                    ],
                    "primary": {
                        "id": "igw-04fdcdf177460f354",
                        "attributes": {
                            "id": "igw-04fdcdf177460f354",
                            "tags.%": "1",
                            "tags.Name": "DAIP-IGW",
                            "vpc_id": "vpc-0231013dbc6fa4240"
                        },
                        "meta": {},
                        "tainted": false
                    },
                    "deposed": [],
                    "provider": "provider.aws"
                },
                "aws_launch_configuration.Bastion-LG": {
                    "type": "aws_launch_configuration",
                    "depends_on": [
                        "aws_security_group.Bastion-instanceSG"
                    ],
                    "primary": {
                        "id": "terraform-20180220120510821800000005",
                        "attributes": {
                            "associate_public_ip_address": "false",
                            "ebs_block_device.#": "2",
                            "ebs_block_device.1631469128.delete_on_termination": "true",
                            "ebs_block_device.1631469128.device_name": "/dev/xvdb",
                            "ebs_block_device.1631469128.encrypted": "false",
                            "ebs_block_device.1631469128.iops": "0",
                            "ebs_block_device.1631469128.snapshot_id": "",
                            "ebs_block_device.1631469128.volume_size": "8",
                            "ebs_block_device.1631469128.volume_type": "gp2",
                            "ebs_block_device.3993703389.delete_on_termination": "true",
                            "ebs_block_device.3993703389.device_name": "/dev/xvdc",
                            "ebs_block_device.3993703389.encrypted": "false",
                            "ebs_block_device.3993703389.iops": "0",
                            "ebs_block_device.3993703389.snapshot_id": "",
                            "ebs_block_device.3993703389.volume_size": "8",
                            "ebs_block_device.3993703389.volume_type": "gp2",
                            "ebs_optimized": "false",
                            "enable_monitoring": "true",
                            "ephemeral_block_device.#": "0",
                            "iam_instance_profile": "",
                            "id": "terraform-20180220120510821800000005",
                            "image_id": "ami-0e6fe11788e828ecc",
                            "instance_type": "t2.micro",
                            "key_name": "DAIP-BastionHost",
                            "name": "terraform-20180220120510821800000005",
                            "root_block_device.#": "0",
                            "security_groups.#": "1",
                            "security_groups.908584516": "sg-06795be259761b841",
                            "spot_price": "",
                            "vpc_classic_link_id": "",
                            "vpc_classic_link_security_groups.#": "0"
                        },
                        "meta": {},
                        "tainted": false
                    },
                    "deposed": [],
                    "provider": "provider.aws"
                },
                "aws_launch_configuration.Dexi-LG": {
                    "type": "aws_launch_configuration",
                    "depends_on": [
                        "aws_security_group.Dexi-instanceSG"
                    ],
                    "primary": {
                        "id": "terraform-20180220120511792800000006",
                        "attributes": {
                            "associate_public_ip_address": "false",
                            "ebs_block_device.#": "2",
                            "ebs_block_device.1631469128.delete_on_termination": "true",
                            "ebs_block_device.1631469128.device_name": "/dev/xvdb",
                            "ebs_block_device.1631469128.encrypted": "false",
                            "ebs_block_device.1631469128.iops": "0",
                            "ebs_block_device.1631469128.snapshot_id": "",
                            "ebs_block_device.1631469128.volume_size": "8",
                            "ebs_block_device.1631469128.volume_type": "gp2",
                            "ebs_block_device.3993703389.delete_on_termination": "true",
                            "ebs_block_device.3993703389.device_name": "/dev/xvdc",
                            "ebs_block_device.3993703389.encrypted": "false",
                            "ebs_block_device.3993703389.iops": "0",
                            "ebs_block_device.3993703389.snapshot_id": "",
                            "ebs_block_device.3993703389.volume_size": "8",
                            "ebs_block_device.3993703389.volume_type": "gp2",
                            "ebs_optimized": "false",
                            "enable_monitoring": "true",
                            "ephemeral_block_device.#": "0",
                            "iam_instance_profile": "",
                            "id": "terraform-20180220120511792800000006",
                            "image_id": "ami-0d6bf15c7bbd6fc12",
                            "instance_type": "t2.micro",
                            "key_name": "DAIP-BastionHost",
                            "name": "terraform-20180220120511792800000006",
                            "root_block_device.#": "0",
                            "security_groups.#": "1",
                            "security_groups.960803862": "sg-091ab1c441bd65c08",
                            "spot_price": "",
                            "vpc_classic_link_id": "",
                            "vpc_classic_link_security_groups.#": "0"
                        },
                        "meta": {},
                        "tainted": false
                    },
                    "deposed": [],
                    "provider": "provider.aws"
                },
                "aws_launch_configuration.Drools-LG": {
                    "type": "aws_launch_configuration",
                    "depends_on": [
                        "aws_security_group.Drools-instanceSG"
                    ],
                    "primary": {
                        "id": "terraform-20180220120510589500000004",
                        "attributes": {
                            "associate_public_ip_address": "false",
                            "ebs_block_device.#": "2",
                            "ebs_block_device.1631469128.delete_on_termination": "true",
                            "ebs_block_device.1631469128.device_name": "/dev/xvdb",
                            "ebs_block_device.1631469128.encrypted": "false",
                            "ebs_block_device.1631469128.iops": "0",
                            "ebs_block_device.1631469128.snapshot_id": "",
                            "ebs_block_device.1631469128.volume_size": "8",
                            "ebs_block_device.1631469128.volume_type": "gp2",
                            "ebs_block_device.3993703389.delete_on_termination": "true",
                            "ebs_block_device.3993703389.device_name": "/dev/xvdc",
                            "ebs_block_device.3993703389.encrypted": "false",
                            "ebs_block_device.3993703389.iops": "0",
                            "ebs_block_device.3993703389.snapshot_id": "",
                            "ebs_block_device.3993703389.volume_size": "8",
                            "ebs_block_device.3993703389.volume_type": "gp2",
                            "ebs_optimized": "false",
                            "enable_monitoring": "true",
                            "ephemeral_block_device.#": "0",
                            "iam_instance_profile": "",
                            "id": "terraform-20180220120510589500000004",
                            "image_id": "ami-0d6bf15c7bbd6fc12",
                            "instance_type": "t2.micro",
                            "key_name": "DAIP-BastionHost",
                            "name": "terraform-20180220120510589500000004",
                            "root_block_device.#": "0",
                            "security_groups.#": "1",
                            "security_groups.288676815": "sg-0c60f847ace837225",
                            "spot_price": "",
                            "vpc_classic_link_id": "",
                            "vpc_classic_link_security_groups.#": "0"
                        },
                        "meta": {},
                        "tainted": false
                    },
                    "deposed": [],
                    "provider": "provider.aws"
                },
                "aws_launch_configuration.Drupal-LG": {
                    "type": "aws_launch_configuration",
                    "depends_on": [
                        "aws_security_group.Drupal-instanceSG"
                    ],
                    "primary": {
                        "id": "terraform-20180220120510144400000003",
                        "attributes": {
                            "associate_public_ip_address": "false",
                            "ebs_block_device.#": "2",
                            "ebs_block_device.1631469128.delete_on_termination": "true",
                            "ebs_block_device.1631469128.device_name": "/dev/xvdb",
                            "ebs_block_device.1631469128.encrypted": "false",
                            "ebs_block_device.1631469128.iops": "0",
                            "ebs_block_device.1631469128.snapshot_id": "",
                            "ebs_block_device.1631469128.volume_size": "8",
                            "ebs_block_device.1631469128.volume_type": "gp2",
                            "ebs_block_device.3993703389.delete_on_termination": "true",
                            "ebs_block_device.3993703389.device_name": "/dev/xvdc",
                            "ebs_block_device.3993703389.encrypted": "false",
                            "ebs_block_device.3993703389.iops": "0",
                            "ebs_block_device.3993703389.snapshot_id": "",
                            "ebs_block_device.3993703389.volume_size": "8",
                            "ebs_block_device.3993703389.volume_type": "gp2",
                            "ebs_optimized": "false",
                            "enable_monitoring": "true",
                            "ephemeral_block_device.#": "0",
                            "iam_instance_profile": "",
                            "id": "terraform-20180220120510144400000003",
                            "image_id": "ami-0d6bf15c7bbd6fc12",
                            "instance_type": "t2.micro",
                            "key_name": "DAIP-BastionHost",
                            "name": "terraform-20180220120510144400000003",
                            "root_block_device.#": "0",
                            "security_groups.#": "1",
                            "security_groups.269335592": "sg-0b25d969b5d073980",
                            "spot_price": "",
                            "vpc_classic_link_id": "",
                            "vpc_classic_link_security_groups.#": "0"
                        },
                        "meta": {},
                        "tainted": false
                    },
                    "deposed": [],
                    "provider": "provider.aws"
                },
                "aws_launch_configuration.Guvnor-LG": {
                    "type": "aws_launch_configuration",
                    "depends_on": [
                        "aws_security_group.Guvnor-instanceSG"
                    ],
                    "primary": {
                        "id": "terraform-20180220120509464800000002",
                        "attributes": {
                            "associate_public_ip_address": "false",
                            "ebs_block_device.#": "2",
                            "ebs_block_device.1631469128.delete_on_termination": "true",
                            "ebs_block_device.1631469128.device_name": "/dev/xvdb",
                            "ebs_block_device.1631469128.encrypted": "false",
                            "ebs_block_device.1631469128.iops": "0",
                            "ebs_block_device.1631469128.snapshot_id": "",
                            "ebs_block_device.1631469128.volume_size": "8",
                            "ebs_block_device.1631469128.volume_type": "gp2",
                            "ebs_block_device.3993703389.delete_on_termination": "true",
                            "ebs_block_device.3993703389.device_name": "/dev/xvdc",
                            "ebs_block_device.3993703389.encrypted": "false",
                            "ebs_block_device.3993703389.iops": "0",
                            "ebs_block_device.3993703389.snapshot_id": "",
                            "ebs_block_device.3993703389.volume_size": "8",
                            "ebs_block_device.3993703389.volume_type": "gp2",
                            "ebs_optimized": "false",
                            "enable_monitoring": "true",
                            "ephemeral_block_device.#": "0",
                            "iam_instance_profile": "",
                            "id": "terraform-20180220120509464800000002",
                            "image_id": "ami-0d6bf15c7bbd6fc12",
                            "instance_type": "t2.micro",
                            "key_name": "DAIP-BastionHost",
                            "name": "terraform-20180220120509464800000002",
                            "root_block_device.#": "0",
                            "security_groups.#": "1",
                            "security_groups.122103827": "sg-062af29ded1bf7e5d",
                            "spot_price": "",
                            "vpc_classic_link_id": "",
                            "vpc_classic_link_security_groups.#": "0"
                        },
                        "meta": {},
                        "tainted": false
                    },
                    "deposed": [],
                    "provider": "provider.aws"
                },
                "aws_launch_configuration.SmartSearch-LG": {
                    "type": "aws_launch_configuration",
                    "depends_on": [
                        "aws_security_group.SmartSearch-instanceSG"
                    ],
                    "primary": {
                        "id": "terraform-20180220120509434600000001",
                        "attributes": {
                            "associate_public_ip_address": "false",
                            "ebs_block_device.#": "2",
                            "ebs_block_device.1631469128.delete_on_termination": "true",
                            "ebs_block_device.1631469128.device_name": "/dev/xvdb",
                            "ebs_block_device.1631469128.encrypted": "false",
                            "ebs_block_device.1631469128.iops": "0",
                            "ebs_block_device.1631469128.snapshot_id": "",
                            "ebs_block_device.1631469128.volume_size": "8",
                            "ebs_block_device.1631469128.volume_type": "gp2",
                            "ebs_block_device.3993703389.delete_on_termination": "true",
                            "ebs_block_device.3993703389.device_name": "/dev/xvdc",
                            "ebs_block_device.3993703389.encrypted": "false",
                            "ebs_block_device.3993703389.iops": "0",
                            "ebs_block_device.3993703389.snapshot_id": "",
                            "ebs_block_device.3993703389.volume_size": "8",
                            "ebs_block_device.3993703389.volume_type": "gp2",
                            "ebs_optimized": "false",
                            "enable_monitoring": "true",
                            "ephemeral_block_device.#": "0",
                            "iam_instance_profile": "",
                            "id": "terraform-20180220120509434600000001",
                            "image_id": "ami-0d6bf15c7bbd6fc12",
                            "instance_type": "t2.micro",
                            "key_name": "DAIP-BastionHost",
                            "name": "terraform-20180220120509434600000001",
                            "root_block_device.#": "0",
                            "security_groups.#": "1",
                            "security_groups.1096283205": "sg-006b110ddffc70404",
                            "spot_price": "",
                            "vpc_classic_link_id": "",
                            "vpc_classic_link_security_groups.#": "0"
                        },
                        "meta": {},
                        "tainted": false
                    },
                    "deposed": [],
                    "provider": "provider.aws"
                },
                "aws_route_table.Bastion1-RTB": {
                    "type": "aws_route_table",
                    "depends_on": [
                        "aws_internet_gateway.gw",
                        "aws_vpc.DAIP-VPC"
                    ],
                    "primary": {
                        "id": "rtb-00d07bab61965b987",
                        "attributes": {
                            "id": "rtb-00d07bab61965b987",
                            "propagating_vgws.#": "0",
                            "route.#": "1",
                            "route.924663532.cidr_block": "0.0.0.0/0",
                            "route.924663532.egress_only_gateway_id": "",
                            "route.924663532.gateway_id": "igw-04fdcdf177460f354",
                            "route.924663532.instance_id": "",
                            "route.924663532.ipv6_cidr_block": "",
                            "route.924663532.nat_gateway_id": "",
                            "route.924663532.network_interface_id": "",
                            "route.924663532.vpc_peering_connection_id": "",
                            "tags.%": "0",
                            "vpc_id": "vpc-0231013dbc6fa4240"
                        },
                        "meta": {},
                        "tainted": false
                    },
                    "deposed": [],
                    "provider": "provider.aws"
                },
                "aws_route_table.Data1-RTB": {
                    "type": "aws_route_table",
                    "depends_on": [
                        "aws_internet_gateway.gw",
                        "aws_vpc.DAIP-VPC"
                    ],
                    "primary": {
                        "id": "rtb-0aec50be6b1d95f50",
                        "attributes": {
                            "id": "rtb-0aec50be6b1d95f50",
                            "propagating_vgws.#": "0",
                            "route.#": "1",
                            "route.924663532.cidr_block": "0.0.0.0/0",
                            "route.924663532.egress_only_gateway_id": "",
                            "route.924663532.gateway_id": "igw-04fdcdf177460f354",
                            "route.924663532.instance_id": "",
                            "route.924663532.ipv6_cidr_block": "",
                            "route.924663532.nat_gateway_id": "",
                            "route.924663532.network_interface_id": "",
                            "route.924663532.vpc_peering_connection_id": "",
                            "tags.%": "0",
                            "vpc_id": "vpc-0231013dbc6fa4240"
                        },
                        "meta": {},
                        "tainted": false
                    },
                    "deposed": [],
                    "provider": "provider.aws"
                },
                "aws_route_table.Data2-RTB": {
                    "type": "aws_route_table",
                    "depends_on": [
                        "aws_internet_gateway.gw",
                        "aws_vpc.DAIP-VPC"
                    ],
                    "primary": {
                        "id": "rtb-0a1afdd58915179ca",
                        "attributes": {
                            "id": "rtb-0a1afdd58915179ca",
                            "propagating_vgws.#": "0",
                            "route.#": "1",
                            "route.924663532.cidr_block": "0.0.0.0/0",
                            "route.924663532.egress_only_gateway_id": "",
                            "route.924663532.gateway_id": "igw-04fdcdf177460f354",
                            "route.924663532.instance_id": "",
                            "route.924663532.ipv6_cidr_block": "",
                            "route.924663532.nat_gateway_id": "",
                            "route.924663532.network_interface_id": "",
                            "route.924663532.vpc_peering_connection_id": "",
                            "tags.%": "0",
                            "vpc_id": "vpc-0231013dbc6fa4240"
                        },
                        "meta": {},
                        "tainted": false
                    },
                    "deposed": [],
                    "provider": "provider.aws"
                },
                "aws_route_table.Dexi1-RTB": {
                    "type": "aws_route_table",
                    "depends_on": [
                        "aws_internet_gateway.gw",
                        "aws_vpc.DAIP-VPC"
                    ],
                    "primary": {
                        "id": "rtb-0103e5e435ead3963",
                        "attributes": {
                            "id": "rtb-0103e5e435ead3963",
                            "propagating_vgws.#": "0",
                            "route.#": "1",
                            "route.924663532.cidr_block": "0.0.0.0/0",
                            "route.924663532.egress_only_gateway_id": "",
                            "route.924663532.gateway_id": "igw-04fdcdf177460f354",
                            "route.924663532.instance_id": "",
                            "route.924663532.ipv6_cidr_block": "",
                            "route.924663532.nat_gateway_id": "",
                            "route.924663532.network_interface_id": "",
                            "route.924663532.vpc_peering_connection_id": "",
                            "tags.%": "0",
                            "vpc_id": "vpc-0231013dbc6fa4240"
                        },
                        "meta": {},
                        "tainted": false
                    },
                    "deposed": [],
                    "provider": "provider.aws"
                },
                "aws_route_table.Dexi2-RTB": {
                    "type": "aws_route_table",
                    "depends_on": [
                        "aws_internet_gateway.gw",
                        "aws_vpc.DAIP-VPC"
                    ],
                    "primary": {
                        "id": "rtb-001e4d49147ddb649",
                        "attributes": {
                            "id": "rtb-001e4d49147ddb649",
                            "propagating_vgws.#": "0",
                            "route.#": "1",
                            "route.924663532.cidr_block": "0.0.0.0/0",
                            "route.924663532.egress_only_gateway_id": "",
                            "route.924663532.gateway_id": "igw-04fdcdf177460f354",
                            "route.924663532.instance_id": "",
                            "route.924663532.ipv6_cidr_block": "",
                            "route.924663532.nat_gateway_id": "",
                            "route.924663532.network_interface_id": "",
                            "route.924663532.vpc_peering_connection_id": "",
                            "tags.%": "0",
                            "vpc_id": "vpc-0231013dbc6fa4240"
                        },
                        "meta": {},
                        "tainted": false
                    },
                    "deposed": [],
                    "provider": "provider.aws"
                },
                "aws_route_table.Drools1-RTB": {
                    "type": "aws_route_table",
                    "depends_on": [
                        "aws_internet_gateway.gw",
                        "aws_vpc.DAIP-VPC"
                    ],
                    "primary": {
                        "id": "rtb-051128ebb91c529e8",
                        "attributes": {
                            "id": "rtb-051128ebb91c529e8",
                            "propagating_vgws.#": "0",
                            "route.#": "1",
                            "route.924663532.cidr_block": "0.0.0.0/0",
                            "route.924663532.egress_only_gateway_id": "",
                            "route.924663532.gateway_id": "igw-04fdcdf177460f354",
                            "route.924663532.instance_id": "",
                            "route.924663532.ipv6_cidr_block": "",
                            "route.924663532.nat_gateway_id": "",
                            "route.924663532.network_interface_id": "",
                            "route.924663532.vpc_peering_connection_id": "",
                            "tags.%": "0",
                            "vpc_id": "vpc-0231013dbc6fa4240"
                        },
                        "meta": {},
                        "tainted": false
                    },
                    "deposed": [],
                    "provider": "provider.aws"
                },
                "aws_route_table.Drools2-RTB": {
                    "type": "aws_route_table",
                    "depends_on": [
                        "aws_internet_gateway.gw",
                        "aws_vpc.DAIP-VPC"
                    ],
                    "primary": {
                        "id": "rtb-075636218b359cdbb",
                        "attributes": {
                            "id": "rtb-075636218b359cdbb",
                            "propagating_vgws.#": "0",
                            "route.#": "1",
                            "route.924663532.cidr_block": "0.0.0.0/0",
                            "route.924663532.egress_only_gateway_id": "",
                            "route.924663532.gateway_id": "igw-04fdcdf177460f354",
                            "route.924663532.instance_id": "",
                            "route.924663532.ipv6_cidr_block": "",
                            "route.924663532.nat_gateway_id": "",
                            "route.924663532.network_interface_id": "",
                            "route.924663532.vpc_peering_connection_id": "",
                            "tags.%": "0",
                            "vpc_id": "vpc-0231013dbc6fa4240"
                        },
                        "meta": {},
                        "tainted": false
                    },
                    "deposed": [],
                    "provider": "provider.aws"
                },
                "aws_route_table.Drupal1-RTB": {
                    "type": "aws_route_table",
                    "depends_on": [
                        "aws_internet_gateway.gw",
                        "aws_vpc.DAIP-VPC"
                    ],
                    "primary": {
                        "id": "rtb-0afa7e6ba5e514142",
                        "attributes": {
                            "id": "rtb-0afa7e6ba5e514142",
                            "propagating_vgws.#": "0",
                            "route.#": "1",
                            "route.924663532.cidr_block": "0.0.0.0/0",
                            "route.924663532.egress_only_gateway_id": "",
                            "route.924663532.gateway_id": "igw-04fdcdf177460f354",
                            "route.924663532.instance_id": "",
                            "route.924663532.ipv6_cidr_block": "",
                            "route.924663532.nat_gateway_id": "",
                            "route.924663532.network_interface_id": "",
                            "route.924663532.vpc_peering_connection_id": "",
                            "tags.%": "0",
                            "vpc_id": "vpc-0231013dbc6fa4240"
                        },
                        "meta": {},
                        "tainted": false
                    },
                    "deposed": [],
                    "provider": "provider.aws"
                },
                "aws_route_table.Drupal2-RTB": {
                    "type": "aws_route_table",
                    "depends_on": [
                        "aws_internet_gateway.gw",
                        "aws_vpc.DAIP-VPC"
                    ],
                    "primary": {
                        "id": "rtb-0812fcc18ede1976f",
                        "attributes": {
                            "id": "rtb-0812fcc18ede1976f",
                            "propagating_vgws.#": "0",
                            "route.#": "1",
                            "route.924663532.cidr_block": "0.0.0.0/0",
                            "route.924663532.egress_only_gateway_id": "",
                            "route.924663532.gateway_id": "igw-04fdcdf177460f354",
                            "route.924663532.instance_id": "",
                            "route.924663532.ipv6_cidr_block": "",
                            "route.924663532.nat_gateway_id": "",
                            "route.924663532.network_interface_id": "",
                            "route.924663532.vpc_peering_connection_id": "",
                            "tags.%": "0",
                            "vpc_id": "vpc-0231013dbc6fa4240"
                        },
                        "meta": {},
                        "tainted": false
                    },
                    "deposed": [],
                    "provider": "provider.aws"
                },
                "aws_route_table.Guvnor1-RTB": {
                    "type": "aws_route_table",
                    "depends_on": [
                        "aws_internet_gateway.gw",
                        "aws_vpc.DAIP-VPC"
                    ],
                    "primary": {
                        "id": "rtb-08b4b66fee16922c8",
                        "attributes": {
                            "id": "rtb-08b4b66fee16922c8",
                            "propagating_vgws.#": "0",
                            "route.#": "1",
                            "route.924663532.cidr_block": "0.0.0.0/0",
                            "route.924663532.egress_only_gateway_id": "",
                            "route.924663532.gateway_id": "igw-04fdcdf177460f354",
                            "route.924663532.instance_id": "",
                            "route.924663532.ipv6_cidr_block": "",
                            "route.924663532.nat_gateway_id": "",
                            "route.924663532.network_interface_id": "",
                            "route.924663532.vpc_peering_connection_id": "",
                            "tags.%": "0",
                            "vpc_id": "vpc-0231013dbc6fa4240"
                        },
                        "meta": {},
                        "tainted": false
                    },
                    "deposed": [],
                    "provider": "provider.aws"
                },
                "aws_route_table.Guvnor2-RTB": {
                    "type": "aws_route_table",
                    "depends_on": [
                        "aws_internet_gateway.gw",
                        "aws_vpc.DAIP-VPC"
                    ],
                    "primary": {
                        "id": "rtb-024dde7329fc97d73",
                        "attributes": {
                            "id": "rtb-024dde7329fc97d73",
                            "propagating_vgws.#": "0",
                            "route.#": "1",
                            "route.924663532.cidr_block": "0.0.0.0/0",
                            "route.924663532.egress_only_gateway_id": "",
                            "route.924663532.gateway_id": "igw-04fdcdf177460f354",
                            "route.924663532.instance_id": "",
                            "route.924663532.ipv6_cidr_block": "",
                            "route.924663532.nat_gateway_id": "",
                            "route.924663532.network_interface_id": "",
                            "route.924663532.vpc_peering_connection_id": "",
                            "tags.%": "0",
                            "vpc_id": "vpc-0231013dbc6fa4240"
                        },
                        "meta": {},
                        "tainted": false
                    },
                    "deposed": [],
                    "provider": "provider.aws"
                },
                "aws_route_table.NAT-RTB": {
                    "type": "aws_route_table",
                    "depends_on": [
                        "aws_internet_gateway.gw",
                        "aws_vpc.DAIP-VPC"
                    ],
                    "primary": {
                        "id": "rtb-0162feccbdc7b7e88",
                        "attributes": {
                            "id": "rtb-0162feccbdc7b7e88",
                            "propagating_vgws.#": "0",
                            "route.#": "1",
                            "route.924663532.cidr_block": "0.0.0.0/0",
                            "route.924663532.egress_only_gateway_id": "",
                            "route.924663532.gateway_id": "igw-04fdcdf177460f354",
                            "route.924663532.instance_id": "",
                            "route.924663532.ipv6_cidr_block": "",
                            "route.924663532.nat_gateway_id": "",
                            "route.924663532.network_interface_id": "",
                            "route.924663532.vpc_peering_connection_id": "",
                            "tags.%": "0",
                            "vpc_id": "vpc-0231013dbc6fa4240"
                        },
                        "meta": {},
                        "tainted": false
                    },
                    "deposed": [],
                    "provider": "provider.aws"
                },
                "aws_route_table.SmartSearch1-RTB": {
                    "type": "aws_route_table",
                    "depends_on": [
                        "aws_internet_gateway.gw",
                        "aws_vpc.DAIP-VPC"
                    ],
                    "primary": {
                        "id": "rtb-0d8b4a901a570fabf",
                        "attributes": {
                            "id": "rtb-0d8b4a901a570fabf",
                            "propagating_vgws.#": "0",
                            "route.#": "1",
                            "route.924663532.cidr_block": "0.0.0.0/0",
                            "route.924663532.egress_only_gateway_id": "",
                            "route.924663532.gateway_id": "igw-04fdcdf177460f354",
                            "route.924663532.instance_id": "",
                            "route.924663532.ipv6_cidr_block": "",
                            "route.924663532.nat_gateway_id": "",
                            "route.924663532.network_interface_id": "",
                            "route.924663532.vpc_peering_connection_id": "",
                            "tags.%": "0",
                            "vpc_id": "vpc-0231013dbc6fa4240"
                        },
                        "meta": {},
                        "tainted": false
                    },
                    "deposed": [],
                    "provider": "provider.aws"
                },
                "aws_route_table.SmartSearch2-RTB": {
                    "type": "aws_route_table",
                    "depends_on": [
                        "aws_internet_gateway.gw",
                        "aws_vpc.DAIP-VPC"
                    ],
                    "primary": {
                        "id": "rtb-0ab2a21fd510a0afa",
                        "attributes": {
                            "id": "rtb-0ab2a21fd510a0afa",
                            "propagating_vgws.#": "0",
                            "route.#": "1",
                            "route.924663532.cidr_block": "0.0.0.0/0",
                            "route.924663532.egress_only_gateway_id": "",
                            "route.924663532.gateway_id": "igw-04fdcdf177460f354",
                            "route.924663532.instance_id": "",
                            "route.924663532.ipv6_cidr_block": "",
                            "route.924663532.nat_gateway_id": "",
                            "route.924663532.network_interface_id": "",
                            "route.924663532.vpc_peering_connection_id": "",
                            "tags.%": "0",
                            "vpc_id": "vpc-0231013dbc6fa4240"
                        },
                        "meta": {},
                        "tainted": false
                    },
                    "deposed": [],
                    "provider": "provider.aws"
                },
                "aws_route_table_association.Bastion-RTB-Associate1": {
                    "type": "aws_route_table_association",
                    "depends_on": [
                        "aws_route_table.Bastion1-RTB",
                        "aws_subnet.Bastion-Subnet"
                    ],
                    "primary": {
                        "id": "rtbassoc-0d6e02f4ced935908",
                        "attributes": {
                            "id": "rtbassoc-0d6e02f4ced935908",
                            "route_table_id": "rtb-00d07bab61965b987",
                            "subnet_id": "subnet-0adf1f28e8d71bd21"
                        },
                        "meta": {},
                        "tainted": false
                    },
                    "deposed": [],
                    "provider": "provider.aws"
                },
                "aws_route_table_association.Data-RTB-Associate1": {
                    "type": "aws_route_table_association",
                    "depends_on": [
                        "aws_route_table.Data1-RTB",
                        "aws_subnet.Data1-Subnet"
                    ],
                    "primary": {
                        "id": "rtbassoc-0234c7df60cd33c30",
                        "attributes": {
                            "id": "rtbassoc-0234c7df60cd33c30",
                            "route_table_id": "rtb-0aec50be6b1d95f50",
                            "subnet_id": "subnet-02cd2fceb37c46fa2"
                        },
                        "meta": {},
                        "tainted": false
                    },
                    "deposed": [],
                    "provider": "provider.aws"
                },
                "aws_route_table_association.Data-RTB-Associate2": {
                    "type": "aws_route_table_association",
                    "depends_on": [
                        "aws_route_table.Data2-RTB",
                        "aws_subnet.Data2-Subnet"
                    ],
                    "primary": {
                        "id": "rtbassoc-0665f88a7a42be557",
                        "attributes": {
                            "id": "rtbassoc-0665f88a7a42be557",
                            "route_table_id": "rtb-0a1afdd58915179ca",
                            "subnet_id": "subnet-05fd3f432f425c2db"
                        },
                        "meta": {},
                        "tainted": false
                    },
                    "deposed": [],
                    "provider": "provider.aws"
                },
                "aws_route_table_association.Dexi-RTB-Associate1": {
                    "type": "aws_route_table_association",
                    "depends_on": [
                        "aws_route_table.Dexi1-RTB",
                        "aws_subnet.Dexi1-Subnet"
                    ],
                    "primary": {
                        "id": "rtbassoc-0fc63f38ca918861c",
                        "attributes": {
                            "id": "rtbassoc-0fc63f38ca918861c",
                            "route_table_id": "rtb-0103e5e435ead3963",
                            "subnet_id": "subnet-0d64a2430943bc1e9"
                        },
                        "meta": {},
                        "tainted": false
                    },
                    "deposed": [],
                    "provider": "provider.aws"
                },
                "aws_route_table_association.Dexi-RTB-Associate2": {
                    "type": "aws_route_table_association",
                    "depends_on": [
                        "aws_route_table.Dexi2-RTB",
                        "aws_subnet.Dexi2-Subnet"
                    ],
                    "primary": {
                        "id": "rtbassoc-09f4629f9404052c2",
                        "attributes": {
                            "id": "rtbassoc-09f4629f9404052c2",
                            "route_table_id": "rtb-001e4d49147ddb649",
                            "subnet_id": "subnet-013e6f6b9860474a3"
                        },
                        "meta": {},
                        "tainted": false
                    },
                    "deposed": [],
                    "provider": "provider.aws"
                },
                "aws_route_table_association.Drools-RTB-Associate1": {
                    "type": "aws_route_table_association",
                    "depends_on": [
                        "aws_route_table.Drools1-RTB",
                        "aws_subnet.Drools1-Subnet"
                    ],
                    "primary": {
                        "id": "rtbassoc-0fb42aafd19ec4d31",
                        "attributes": {
                            "id": "rtbassoc-0fb42aafd19ec4d31",
                            "route_table_id": "rtb-051128ebb91c529e8",
                            "subnet_id": "subnet-0fb87d0a6de92f472"
                        },
                        "meta": {},
                        "tainted": false
                    },
                    "deposed": [],
                    "provider": "provider.aws"
                },
                "aws_route_table_association.Drools-RTB-Associate2": {
                    "type": "aws_route_table_association",
                    "depends_on": [
                        "aws_route_table.Drools2-RTB",
                        "aws_subnet.Drools2-Subnet"
                    ],
                    "primary": {
                        "id": "rtbassoc-0ea7408b87bf74d37",
                        "attributes": {
                            "id": "rtbassoc-0ea7408b87bf74d37",
                            "route_table_id": "rtb-075636218b359cdbb",
                            "subnet_id": "subnet-0a4ba986415a08fd9"
                        },
                        "meta": {},
                        "tainted": false
                    },
                    "deposed": [],
                    "provider": "provider.aws"
                },
                "aws_route_table_association.Drupal-RTB-Associate1": {
                    "type": "aws_route_table_association",
                    "depends_on": [
                        "aws_route_table.Drupal1-RTB",
                        "aws_subnet.Drupal1-Subnet"
                    ],
                    "primary": {
                        "id": "rtbassoc-0177cce9e82794bea",
                        "attributes": {
                            "id": "rtbassoc-0177cce9e82794bea",
                            "route_table_id": "rtb-0afa7e6ba5e514142",
                            "subnet_id": "subnet-01066fbdf4709058c"
                        },
                        "meta": {},
                        "tainted": false
                    },
                    "deposed": [],
                    "provider": "provider.aws"
                },
                "aws_route_table_association.Drupal-RTB-Associate2": {
                    "type": "aws_route_table_association",
                    "depends_on": [
                        "aws_route_table.Drupal2-RTB",
                        "aws_subnet.Drupal2-Subnet"
                    ],
                    "primary": {
                        "id": "rtbassoc-021970b8a38fce324",
                        "attributes": {
                            "id": "rtbassoc-021970b8a38fce324",
                            "route_table_id": "rtb-0812fcc18ede1976f",
                            "subnet_id": "subnet-07bce796fcdcb2299"
                        },
                        "meta": {},
                        "tainted": false
                    },
                    "deposed": [],
                    "provider": "provider.aws"
                },
                "aws_route_table_association.Guvnor-RTB-Associate1": {
                    "type": "aws_route_table_association",
                    "depends_on": [
                        "aws_route_table.Guvnor1-RTB",
                        "aws_subnet.Guvnor1-Subnet"
                    ],
                    "primary": {
                        "id": "rtbassoc-051163e80563f3915",
                        "attributes": {
                            "id": "rtbassoc-051163e80563f3915",
                            "route_table_id": "rtb-08b4b66fee16922c8",
                            "subnet_id": "subnet-0394fa383e10951aa"
                        },
                        "meta": {},
                        "tainted": false
                    },
                    "deposed": [],
                    "provider": "provider.aws"
                },
                "aws_route_table_association.Guvnor-RTB-Associate2": {
                    "type": "aws_route_table_association",
                    "depends_on": [
                        "aws_route_table.Guvnor2-RTB",
                        "aws_subnet.Guvnor2-Subnet"
                    ],
                    "primary": {
                        "id": "rtbassoc-0d3a609e4a9639573",
                        "attributes": {
                            "id": "rtbassoc-0d3a609e4a9639573",
                            "route_table_id": "rtb-024dde7329fc97d73",
                            "subnet_id": "subnet-0c4d4adf28499289c"
                        },
                        "meta": {},
                        "tainted": false
                    },
                    "deposed": [],
                    "provider": "provider.aws"
                },
                "aws_route_table_association.NAT-RTB-Associate": {
                    "type": "aws_route_table_association",
                    "depends_on": [
                        "aws_route_table.NAT-RTB",
                        "aws_subnet.NAT-Subnet"
                    ],
                    "primary": {
                        "id": "rtbassoc-01af8a1de70fedbcc",
                        "attributes": {
                            "id": "rtbassoc-01af8a1de70fedbcc",
                            "route_table_id": "rtb-0162feccbdc7b7e88",
                            "subnet_id": "subnet-036c680bb37726da0"
                        },
                        "meta": {},
                        "tainted": false
                    },
                    "deposed": [],
                    "provider": "provider.aws"
                },
                "aws_route_table_association.SmartSearch-RTB-Associate1": {
                    "type": "aws_route_table_association",
                    "depends_on": [
                        "aws_route_table.SmartSearch1-RTB",
                        "aws_subnet.SmartSearch1-Subnet"
                    ],
                    "primary": {
                        "id": "rtbassoc-037502156ddc96933",
                        "attributes": {
                            "id": "rtbassoc-037502156ddc96933",
                            "route_table_id": "rtb-0d8b4a901a570fabf",
                            "subnet_id": "subnet-09e83d7e8be9ee6a1"
                        },
                        "meta": {},
                        "tainted": false
                    },
                    "deposed": [],
                    "provider": "provider.aws"
                },
                "aws_route_table_association.SmartSearch-RTB-Associate2": {
                    "type": "aws_route_table_association",
                    "depends_on": [
                        "aws_route_table.SmartSearch2-RTB",
                        "aws_subnet.SmartSearch2-Subnet"
                    ],
                    "primary": {
                        "id": "rtbassoc-0b25fa9e1434bbcea",
                        "attributes": {
                            "id": "rtbassoc-0b25fa9e1434bbcea",
                            "route_table_id": "rtb-0ab2a21fd510a0afa",
                            "subnet_id": "subnet-0ad749f8b24b3d15e"
                        },
                        "meta": {},
                        "tainted": false
                    },
                    "deposed": [],
                    "provider": "provider.aws"
                },
                "aws_security_group.Bastion-instanceSG": {
                    "type": "aws_security_group",
                    "depends_on": [
                        "aws_vpc.DAIP-VPC"
                    ],
                    "primary": {
                        "id": "sg-06795be259761b841",
                        "attributes": {
                            "description": "Managed by Terraform",
                            "egress.#": "1",
                            "egress.482069346.cidr_blocks.#": "1",
                            "egress.482069346.cidr_blocks.0": "0.0.0.0/0",
                            "egress.482069346.description": "",
                            "egress.482069346.from_port": "0",
                            "egress.482069346.ipv6_cidr_blocks.#": "0",
                            "egress.482069346.prefix_list_ids.#": "0",
                            "egress.482069346.protocol": "-1",
                            "egress.482069346.security_groups.#": "0",
                            "egress.482069346.self": "false",
                            "egress.482069346.to_port": "0",
                            "id": "sg-06795be259761b841",
                            "ingress.#": "1",
                            "ingress.2541437006.cidr_blocks.#": "1",
                            "ingress.2541437006.cidr_blocks.0": "0.0.0.0/0",
                            "ingress.2541437006.description": "",
                            "ingress.2541437006.from_port": "22",
                            "ingress.2541437006.ipv6_cidr_blocks.#": "0",
                            "ingress.2541437006.protocol": "tcp",
                            "ingress.2541437006.security_groups.#": "0",
                            "ingress.2541437006.self": "false",
                            "ingress.2541437006.to_port": "22",
                            "name": "Bastion-SG",
                            "owner_id": "616552976502",
                            "revoke_rules_on_delete": "false",
                            "tags.%": "0",
                            "vpc_id": "vpc-0231013dbc6fa4240"
                        },
                        "meta": {
                            "schema_version": "1"
                        },
                        "tainted": false
                    },
                    "deposed": [],
                    "provider": "provider.aws"
                },
                "aws_security_group.Data-elb": {
                    "type": "aws_security_group",
                    "depends_on": [
                        "aws_vpc.DAIP-VPC"
                    ],
                    "primary": {
                        "id": "sg-053943c6485679b5c",
                        "attributes": {
                            "description": "Managed by Terraform",
                            "egress.#": "1",
                            "egress.482069346.cidr_blocks.#": "1",
                            "egress.482069346.cidr_blocks.0": "0.0.0.0/0",
                            "egress.482069346.description": "",
                            "egress.482069346.from_port": "0",
                            "egress.482069346.ipv6_cidr_blocks.#": "0",
                            "egress.482069346.prefix_list_ids.#": "0",
                            "egress.482069346.protocol": "-1",
                            "egress.482069346.security_groups.#": "0",
                            "egress.482069346.self": "false",
                            "egress.482069346.to_port": "0",
                            "id": "sg-053943c6485679b5c",
                            "ingress.#": "1",
                            "ingress.2214680975.cidr_blocks.#": "1",
                            "ingress.2214680975.cidr_blocks.0": "0.0.0.0/0",
                            "ingress.2214680975.description": "",
                            "ingress.2214680975.from_port": "80",
                            "ingress.2214680975.ipv6_cidr_blocks.#": "0",
                            "ingress.2214680975.protocol": "tcp",
                            "ingress.2214680975.security_groups.#": "0",
                            "ingress.2214680975.self": "false",
                            "ingress.2214680975.to_port": "80",
                            "name": "Data-elb",
                            "owner_id": "616552976502",
                            "revoke_rules_on_delete": "false",
                            "tags.%": "0",
                            "vpc_id": "vpc-0231013dbc6fa4240"
                        },
                        "meta": {
                            "schema_version": "1"
                        },
                        "tainted": false
                    },
                    "deposed": [],
                    "provider": "provider.aws"
                },
                "aws_security_group.Data-instanceSG": {
                    "type": "aws_security_group",
                    "depends_on": [
                        "aws_vpc.DAIP-VPC"
                    ],
                    "primary": {
                        "id": "sg-0ad3422e3ad736097",
                        "attributes": {
                            "description": "Managed by Terraform",
                            "egress.#": "1",
                            "egress.482069346.cidr_blocks.#": "1",
                            "egress.482069346.cidr_blocks.0": "0.0.0.0/0",
                            "egress.482069346.description": "",
                            "egress.482069346.from_port": "0",
                            "egress.482069346.ipv6_cidr_blocks.#": "0",
                            "egress.482069346.prefix_list_ids.#": "0",
                            "egress.482069346.protocol": "-1",
                            "egress.482069346.security_groups.#": "0",
                            "egress.482069346.self": "false",
                            "egress.482069346.to_port": "0",
                            "id": "sg-0ad3422e3ad736097",
                            "ingress.#": "1",
                            "ingress.3581498979.cidr_blocks.#": "1",
                            "ingress.3581498979.cidr_blocks.0": "10.0.0.0/16",
                            "ingress.3581498979.description": "",
                            "ingress.3581498979.from_port": "0",
                            "ingress.3581498979.ipv6_cidr_blocks.#": "0",
                            "ingress.3581498979.protocol": "tcp",
                            "ingress.3581498979.security_groups.#": "0",
                            "ingress.3581498979.self": "false",
                            "ingress.3581498979.to_port": "65535",
                            "name": "Data-SG",
                            "owner_id": "616552976502",
                            "revoke_rules_on_delete": "false",
                            "tags.%": "0",
                            "vpc_id": "vpc-0231013dbc6fa4240"
                        },
                        "meta": {
                            "schema_version": "1"
                        },
                        "tainted": false
                    },
                    "deposed": [],
                    "provider": "provider.aws"
                },
                "aws_security_group.Dexi-elb": {
                    "type": "aws_security_group",
                    "depends_on": [
                        "aws_vpc.DAIP-VPC"
                    ],
                    "primary": {
                        "id": "sg-038c3166743d627b3",
                        "attributes": {
                            "description": "Managed by Terraform",
                            "egress.#": "1",
                            "egress.482069346.cidr_blocks.#": "1",
                            "egress.482069346.cidr_blocks.0": "0.0.0.0/0",
                            "egress.482069346.description": "",
                            "egress.482069346.from_port": "0",
                            "egress.482069346.ipv6_cidr_blocks.#": "0",
                            "egress.482069346.prefix_list_ids.#": "0",
                            "egress.482069346.protocol": "-1",
                            "egress.482069346.security_groups.#": "0",
                            "egress.482069346.self": "false",
                            "egress.482069346.to_port": "0",
                            "id": "sg-038c3166743d627b3",
                            "ingress.#": "1",
                            "ingress.2214680975.cidr_blocks.#": "1",
                            "ingress.2214680975.cidr_blocks.0": "0.0.0.0/0",
                            "ingress.2214680975.description": "",
                            "ingress.2214680975.from_port": "80",
                            "ingress.2214680975.ipv6_cidr_blocks.#": "0",
                            "ingress.2214680975.protocol": "tcp",
                            "ingress.2214680975.security_groups.#": "0",
                            "ingress.2214680975.self": "false",
                            "ingress.2214680975.to_port": "80",
                            "name": "Dexi-elb",
                            "owner_id": "616552976502",
                            "revoke_rules_on_delete": "false",
                            "tags.%": "0",
                            "vpc_id": "vpc-0231013dbc6fa4240"
                        },
                        "meta": {
                            "schema_version": "1"
                        },
                        "tainted": false
                    },
                    "deposed": [],
                    "provider": "provider.aws"
                },
                "aws_security_group.Dexi-instanceSG": {
                    "type": "aws_security_group",
                    "depends_on": [
                        "aws_vpc.DAIP-VPC"
                    ],
                    "primary": {
                        "id": "sg-091ab1c441bd65c08",
                        "attributes": {
                            "description": "Managed by Terraform",
                            "egress.#": "1",
                            "egress.482069346.cidr_blocks.#": "1",
                            "egress.482069346.cidr_blocks.0": "0.0.0.0/0",
                            "egress.482069346.description": "",
                            "egress.482069346.from_port": "0",
                            "egress.482069346.ipv6_cidr_blocks.#": "0",
                            "egress.482069346.prefix_list_ids.#": "0",
                            "egress.482069346.protocol": "-1",
                            "egress.482069346.security_groups.#": "0",
                            "egress.482069346.self": "false",
                            "egress.482069346.to_port": "0",
                            "id": "sg-091ab1c441bd65c08",
                            "ingress.#": "1",
                            "ingress.3581498979.cidr_blocks.#": "1",
                            "ingress.3581498979.cidr_blocks.0": "10.0.0.0/16",
                            "ingress.3581498979.description": "",
                            "ingress.3581498979.from_port": "0",
                            "ingress.3581498979.ipv6_cidr_blocks.#": "0",
                            "ingress.3581498979.protocol": "tcp",
                            "ingress.3581498979.security_groups.#": "0",
                            "ingress.3581498979.self": "false",
                            "ingress.3581498979.to_port": "65535",
                            "name": "Dexi-SG",
                            "owner_id": "616552976502",
                            "revoke_rules_on_delete": "false",
                            "tags.%": "0",
                            "vpc_id": "vpc-0231013dbc6fa4240"
                        },
                        "meta": {
                            "schema_version": "1"
                        },
                        "tainted": false
                    },
                    "deposed": [],
                    "provider": "provider.aws"
                },
                "aws_security_group.Drools-elb": {
                    "type": "aws_security_group",
                    "depends_on": [
                        "aws_vpc.DAIP-VPC"
                    ],
                    "primary": {
                        "id": "sg-079a9de6e852a35cb",
                        "attributes": {
                            "description": "Managed by Terraform",
                            "egress.#": "1",
                            "egress.482069346.cidr_blocks.#": "1",
                            "egress.482069346.cidr_blocks.0": "0.0.0.0/0",
                            "egress.482069346.description": "",
                            "egress.482069346.from_port": "0",
                            "egress.482069346.ipv6_cidr_blocks.#": "0",
                            "egress.482069346.prefix_list_ids.#": "0",
                            "egress.482069346.protocol": "-1",
                            "egress.482069346.security_groups.#": "0",
                            "egress.482069346.self": "false",
                            "egress.482069346.to_port": "0",
                            "id": "sg-079a9de6e852a35cb",
                            "ingress.#": "1",
                            "ingress.2214680975.cidr_blocks.#": "1",
                            "ingress.2214680975.cidr_blocks.0": "0.0.0.0/0",
                            "ingress.2214680975.description": "",
                            "ingress.2214680975.from_port": "80",
                            "ingress.2214680975.ipv6_cidr_blocks.#": "0",
                            "ingress.2214680975.protocol": "tcp",
                            "ingress.2214680975.security_groups.#": "0",
                            "ingress.2214680975.self": "false",
                            "ingress.2214680975.to_port": "80",
                            "name": "Drools-elb",
                            "owner_id": "616552976502",
                            "revoke_rules_on_delete": "false",
                            "tags.%": "0",
                            "vpc_id": "vpc-0231013dbc6fa4240"
                        },
                        "meta": {
                            "schema_version": "1"
                        },
                        "tainted": false
                    },
                    "deposed": [],
                    "provider": "provider.aws"
                },
                "aws_security_group.Drools-instanceSG": {
                    "type": "aws_security_group",
                    "depends_on": [
                        "aws_vpc.DAIP-VPC"
                    ],
                    "primary": {
                        "id": "sg-0c60f847ace837225",
                        "attributes": {
                            "description": "Managed by Terraform",
                            "egress.#": "1",
                            "egress.482069346.cidr_blocks.#": "1",
                            "egress.482069346.cidr_blocks.0": "0.0.0.0/0",
                            "egress.482069346.description": "",
                            "egress.482069346.from_port": "0",
                            "egress.482069346.ipv6_cidr_blocks.#": "0",
                            "egress.482069346.prefix_list_ids.#": "0",
                            "egress.482069346.protocol": "-1",
                            "egress.482069346.security_groups.#": "0",
                            "egress.482069346.self": "false",
                            "egress.482069346.to_port": "0",
                            "id": "sg-0c60f847ace837225",
                            "ingress.#": "1",
                            "ingress.3581498979.cidr_blocks.#": "1",
                            "ingress.3581498979.cidr_blocks.0": "10.0.0.0/16",
                            "ingress.3581498979.description": "",
                            "ingress.3581498979.from_port": "0",
                            "ingress.3581498979.ipv6_cidr_blocks.#": "0",
                            "ingress.3581498979.protocol": "tcp",
                            "ingress.3581498979.security_groups.#": "0",
                            "ingress.3581498979.self": "false",
                            "ingress.3581498979.to_port": "65535",
                            "name": "Drools-SG",
                            "owner_id": "616552976502",
                            "revoke_rules_on_delete": "false",
                            "tags.%": "0",
                            "vpc_id": "vpc-0231013dbc6fa4240"
                        },
                        "meta": {
                            "schema_version": "1"
                        },
                        "tainted": false
                    },
                    "deposed": [],
                    "provider": "provider.aws"
                },
                "aws_security_group.Drupal-elb": {
                    "type": "aws_security_group",
                    "depends_on": [
                        "aws_vpc.DAIP-VPC"
                    ],
                    "primary": {
                        "id": "sg-0b9e379046fafbb87",
                        "attributes": {
                            "description": "Managed by Terraform",
                            "egress.#": "1",
                            "egress.482069346.cidr_blocks.#": "1",
                            "egress.482069346.cidr_blocks.0": "0.0.0.0/0",
                            "egress.482069346.description": "",
                            "egress.482069346.from_port": "0",
                            "egress.482069346.ipv6_cidr_blocks.#": "0",
                            "egress.482069346.prefix_list_ids.#": "0",
                            "egress.482069346.protocol": "-1",
                            "egress.482069346.security_groups.#": "0",
                            "egress.482069346.self": "false",
                            "egress.482069346.to_port": "0",
                            "id": "sg-0b9e379046fafbb87",
                            "ingress.#": "1",
                            "ingress.2214680975.cidr_blocks.#": "1",
                            "ingress.2214680975.cidr_blocks.0": "0.0.0.0/0",
                            "ingress.2214680975.description": "",
                            "ingress.2214680975.from_port": "80",
                            "ingress.2214680975.ipv6_cidr_blocks.#": "0",
                            "ingress.2214680975.protocol": "tcp",
                            "ingress.2214680975.security_groups.#": "0",
                            "ingress.2214680975.self": "false",
                            "ingress.2214680975.to_port": "80",
                            "name": "Drupal-elb",
                            "owner_id": "616552976502",
                            "revoke_rules_on_delete": "false",
                            "tags.%": "0",
                            "vpc_id": "vpc-0231013dbc6fa4240"
                        },
                        "meta": {
                            "schema_version": "1"
                        },
                        "tainted": false
                    },
                    "deposed": [],
                    "provider": "provider.aws"
                },
                "aws_security_group.Drupal-instanceSG": {
                    "type": "aws_security_group",
                    "depends_on": [
                        "aws_vpc.DAIP-VPC"
                    ],
                    "primary": {
                        "id": "sg-0b25d969b5d073980",
                        "attributes": {
                            "description": "Managed by Terraform",
                            "egress.#": "1",
                            "egress.482069346.cidr_blocks.#": "1",
                            "egress.482069346.cidr_blocks.0": "0.0.0.0/0",
                            "egress.482069346.description": "",
                            "egress.482069346.from_port": "0",
                            "egress.482069346.ipv6_cidr_blocks.#": "0",
                            "egress.482069346.prefix_list_ids.#": "0",
                            "egress.482069346.protocol": "-1",
                            "egress.482069346.security_groups.#": "0",
                            "egress.482069346.self": "false",
                            "egress.482069346.to_port": "0",
                            "id": "sg-0b25d969b5d073980",
                            "ingress.#": "1",
                            "ingress.3581498979.cidr_blocks.#": "1",
                            "ingress.3581498979.cidr_blocks.0": "10.0.0.0/16",
                            "ingress.3581498979.description": "",
                            "ingress.3581498979.from_port": "0",
                            "ingress.3581498979.ipv6_cidr_blocks.#": "0",
                            "ingress.3581498979.protocol": "tcp",
                            "ingress.3581498979.security_groups.#": "0",
                            "ingress.3581498979.self": "false",
                            "ingress.3581498979.to_port": "65535",
                            "name": "Drupal-SG",
                            "owner_id": "616552976502",
                            "revoke_rules_on_delete": "false",
                            "tags.%": "0",
                            "vpc_id": "vpc-0231013dbc6fa4240"
                        },
                        "meta": {
                            "schema_version": "1"
                        },
                        "tainted": false
                    },
                    "deposed": [],
                    "provider": "provider.aws"
                },
                "aws_security_group.Guvnor-elb": {
                    "type": "aws_security_group",
                    "depends_on": [
                        "aws_vpc.DAIP-VPC"
                    ],
                    "primary": {
                        "id": "sg-08de95acf274718c8",
                        "attributes": {
                            "description": "Managed by Terraform",
                            "egress.#": "1",
                            "egress.482069346.cidr_blocks.#": "1",
                            "egress.482069346.cidr_blocks.0": "0.0.0.0/0",
                            "egress.482069346.description": "",
                            "egress.482069346.from_port": "0",
                            "egress.482069346.ipv6_cidr_blocks.#": "0",
                            "egress.482069346.prefix_list_ids.#": "0",
                            "egress.482069346.protocol": "-1",
                            "egress.482069346.security_groups.#": "0",
                            "egress.482069346.self": "false",
                            "egress.482069346.to_port": "0",
                            "id": "sg-08de95acf274718c8",
                            "ingress.#": "1",
                            "ingress.2214680975.cidr_blocks.#": "1",
                            "ingress.2214680975.cidr_blocks.0": "0.0.0.0/0",
                            "ingress.2214680975.description": "",
                            "ingress.2214680975.from_port": "80",
                            "ingress.2214680975.ipv6_cidr_blocks.#": "0",
                            "ingress.2214680975.protocol": "tcp",
                            "ingress.2214680975.security_groups.#": "0",
                            "ingress.2214680975.self": "false",
                            "ingress.2214680975.to_port": "80",
                            "name": "Guvnor-elb",
                            "owner_id": "616552976502",
                            "revoke_rules_on_delete": "false",
                            "tags.%": "0",
                            "vpc_id": "vpc-0231013dbc6fa4240"
                        },
                        "meta": {
                            "schema_version": "1"
                        },
                        "tainted": false
                    },
                    "deposed": [],
                    "provider": "provider.aws"
                },
                "aws_security_group.Guvnor-instanceSG": {
                    "type": "aws_security_group",
                    "depends_on": [
                        "aws_vpc.DAIP-VPC"
                    ],
                    "primary": {
                        "id": "sg-062af29ded1bf7e5d",
                        "attributes": {
                            "description": "Managed by Terraform",
                            "egress.#": "1",
                            "egress.482069346.cidr_blocks.#": "1",
                            "egress.482069346.cidr_blocks.0": "0.0.0.0/0",
                            "egress.482069346.description": "",
                            "egress.482069346.from_port": "0",
                            "egress.482069346.ipv6_cidr_blocks.#": "0",
                            "egress.482069346.prefix_list_ids.#": "0",
                            "egress.482069346.protocol": "-1",
                            "egress.482069346.security_groups.#": "0",
                            "egress.482069346.self": "false",
                            "egress.482069346.to_port": "0",
                            "id": "sg-062af29ded1bf7e5d",
                            "ingress.#": "1",
                            "ingress.3581498979.cidr_blocks.#": "1",
                            "ingress.3581498979.cidr_blocks.0": "10.0.0.0/16",
                            "ingress.3581498979.description": "",
                            "ingress.3581498979.from_port": "0",
                            "ingress.3581498979.ipv6_cidr_blocks.#": "0",
                            "ingress.3581498979.protocol": "tcp",
                            "ingress.3581498979.security_groups.#": "0",
                            "ingress.3581498979.self": "false",
                            "ingress.3581498979.to_port": "65535",
                            "name": "Guvnor-SG",
                            "owner_id": "616552976502",
                            "revoke_rules_on_delete": "false",
                            "tags.%": "0",
                            "vpc_id": "vpc-0231013dbc6fa4240"
                        },
                        "meta": {
                            "schema_version": "1"
                        },
                        "tainted": false
                    },
                    "deposed": [],
                    "provider": "provider.aws"
                },
                "aws_security_group.NAT-instanceSG": {
                    "type": "aws_security_group",
                    "depends_on": [
                        "aws_vpc.DAIP-VPC"
                    ],
                    "primary": {
                        "id": "sg-0c6a3a28b8a720ede",
                        "attributes": {
                            "description": "Managed by Terraform",
                            "egress.#": "1",
                            "egress.482069346.cidr_blocks.#": "1",
                            "egress.482069346.cidr_blocks.0": "0.0.0.0/0",
                            "egress.482069346.description": "",
                            "egress.482069346.from_port": "0",
                            "egress.482069346.ipv6_cidr_blocks.#": "0",
                            "egress.482069346.prefix_list_ids.#": "0",
                            "egress.482069346.protocol": "-1",
                            "egress.482069346.security_groups.#": "0",
                            "egress.482069346.self": "false",
                            "egress.482069346.to_port": "0",
                            "id": "sg-0c6a3a28b8a720ede",
                            "ingress.#": "1",
                            "ingress.2214680975.cidr_blocks.#": "1",
                            "ingress.2214680975.cidr_blocks.0": "0.0.0.0/0",
                            "ingress.2214680975.description": "",
                            "ingress.2214680975.from_port": "80",
                            "ingress.2214680975.ipv6_cidr_blocks.#": "0",
                            "ingress.2214680975.protocol": "tcp",
                            "ingress.2214680975.security_groups.#": "0",
                            "ingress.2214680975.self": "false",
                            "ingress.2214680975.to_port": "80",
                            "name": "NAT-SG",
                            "owner_id": "616552976502",
                            "revoke_rules_on_delete": "false",
                            "tags.%": "0",
                            "vpc_id": "vpc-0231013dbc6fa4240"
                        },
                        "meta": {
                            "schema_version": "1"
                        },
                        "tainted": false
                    },
                    "deposed": [],
                    "provider": "provider.aws"
                },
                "aws_security_group.SmartSearch-elb": {
                    "type": "aws_security_group",
                    "depends_on": [
                        "aws_vpc.DAIP-VPC"
                    ],
                    "primary": {
                        "id": "sg-0c8f4b4932cfa0d0d",
                        "attributes": {
                            "description": "Managed by Terraform",
                            "egress.#": "1",
                            "egress.482069346.cidr_blocks.#": "1",
                            "egress.482069346.cidr_blocks.0": "0.0.0.0/0",
                            "egress.482069346.description": "",
                            "egress.482069346.from_port": "0",
                            "egress.482069346.ipv6_cidr_blocks.#": "0",
                            "egress.482069346.prefix_list_ids.#": "0",
                            "egress.482069346.protocol": "-1",
                            "egress.482069346.security_groups.#": "0",
                            "egress.482069346.self": "false",
                            "egress.482069346.to_port": "0",
                            "id": "sg-0c8f4b4932cfa0d0d",
                            "ingress.#": "1",
                            "ingress.2214680975.cidr_blocks.#": "1",
                            "ingress.2214680975.cidr_blocks.0": "0.0.0.0/0",
                            "ingress.2214680975.description": "",
                            "ingress.2214680975.from_port": "80",
                            "ingress.2214680975.ipv6_cidr_blocks.#": "0",
                            "ingress.2214680975.protocol": "tcp",
                            "ingress.2214680975.security_groups.#": "0",
                            "ingress.2214680975.self": "false",
                            "ingress.2214680975.to_port": "80",
                            "name": "SmartSearch-elb",
                            "owner_id": "616552976502",
                            "revoke_rules_on_delete": "false",
                            "tags.%": "0",
                            "vpc_id": "vpc-0231013dbc6fa4240"
                        },
                        "meta": {
                            "schema_version": "1"
                        },
                        "tainted": false
                    },
                    "deposed": [],
                    "provider": "provider.aws"
                },
                "aws_security_group.SmartSearch-instanceSG": {
                    "type": "aws_security_group",
                    "depends_on": [
                        "aws_vpc.DAIP-VPC"
                    ],
                    "primary": {
                        "id": "sg-006b110ddffc70404",
                        "attributes": {
                            "description": "Managed by Terraform",
                            "egress.#": "1",
                            "egress.482069346.cidr_blocks.#": "1",
                            "egress.482069346.cidr_blocks.0": "0.0.0.0/0",
                            "egress.482069346.description": "",
                            "egress.482069346.from_port": "0",
                            "egress.482069346.ipv6_cidr_blocks.#": "0",
                            "egress.482069346.prefix_list_ids.#": "0",
                            "egress.482069346.protocol": "-1",
                            "egress.482069346.security_groups.#": "0",
                            "egress.482069346.self": "false",
                            "egress.482069346.to_port": "0",
                            "id": "sg-006b110ddffc70404",
                            "ingress.#": "1",
                            "ingress.3581498979.cidr_blocks.#": "1",
                            "ingress.3581498979.cidr_blocks.0": "10.0.0.0/16",
                            "ingress.3581498979.description": "",
                            "ingress.3581498979.from_port": "0",
                            "ingress.3581498979.ipv6_cidr_blocks.#": "0",
                            "ingress.3581498979.protocol": "tcp",
                            "ingress.3581498979.security_groups.#": "0",
                            "ingress.3581498979.self": "false",
                            "ingress.3581498979.to_port": "65535",
                            "name": "SmartSearch-SG",
                            "owner_id": "616552976502",
                            "revoke_rules_on_delete": "false",
                            "tags.%": "0",
                            "vpc_id": "vpc-0231013dbc6fa4240"
                        },
                        "meta": {
                            "schema_version": "1"
                        },
                        "tainted": false
                    },
                    "deposed": [],
                    "provider": "provider.aws"
                },
                "aws_subnet.Bastion-Subnet": {
                    "type": "aws_subnet",
                    "depends_on": [
                        "aws_vpc.DAIP-VPC"
                    ],
                    "primary": {
                        "id": "subnet-0adf1f28e8d71bd21",
                        "attributes": {
                            "assign_ipv6_address_on_creation": "false",
                            "availability_zone": "us-east-1a",
                            "cidr_block": "10.0.0.0/24",
                            "id": "subnet-0adf1f28e8d71bd21",
                            "map_public_ip_on_launch": "true",
                            "tags.%": "0",
                            "vpc_id": "vpc-0231013dbc6fa4240"
                        },
                        "meta": {
                            "schema_version": "1"
                        },
                        "tainted": false
                    },
                    "deposed": [],
                    "provider": "provider.aws"
                },
                "aws_subnet.Data1-Subnet": {
                    "type": "aws_subnet",
                    "depends_on": [
                        "aws_vpc.DAIP-VPC"
                    ],
                    "primary": {
                        "id": "subnet-02cd2fceb37c46fa2",
                        "attributes": {
                            "assign_ipv6_address_on_creation": "false",
                            "availability_zone": "us-east-1a",
                            "cidr_block": "10.0.5.0/24",
                            "id": "subnet-02cd2fceb37c46fa2",
                            "map_public_ip_on_launch": "false",
                            "tags.%": "0",
                            "vpc_id": "vpc-0231013dbc6fa4240"
                        },
                        "meta": {
                            "schema_version": "1"
                        },
                        "tainted": false
                    },
                    "deposed": [],
                    "provider": "provider.aws"
                },
                "aws_subnet.Data2-Subnet": {
                    "type": "aws_subnet",
                    "depends_on": [
                        "aws_vpc.DAIP-VPC"
                    ],
                    "primary": {
                        "id": "subnet-05fd3f432f425c2db",
                        "attributes": {
                            "assign_ipv6_address_on_creation": "false",
                            "availability_zone": "us-east-1b",
                            "cidr_block": "10.0.55.0/24",
                            "id": "subnet-05fd3f432f425c2db",
                            "map_public_ip_on_launch": "false",
                            "tags.%": "0",
                            "vpc_id": "vpc-0231013dbc6fa4240"
                        },
                        "meta": {
                            "schema_version": "1"
                        },
                        "tainted": false
                    },
                    "deposed": [],
                    "provider": "provider.aws"
                },
                "aws_subnet.Dexi1-Subnet": {
                    "type": "aws_subnet",
                    "depends_on": [
                        "aws_vpc.DAIP-VPC"
                    ],
                    "primary": {
                        "id": "subnet-0d64a2430943bc1e9",
                        "attributes": {
                            "assign_ipv6_address_on_creation": "false",
                            "availability_zone": "us-east-1a",
                            "cidr_block": "10.0.4.0/24",
                            "id": "subnet-0d64a2430943bc1e9",
                            "map_public_ip_on_launch": "false",
                            "tags.%": "0",
                            "vpc_id": "vpc-0231013dbc6fa4240"
                        },
                        "meta": {
                            "schema_version": "1"
                        },
                        "tainted": false
                    },
                    "deposed": [],
                    "provider": "provider.aws"
                },
                "aws_subnet.Dexi2-Subnet": {
                    "type": "aws_subnet",
                    "depends_on": [
                        "aws_vpc.DAIP-VPC"
                    ],
                    "primary": {
                        "id": "subnet-013e6f6b9860474a3",
                        "attributes": {
                            "assign_ipv6_address_on_creation": "false",
                            "availability_zone": "us-east-1b",
                            "cidr_block": "10.0.44.0/24",
                            "id": "subnet-013e6f6b9860474a3",
                            "map_public_ip_on_launch": "false",
                            "tags.%": "0",
                            "vpc_id": "vpc-0231013dbc6fa4240"
                        },
                        "meta": {
                            "schema_version": "1"
                        },
                        "tainted": false
                    },
                    "deposed": [],
                    "provider": "provider.aws"
                },
                "aws_subnet.Drools1-Subnet": {
                    "type": "aws_subnet",
                    "depends_on": [
                        "aws_vpc.DAIP-VPC"
                    ],
                    "primary": {
                        "id": "subnet-0fb87d0a6de92f472",
                        "attributes": {
                            "assign_ipv6_address_on_creation": "false",
                            "availability_zone": "us-east-1a",
                            "cidr_block": "10.0.3.0/24",
                            "id": "subnet-0fb87d0a6de92f472",
                            "map_public_ip_on_launch": "false",
                            "tags.%": "0",
                            "vpc_id": "vpc-0231013dbc6fa4240"
                        },
                        "meta": {
                            "schema_version": "1"
                        },
                        "tainted": false
                    },
                    "deposed": [],
                    "provider": "provider.aws"
                },
                "aws_subnet.Drools2-Subnet": {
                    "type": "aws_subnet",
                    "depends_on": [
                        "aws_vpc.DAIP-VPC"
                    ],
                    "primary": {
                        "id": "subnet-0a4ba986415a08fd9",
                        "attributes": {
                            "assign_ipv6_address_on_creation": "false",
                            "availability_zone": "us-east-1b",
                            "cidr_block": "10.0.33.0/24",
                            "id": "subnet-0a4ba986415a08fd9",
                            "map_public_ip_on_launch": "false",
                            "tags.%": "0",
                            "vpc_id": "vpc-0231013dbc6fa4240"
                        },
                        "meta": {
                            "schema_version": "1"
                        },
                        "tainted": false
                    },
                    "deposed": [],
                    "provider": "provider.aws"
                },
                "aws_subnet.Drupal1-Subnet": {
                    "type": "aws_subnet",
                    "depends_on": [
                        "aws_vpc.DAIP-VPC"
                    ],
                    "primary": {
                        "id": "subnet-01066fbdf4709058c",
                        "attributes": {
                            "assign_ipv6_address_on_creation": "false",
                            "availability_zone": "us-east-1a",
                            "cidr_block": "10.0.1.0/24",
                            "id": "subnet-01066fbdf4709058c",
                            "map_public_ip_on_launch": "false",
                            "tags.%": "0",
                            "vpc_id": "vpc-0231013dbc6fa4240"
                        },
                        "meta": {
                            "schema_version": "1"
                        },
                        "tainted": false
                    },
                    "deposed": [],
                    "provider": "provider.aws"
                },
                "aws_subnet.Drupal2-Subnet": {
                    "type": "aws_subnet",
                    "depends_on": [
                        "aws_vpc.DAIP-VPC"
                    ],
                    "primary": {
                        "id": "subnet-07bce796fcdcb2299",
                        "attributes": {
                            "assign_ipv6_address_on_creation": "false",
                            "availability_zone": "us-east-1b",
                            "cidr_block": "10.0.11.0/24",
                            "id": "subnet-07bce796fcdcb2299",
                            "map_public_ip_on_launch": "false",
                            "tags.%": "0",
                            "vpc_id": "vpc-0231013dbc6fa4240"
                        },
                        "meta": {
                            "schema_version": "1"
                        },
                        "tainted": false
                    },
                    "deposed": [],
                    "provider": "provider.aws"
                },
                "aws_subnet.Guvnor1-Subnet": {
                    "type": "aws_subnet",
                    "depends_on": [
                        "aws_vpc.DAIP-VPC"
                    ],
                    "primary": {
                        "id": "subnet-0394fa383e10951aa",
                        "attributes": {
                            "assign_ipv6_address_on_creation": "false",
                            "availability_zone": "us-east-1a",
                            "cidr_block": "10.0.2.0/24",
                            "id": "subnet-0394fa383e10951aa",
                            "map_public_ip_on_launch": "false",
                            "tags.%": "0",
                            "vpc_id": "vpc-0231013dbc6fa4240"
                        },
                        "meta": {
                            "schema_version": "1"
                        },
                        "tainted": false
                    },
                    "deposed": [],
                    "provider": "provider.aws"
                },
                "aws_subnet.Guvnor2-Subnet": {
                    "type": "aws_subnet",
                    "depends_on": [
                        "aws_vpc.DAIP-VPC"
                    ],
                    "primary": {
                        "id": "subnet-0c4d4adf28499289c",
                        "attributes": {
                            "assign_ipv6_address_on_creation": "false",
                            "availability_zone": "us-east-1b",
                            "cidr_block": "10.0.22.0/24",
                            "id": "subnet-0c4d4adf28499289c",
                            "map_public_ip_on_launch": "false",
                            "tags.%": "0",
                            "vpc_id": "vpc-0231013dbc6fa4240"
                        },
                        "meta": {
                            "schema_version": "1"
                        },
                        "tainted": false
                    },
                    "deposed": [],
                    "provider": "provider.aws"
                },
                "aws_subnet.NAT-Subnet": {
                    "type": "aws_subnet",
                    "depends_on": [
                        "aws_vpc.DAIP-VPC"
                    ],
                    "primary": {
                        "id": "subnet-036c680bb37726da0",
                        "attributes": {
                            "assign_ipv6_address_on_creation": "false",
                            "availability_zone": "us-east-1a",
                            "cidr_block": "10.0.10.0/24",
                            "id": "subnet-036c680bb37726da0",
                            "map_public_ip_on_launch": "true",
                            "tags.%": "0",
                            "vpc_id": "vpc-0231013dbc6fa4240"
                        },
                        "meta": {
                            "schema_version": "1"
                        },
                        "tainted": false
                    },
                    "deposed": [],
                    "provider": "provider.aws"
                },
                "aws_subnet.SmartSearch1-Subnet": {
                    "type": "aws_subnet",
                    "depends_on": [
                        "aws_vpc.DAIP-VPC"
                    ],
                    "primary": {
                        "id": "subnet-09e83d7e8be9ee6a1",
                        "attributes": {
                            "assign_ipv6_address_on_creation": "false",
                            "availability_zone": "us-east-1a",
                            "cidr_block": "10.0.6.0/24",
                            "id": "subnet-09e83d7e8be9ee6a1",
                            "map_public_ip_on_launch": "false",
                            "tags.%": "0",
                            "vpc_id": "vpc-0231013dbc6fa4240"
                        },
                        "meta": {
                            "schema_version": "1"
                        },
                        "tainted": false
                    },
                    "deposed": [],
                    "provider": "provider.aws"
                },
                "aws_subnet.SmartSearch2-Subnet": {
                    "type": "aws_subnet",
                    "depends_on": [
                        "aws_vpc.DAIP-VPC"
                    ],
                    "primary": {
                        "id": "subnet-0ad749f8b24b3d15e",
                        "attributes": {
                            "assign_ipv6_address_on_creation": "false",
                            "availability_zone": "us-east-1b",
                            "cidr_block": "10.0.66.0/24",
                            "id": "subnet-0ad749f8b24b3d15e",
                            "map_public_ip_on_launch": "false",
                            "tags.%": "0",
                            "vpc_id": "vpc-0231013dbc6fa4240"
                        },
                        "meta": {
                            "schema_version": "1"
                        },
                        "tainted": false
                    },
                    "deposed": [],
                    "provider": "provider.aws"
                },
                "aws_vpc.DAIP-VPC": {
                    "type": "aws_vpc",
                    "depends_on": [],
                    "primary": {
                        "id": "vpc-0231013dbc6fa4240",
                        "attributes": {
                            "assign_generated_ipv6_cidr_block": "false",
                            "cidr_block": "10.0.0.0/16",
                            "default_network_acl_id": "acl-01e101243ee68c9c0",
                            "default_route_table_id": "rtb-0789a1a4b201d15b7",
                            "default_security_group_id": "sg-067e5eabcd0c81dd5",
                            "dhcp_options_id": "dopt-f19a9093",
                            "enable_classiclink": "false",
                            "enable_classiclink_dns_support": "false",
                            "enable_dns_hostnames": "false",
                            "enable_dns_support": "true",
                            "id": "vpc-0231013dbc6fa4240",
                            "instance_tenancy": "default",
                            "main_route_table_id": "rtb-0789a1a4b201d15b7",
                            "tags.%": "1",
                            "tags.Name": "FEMA-DAIP-VPC"
                        },
                        "meta": {
                            "schema_version": "1"
                        },
                        "tainted": false
                    },
                    "deposed": [],
                    "provider": "provider.aws"
                },
                "data.aws_availability_zones.all": {
                    "type": "aws_availability_zones",
                    "depends_on": [],
                    "primary": {
                        "id": "2018-02-20 12:06:08.3693467 +0000 UTC",
                        "attributes": {
                            "id": "2018-02-20 12:06:08.3693467 +0000 UTC",
                            "names.#": "6",
                            "names.0": "us-east-1a",
                            "names.1": "us-east-1b",
                            "names.2": "us-east-1c",
                            "names.3": "us-east-1d",
                            "names.4": "us-east-1e",
                            "names.5": "us-east-1f"
                        },
                        "meta": {},
                        "tainted": false
                    },
                    "deposed": [],
                    "provider": "provider.aws"
                }
            },
            "depends_on": []
        }
    ]
}
