{
    "version": 3,
    "terraform_version": "0.11.2",
    "serial": 61,
    "lineage": "4bee296c-9ae0-4cdd-91b5-82aa82275855",
    "modules": [
        {
            "path": [
                "root"
            ],
            "outputs": {},
            "resources": {
                "aws_autoscaling_group.Bastion-ASG": {
                    "type": "aws_autoscaling_group",
                    "depends_on": [
                        "aws_launch_configuration.Bastion-LG",
                        "aws_subnet.Bastion-Subnet"
                    ],
                    "primary": {
                        "id": "tf-asg-20180217185843094100000007",
                        "attributes": {
                            "arn": "arn:aws:autoscaling:us-east-1:616552976502:autoScalingGroup:d6e29ed3-41ce-425b-a927-90ee0ce9afe2:autoScalingGroupName/tf-asg-20180217185843094100000007",
                            "availability_zones.#": "1",
                            "availability_zones.3569565595": "us-east-1a",
                            "default_cooldown": "300",
                            "desired_capacity": "1",
                            "force_delete": "false",
                            "health_check_grace_period": "300",
                            "health_check_type": "EC2",
                            "id": "tf-asg-20180217185843094100000007",
                            "launch_configuration": "terraform-20180217185841386300000006",
                            "load_balancers.#": "0",
                            "max_size": "2",
                            "metrics_granularity": "1Minute",
                            "min_size": "1",
                            "name": "tf-asg-20180217185843094100000007",
                            "placement_group": "",
                            "protect_from_scale_in": "false",
                            "suspended_processes.#": "0",
                            "tag.#": "1",
                            "tag.1281169800.key": "Name",
                            "tag.1281169800.propagate_at_launch": "true",
                            "tag.1281169800.value": "Bastion-ASG",
                            "target_group_arns.#": "0",
                            "termination_policies.#": "0",
                            "vpc_zone_identifier.#": "1",
                            "vpc_zone_identifier.3696612453": "subnet-09c03b37e374e3377",
                            "wait_for_capacity_timeout": "10m"
                        },
                        "meta": {
                            "e2bfb730-ecaa-11e6-8f88-34363bc7c4c0": {
                                "delete": 600000000000
                            }
                        },
                        "tainted": false
                    },
                    "deposed": [],
                    "provider": "provider.aws"
                },
                "aws_autoscaling_group.Dexi-ASG": {
                    "type": "aws_autoscaling_group",
                    "depends_on": [
                        "aws_elb.Dexi-elb",
                        "aws_launch_configuration.Dexi-LG",
                        "aws_subnet.Dexi1-Subnet",
                        "aws_subnet.Dexi2-Subnet"
                    ],
                    "primary": {
                        "id": "tf-asg-20180217190020019700000005",
                        "attributes": {
                            "arn": "arn:aws:autoscaling:us-east-1:616552976502:autoScalingGroup:b3a9d688-8774-4cbe-933b-2887542c8288:autoScalingGroupName/tf-asg-20180217190020019700000005",
                            "availability_zones.#": "2",
                            "availability_zones.1305112097": "us-east-1b",
                            "availability_zones.3569565595": "us-east-1a",
                            "default_cooldown": "300",
                            "desired_capacity": "2",
                            "force_delete": "false",
                            "health_check_grace_period": "300",
                            "health_check_type": "ELB",
                            "id": "tf-asg-20180217190020019700000005",
                            "launch_configuration": "terraform-20180217185839804100000002",
                            "load_balancers.#": "1",
                            "load_balancers.345550939": "Dexi-elb",
                            "max_size": "2",
                            "metrics_granularity": "1Minute",
                            "min_size": "2",
                            "name": "tf-asg-20180217190020019700000005",
                            "placement_group": "",
                            "protect_from_scale_in": "false",
                            "suspended_processes.#": "0",
                            "tag.#": "1",
                            "tag.1326225989.key": "Name",
                            "tag.1326225989.propagate_at_launch": "true",
                            "tag.1326225989.value": "Dexi-ASG",
                            "target_group_arns.#": "0",
                            "termination_policies.#": "0",
                            "vpc_zone_identifier.#": "2",
                            "vpc_zone_identifier.2378219038": "subnet-0550227baa03e4342",
                            "vpc_zone_identifier.2557628723": "subnet-0f38d9dcaf89498a9",
                            "wait_for_capacity_timeout": "5m"
                        },
                        "meta": {
                            "e2bfb730-ecaa-11e6-8f88-34363bc7c4c0": {
                                "delete": 600000000000
                            }
                        },
                        "tainted": false
                    },
                    "deposed": [],
                    "provider": "provider.aws"
                },
                "aws_autoscaling_group.Drools-ASG": {
                    "type": "aws_autoscaling_group",
                    "depends_on": [
                        "aws_elb.Drools-elb",
                        "aws_launch_configuration.Drools-LG",
                        "aws_subnet.Drools1-Subnet",
                        "aws_subnet.Drools2-Subnet"
                    ],
                    "primary": {
                        "id": "tf-asg-20180217190020018900000003",
                        "attributes": {
                            "arn": "arn:aws:autoscaling:us-east-1:616552976502:autoScalingGroup:c1e2b138-ee66-49da-bb3b-9bf78a064336:autoScalingGroupName/tf-asg-20180217190020018900000003",
                            "availability_zones.#": "2",
                            "availability_zones.1305112097": "us-east-1b",
                            "availability_zones.3569565595": "us-east-1a",
                            "default_cooldown": "300",
                            "desired_capacity": "2",
                            "force_delete": "false",
                            "health_check_grace_period": "300",
                            "health_check_type": "ELB",
                            "id": "tf-asg-20180217190020018900000003",
                            "launch_configuration": "terraform-20180217185839894000000003",
                            "load_balancers.#": "1",
                            "load_balancers.1766827309": "Drools-elb",
                            "max_size": "2",
                            "metrics_granularity": "1Minute",
                            "min_size": "2",
                            "name": "tf-asg-20180217190020018900000003",
                            "placement_group": "",
                            "protect_from_scale_in": "false",
                            "suspended_processes.#": "0",
                            "tag.#": "1",
                            "tag.4067687528.key": "Name",
                            "tag.4067687528.propagate_at_launch": "true",
                            "tag.4067687528.value": "Drools-ASG",
                            "target_group_arns.#": "0",
                            "termination_policies.#": "0",
                            "vpc_zone_identifier.#": "2",
                            "vpc_zone_identifier.1906322764": "subnet-0febc15d0e38d1707",
                            "vpc_zone_identifier.2033764473": "subnet-00c2308858760f4af",
                            "wait_for_capacity_timeout": "5m"
                        },
                        "meta": {
                            "e2bfb730-ecaa-11e6-8f88-34363bc7c4c0": {
                                "delete": 600000000000
                            }
                        },
                        "tainted": false
                    },
                    "deposed": [],
                    "provider": "provider.aws"
                },
                "aws_autoscaling_group.Drupal-ASG": {
                    "type": "aws_autoscaling_group",
                    "depends_on": [
                        "aws_elb.Drupal-elb",
                        "aws_launch_configuration.Drupal-LG",
                        "aws_subnet.Drupal1-Subnet",
                        "aws_subnet.Drupal2-Subnet"
                    ],
                    "primary": {
                        "id": "tf-asg-20180217190020018000000001",
                        "attributes": {
                            "arn": "arn:aws:autoscaling:us-east-1:616552976502:autoScalingGroup:a81ceb2e-7688-4cda-a4c2-ea07f8541ce8:autoScalingGroupName/tf-asg-20180217190020018000000001",
                            "availability_zones.#": "2",
                            "availability_zones.1305112097": "us-east-1b",
                            "availability_zones.3569565595": "us-east-1a",
                            "default_cooldown": "300",
                            "desired_capacity": "2",
                            "force_delete": "false",
                            "health_check_grace_period": "300",
                            "health_check_type": "ELB",
                            "id": "tf-asg-20180217190020018000000001",
                            "launch_configuration": "terraform-20180217185840379000000004",
                            "load_balancers.#": "1",
                            "load_balancers.1267496804": "Drupal-elb",
                            "max_size": "2",
                            "metrics_granularity": "1Minute",
                            "min_size": "2",
                            "name": "tf-asg-20180217190020018000000001",
                            "placement_group": "",
                            "protect_from_scale_in": "false",
                            "suspended_processes.#": "0",
                            "tag.#": "1",
                            "tag.1981831315.key": "Name",
                            "tag.1981831315.propagate_at_launch": "true",
                            "tag.1981831315.value": "Drupal-ASG",
                            "target_group_arns.#": "0",
                            "termination_policies.#": "0",
                            "vpc_zone_identifier.#": "2",
                            "vpc_zone_identifier.3317254005": "subnet-06b3adf4026ac4812",
                            "vpc_zone_identifier.3445137029": "subnet-00ed09bbc52fe8040",
                            "wait_for_capacity_timeout": "5m"
                        },
                        "meta": {
                            "e2bfb730-ecaa-11e6-8f88-34363bc7c4c0": {
                                "delete": 600000000000
                            }
                        },
                        "tainted": false
                    },
                    "deposed": [],
                    "provider": "provider.aws"
                },
                "aws_autoscaling_group.Guvnor-ASG": {
                    "type": "aws_autoscaling_group",
                    "depends_on": [
                        "aws_elb.Guvnor-elb",
                        "aws_launch_configuration.Guvnor-LG",
                        "aws_subnet.Guvnor1-Subnet",
                        "aws_subnet.Guvnor2-Subnet"
                    ],
                    "primary": {
                        "id": "tf-asg-20180217190020018400000002",
                        "attributes": {
                            "arn": "arn:aws:autoscaling:us-east-1:616552976502:autoScalingGroup:b7aa53e4-03f6-41ba-ac39-7d56097b5f0f:autoScalingGroupName/tf-asg-20180217190020018400000002",
                            "availability_zones.#": "2",
                            "availability_zones.1305112097": "us-east-1b",
                            "availability_zones.3569565595": "us-east-1a",
                            "default_cooldown": "300",
                            "desired_capacity": "2",
                            "force_delete": "false",
                            "health_check_grace_period": "300",
                            "health_check_type": "ELB",
                            "id": "tf-asg-20180217190020018400000002",
                            "launch_configuration": "terraform-20180217185838330900000001",
                            "load_balancers.#": "1",
                            "load_balancers.2557348173": "Guvnor-elb",
                            "max_size": "2",
                            "metrics_granularity": "1Minute",
                            "min_size": "2",
                            "name": "tf-asg-20180217190020018400000002",
                            "placement_group": "",
                            "protect_from_scale_in": "false",
                            "suspended_processes.#": "0",
                            "tag.#": "1",
                            "tag.3822604313.key": "Name",
                            "tag.3822604313.propagate_at_launch": "true",
                            "tag.3822604313.value": "Guvnor-ASG",
                            "target_group_arns.#": "0",
                            "termination_policies.#": "0",
                            "vpc_zone_identifier.#": "2",
                            "vpc_zone_identifier.110084078": "subnet-01db4d39772ea46ce",
                            "vpc_zone_identifier.2404559608": "subnet-0c8b76213caac8bb2",
                            "wait_for_capacity_timeout": "5m"
                        },
                        "meta": {
                            "e2bfb730-ecaa-11e6-8f88-34363bc7c4c0": {
                                "delete": 600000000000
                            }
                        },
                        "tainted": false
                    },
                    "deposed": [],
                    "provider": "provider.aws"
                },
                "aws_autoscaling_group.SmartSearch-ASG": {
                    "type": "aws_autoscaling_group",
                    "depends_on": [
                        "aws_elb.SmartSearch-elb",
                        "aws_launch_configuration.SmartSearch-LG",
                        "aws_subnet.SmartSearch1-Subnet",
                        "aws_subnet.SmartSearch2-Subnet"
                    ],
                    "primary": {
                        "id": "tf-asg-20180217190020019000000004",
                        "attributes": {
                            "arn": "arn:aws:autoscaling:us-east-1:616552976502:autoScalingGroup:d9e43685-ee3c-45cd-9974-8f5d5ad1e44e:autoScalingGroupName/tf-asg-20180217190020019000000004",
                            "availability_zones.#": "2",
                            "availability_zones.1305112097": "us-east-1b",
                            "availability_zones.3569565595": "us-east-1a",
                            "default_cooldown": "300",
                            "desired_capacity": "2",
                            "force_delete": "false",
                            "health_check_grace_period": "300",
                            "health_check_type": "ELB",
                            "id": "tf-asg-20180217190020019000000004",
                            "launch_configuration": "terraform-20180217185840518800000005",
                            "load_balancers.#": "1",
                            "load_balancers.1410124823": "SmartSearch-elb",
                            "max_size": "2",
                            "metrics_granularity": "1Minute",
                            "min_size": "2",
                            "name": "tf-asg-20180217190020019000000004",
                            "placement_group": "",
                            "protect_from_scale_in": "false",
                            "suspended_processes.#": "0",
                            "tag.#": "1",
                            "tag.803671374.key": "Name",
                            "tag.803671374.propagate_at_launch": "true",
                            "tag.803671374.value": "SmartSearch-ASG",
                            "target_group_arns.#": "0",
                            "termination_policies.#": "0",
                            "vpc_zone_identifier.#": "2",
                            "vpc_zone_identifier.1180959212": "subnet-0b612628076cce521",
                            "vpc_zone_identifier.3555320330": "subnet-0ac6d590c2df32325",
                            "wait_for_capacity_timeout": "5m"
                        },
                        "meta": {
                            "e2bfb730-ecaa-11e6-8f88-34363bc7c4c0": {
                                "delete": 600000000000
                            }
                        },
                        "tainted": false
                    },
                    "deposed": [],
                    "provider": "provider.aws"
                },
                "aws_elb.Data-elb": {
                    "type": "aws_elb",
                    "depends_on": [
                        "aws_security_group.Data-instanceSG",
                        "aws_subnet.Data1-Subnet",
                        "aws_subnet.Data2-Subnet"
                    ],
                    "primary": {
                        "id": "Data-elb",
                        "attributes": {
                            "access_logs.#": "0",
                            "arn": "arn:aws:elasticloadbalancing:us-east-1:616552976502:loadbalancer/Data-elb",
                            "availability_zones.#": "2",
                            "availability_zones.1305112097": "us-east-1b",
                            "availability_zones.3569565595": "us-east-1a",
                            "connection_draining": "false",
                            "connection_draining_timeout": "300",
                            "cross_zone_load_balancing": "true",
                            "dns_name": "Data-elb-1799511388.us-east-1.elb.amazonaws.com",
                            "health_check.#": "1",
                            "health_check.0.healthy_threshold": "5",
                            "health_check.0.interval": "30",
                            "health_check.0.target": "TCP:22",
                            "health_check.0.timeout": "3",
                            "health_check.0.unhealthy_threshold": "5",
                            "id": "Data-elb",
                            "idle_timeout": "60",
                            "instances.#": "0",
                            "internal": "false",
                            "listener.#": "1",
                            "listener.829854800.instance_port": "22",
                            "listener.829854800.instance_protocol": "tcp",
                            "listener.829854800.lb_port": "22",
                            "listener.829854800.lb_protocol": "tcp",
                            "listener.829854800.ssl_certificate_id": "",
                            "name": "Data-elb",
                            "security_groups.#": "1",
                            "security_groups.2770244066": "sg-0f9944e211cbbf0f1",
                            "source_security_group": "616552976502/Data-SG",
                            "source_security_group_id": "sg-0f9944e211cbbf0f1",
                            "subnets.#": "2",
                            "subnets.2000366502": "subnet-09435d2543d8b91d3",
                            "subnets.706355560": "subnet-0ab161cc28ab68939",
                            "tags.%": "0",
                            "zone_id": "Z35SXDOTRQ7X7K"
                        },
                        "meta": {},
                        "tainted": false
                    },
                    "deposed": [],
                    "provider": "provider.aws"
                },
                "aws_elb.Dexi-elb": {
                    "type": "aws_elb",
                    "depends_on": [
                        "aws_security_group.Dexi-instanceSG",
                        "aws_subnet.Dexi1-Subnet",
                        "aws_subnet.Dexi2-Subnet"
                    ],
                    "primary": {
                        "id": "Dexi-elb",
                        "attributes": {
                            "access_logs.#": "0",
                            "arn": "arn:aws:elasticloadbalancing:us-east-1:616552976502:loadbalancer/Dexi-elb",
                            "availability_zones.#": "2",
                            "availability_zones.1305112097": "us-east-1b",
                            "availability_zones.3569565595": "us-east-1a",
                            "connection_draining": "false",
                            "connection_draining_timeout": "300",
                            "cross_zone_load_balancing": "true",
                            "dns_name": "Dexi-elb-1227919405.us-east-1.elb.amazonaws.com",
                            "health_check.#": "1",
                            "health_check.0.healthy_threshold": "5",
                            "health_check.0.interval": "30",
                            "health_check.0.target": "TCP:22",
                            "health_check.0.timeout": "3",
                            "health_check.0.unhealthy_threshold": "5",
                            "id": "Dexi-elb",
                            "idle_timeout": "60",
                            "instances.#": "0",
                            "internal": "false",
                            "listener.#": "1",
                            "listener.829854800.instance_port": "22",
                            "listener.829854800.instance_protocol": "tcp",
                            "listener.829854800.lb_port": "22",
                            "listener.829854800.lb_protocol": "tcp",
                            "listener.829854800.ssl_certificate_id": "",
                            "name": "Dexi-elb",
                            "security_groups.#": "1",
                            "security_groups.3518284222": "sg-00a543ad6d8a05ad3",
                            "source_security_group": "616552976502/Dexi-SG",
                            "source_security_group_id": "sg-00a543ad6d8a05ad3",
                            "subnets.#": "2",
                            "subnets.2378219038": "subnet-0550227baa03e4342",
                            "subnets.2557628723": "subnet-0f38d9dcaf89498a9",
                            "tags.%": "0",
                            "zone_id": "Z35SXDOTRQ7X7K"
                        },
                        "meta": {},
                        "tainted": false
                    },
                    "deposed": [],
                    "provider": "provider.aws"
                },
                "aws_elb.Drools-elb": {
                    "type": "aws_elb",
                    "depends_on": [
                        "aws_security_group.Drools-instanceSG",
                        "aws_subnet.Drools1-Subnet",
                        "aws_subnet.Drools2-Subnet"
                    ],
                    "primary": {
                        "id": "Drools-elb",
                        "attributes": {
                            "access_logs.#": "0",
                            "arn": "arn:aws:elasticloadbalancing:us-east-1:616552976502:loadbalancer/Drools-elb",
                            "availability_zones.#": "2",
                            "availability_zones.1305112097": "us-east-1b",
                            "availability_zones.3569565595": "us-east-1a",
                            "connection_draining": "false",
                            "connection_draining_timeout": "300",
                            "cross_zone_load_balancing": "true",
                            "dns_name": "Drools-elb-187873475.us-east-1.elb.amazonaws.com",
                            "health_check.#": "1",
                            "health_check.0.healthy_threshold": "5",
                            "health_check.0.interval": "30",
                            "health_check.0.target": "TCP:22",
                            "health_check.0.timeout": "3",
                            "health_check.0.unhealthy_threshold": "5",
                            "id": "Drools-elb",
                            "idle_timeout": "60",
                            "instances.#": "0",
                            "internal": "false",
                            "listener.#": "1",
                            "listener.829854800.instance_port": "22",
                            "listener.829854800.instance_protocol": "tcp",
                            "listener.829854800.lb_port": "22",
                            "listener.829854800.lb_protocol": "tcp",
                            "listener.829854800.ssl_certificate_id": "",
                            "name": "Drools-elb",
                            "security_groups.#": "1",
                            "security_groups.3983308393": "sg-0d58b0a196fee7a69",
                            "source_security_group": "616552976502/Drools-SG",
                            "source_security_group_id": "sg-0d58b0a196fee7a69",
                            "subnets.#": "2",
                            "subnets.1906322764": "subnet-0febc15d0e38d1707",
                            "subnets.2033764473": "subnet-00c2308858760f4af",
                            "tags.%": "0",
                            "zone_id": "Z35SXDOTRQ7X7K"
                        },
                        "meta": {},
                        "tainted": false
                    },
                    "deposed": [],
                    "provider": "provider.aws"
                },
                "aws_elb.Drupal-elb": {
                    "type": "aws_elb",
                    "depends_on": [
                        "aws_security_group.Drupal-instanceSG",
                        "aws_subnet.Drupal1-Subnet",
                        "aws_subnet.Drupal2-Subnet"
                    ],
                    "primary": {
                        "id": "Drupal-elb",
                        "attributes": {
                            "access_logs.#": "0",
                            "arn": "arn:aws:elasticloadbalancing:us-east-1:616552976502:loadbalancer/Drupal-elb",
                            "availability_zones.#": "2",
                            "availability_zones.1305112097": "us-east-1b",
                            "availability_zones.3569565595": "us-east-1a",
                            "connection_draining": "false",
                            "connection_draining_timeout": "300",
                            "cross_zone_load_balancing": "true",
                            "dns_name": "Drupal-elb-2104703285.us-east-1.elb.amazonaws.com",
                            "health_check.#": "1",
                            "health_check.0.healthy_threshold": "5",
                            "health_check.0.interval": "30",
                            "health_check.0.target": "TCP:22",
                            "health_check.0.timeout": "3",
                            "health_check.0.unhealthy_threshold": "5",
                            "id": "Drupal-elb",
                            "idle_timeout": "60",
                            "instances.#": "0",
                            "internal": "false",
                            "listener.#": "1",
                            "listener.829854800.instance_port": "22",
                            "listener.829854800.instance_protocol": "tcp",
                            "listener.829854800.lb_port": "22",
                            "listener.829854800.lb_protocol": "tcp",
                            "listener.829854800.ssl_certificate_id": "",
                            "name": "Drupal-elb",
                            "security_groups.#": "1",
                            "security_groups.1323155708": "sg-0ab4afef5f904dd27",
                            "source_security_group": "616552976502/Drupal-SG",
                            "source_security_group_id": "sg-0ab4afef5f904dd27",
                            "subnets.#": "2",
                            "subnets.3317254005": "subnet-06b3adf4026ac4812",
                            "subnets.3445137029": "subnet-00ed09bbc52fe8040",
                            "tags.%": "0",
                            "zone_id": "Z35SXDOTRQ7X7K"
                        },
                        "meta": {},
                        "tainted": false
                    },
                    "deposed": [],
                    "provider": "provider.aws"
                },
                "aws_elb.Guvnor-elb": {
                    "type": "aws_elb",
                    "depends_on": [
                        "aws_security_group.Guvnor-instanceSG",
                        "aws_subnet.Guvnor1-Subnet",
                        "aws_subnet.Guvnor2-Subnet"
                    ],
                    "primary": {
                        "id": "Guvnor-elb",
                        "attributes": {
                            "access_logs.#": "0",
                            "arn": "arn:aws:elasticloadbalancing:us-east-1:616552976502:loadbalancer/Guvnor-elb",
                            "availability_zones.#": "2",
                            "availability_zones.1305112097": "us-east-1b",
                            "availability_zones.3569565595": "us-east-1a",
                            "connection_draining": "false",
                            "connection_draining_timeout": "300",
                            "cross_zone_load_balancing": "true",
                            "dns_name": "Guvnor-elb-1147811689.us-east-1.elb.amazonaws.com",
                            "health_check.#": "1",
                            "health_check.0.healthy_threshold": "5",
                            "health_check.0.interval": "30",
                            "health_check.0.target": "TCP:22",
                            "health_check.0.timeout": "3",
                            "health_check.0.unhealthy_threshold": "5",
                            "id": "Guvnor-elb",
                            "idle_timeout": "60",
                            "instances.#": "0",
                            "internal": "false",
                            "listener.#": "1",
                            "listener.829854800.instance_port": "22",
                            "listener.829854800.instance_protocol": "tcp",
                            "listener.829854800.lb_port": "22",
                            "listener.829854800.lb_protocol": "tcp",
                            "listener.829854800.ssl_certificate_id": "",
                            "name": "Guvnor-elb",
                            "security_groups.#": "1",
                            "security_groups.4235016777": "sg-0f220759fd7b5284a",
                            "source_security_group": "616552976502/Guvnor-SG",
                            "source_security_group_id": "sg-0f220759fd7b5284a",
                            "subnets.#": "2",
                            "subnets.110084078": "subnet-01db4d39772ea46ce",
                            "subnets.2404559608": "subnet-0c8b76213caac8bb2",
                            "tags.%": "0",
                            "zone_id": "Z35SXDOTRQ7X7K"
                        },
                        "meta": {},
                        "tainted": false
                    },
                    "deposed": [],
                    "provider": "provider.aws"
                },
                "aws_elb.SmartSearch-elb": {
                    "type": "aws_elb",
                    "depends_on": [
                        "aws_security_group.SmartSearch-instanceSG",
                        "aws_subnet.SmartSearch1-Subnet",
                        "aws_subnet.SmartSearch2-Subnet"
                    ],
                    "primary": {
                        "id": "SmartSearch-elb",
                        "attributes": {
                            "access_logs.#": "0",
                            "arn": "arn:aws:elasticloadbalancing:us-east-1:616552976502:loadbalancer/SmartSearch-elb",
                            "availability_zones.#": "2",
                            "availability_zones.1305112097": "us-east-1b",
                            "availability_zones.3569565595": "us-east-1a",
                            "connection_draining": "false",
                            "connection_draining_timeout": "300",
                            "cross_zone_load_balancing": "true",
                            "dns_name": "SmartSearch-elb-704519940.us-east-1.elb.amazonaws.com",
                            "health_check.#": "1",
                            "health_check.0.healthy_threshold": "5",
                            "health_check.0.interval": "30",
                            "health_check.0.target": "TCP:22",
                            "health_check.0.timeout": "3",
                            "health_check.0.unhealthy_threshold": "5",
                            "id": "SmartSearch-elb",
                            "idle_timeout": "60",
                            "instances.#": "0",
                            "internal": "false",
                            "listener.#": "1",
                            "listener.829854800.instance_port": "22",
                            "listener.829854800.instance_protocol": "tcp",
                            "listener.829854800.lb_port": "22",
                            "listener.829854800.lb_protocol": "tcp",
                            "listener.829854800.ssl_certificate_id": "",
                            "name": "SmartSearch-elb",
                            "security_groups.#": "1",
                            "security_groups.1254605636": "sg-0e97eb89cce2013c9",
                            "source_security_group": "616552976502/SmartSearch-SG",
                            "source_security_group_id": "sg-0e97eb89cce2013c9",
                            "subnets.#": "2",
                            "subnets.1180959212": "subnet-0b612628076cce521",
                            "subnets.3555320330": "subnet-0ac6d590c2df32325",
                            "tags.%": "0",
                            "zone_id": "Z35SXDOTRQ7X7K"
                        },
                        "meta": {},
                        "tainted": false
                    },
                    "deposed": [],
                    "provider": "provider.aws"
                },
                "aws_instance.NAT": {
                    "type": "aws_instance",
                    "depends_on": [
                        "aws_security_group.NAT-instanceSG",
                        "aws_subnet.NAT-Subnet"
                    ],
                    "primary": {
                        "id": "i-005c213cc5aed49d6",
                        "attributes": {
                            "ami": "ami-7f3d3705",
                            "associate_public_ip_address": "true",
                            "availability_zone": "us-east-1a",
                            "disable_api_termination": "false",
                            "ebs_block_device.#": "0",
                            "ebs_optimized": "false",
                            "ephemeral_block_device.#": "0",
                            "iam_instance_profile": "",
                            "id": "i-005c213cc5aed49d6",
                            "instance_state": "running",
                            "instance_type": "t2.micro",
                            "ipv6_addresses.#": "0",
                            "key_name": "DAIP-BastionHost",
                            "monitoring": "false",
                            "network_interface.#": "0",
                            "network_interface_id": "eni-0b3791cca98eb4931",
                            "placement_group": "",
                            "primary_network_interface_id": "eni-0b3791cca98eb4931",
                            "private_dns": "ip-10-0-10-241.ec2.internal",
                            "private_ip": "10.0.10.241",
                            "public_dns": "",
                            "public_ip": "34.207.89.197",
                            "root_block_device.#": "1",
                            "root_block_device.0.delete_on_termination": "true",
                            "root_block_device.0.iops": "100",
                            "root_block_device.0.volume_id": "vol-02c09fc736ebf7358",
                            "root_block_device.0.volume_size": "8",
                            "root_block_device.0.volume_type": "gp2",
                            "security_groups.#": "0",
                            "source_dest_check": "false",
                            "subnet_id": "subnet-0aa6a053667955f15",
                            "tags.%": "1",
                            "tags.Name": "DAIP-NAT",
                            "tenancy": "default",
                            "volume_tags.%": "0",
                            "vpc_security_group_ids.#": "1",
                            "vpc_security_group_ids.4052198938": "sg-0ac80a6174c4d0099"
                        },
                        "meta": {
                            "e2bfb730-ecaa-11e6-8f88-34363bc7c4c0": {
                                "create": 600000000000,
                                "delete": 600000000000,
                                "update": 600000000000
                            },
                            "schema_version": "1"
                        },
                        "tainted": false
                    },
                    "deposed": [],
                    "provider": "provider.aws"
                },
                "aws_internet_gateway.gw": {
                    "type": "aws_internet_gateway",
                    "depends_on": [
                        "aws_vpc.DAIP-VPC"
                    ],
                    "primary": {
                        "id": "igw-0bfd60ca59ab573ff",
                        "attributes": {
                            "id": "igw-0bfd60ca59ab573ff",
                            "tags.%": "1",
                            "tags.Name": "DAIP-IGW",
                            "vpc_id": "vpc-0482aaeb36efebf62"
                        },
                        "meta": {},
                        "tainted": false
                    },
                    "deposed": [],
                    "provider": "provider.aws"
                },
                "aws_launch_configuration.Bastion-LG": {
                    "type": "aws_launch_configuration",
                    "depends_on": [
                        "aws_security_group.Bastion-instanceSG"
                    ],
                    "primary": {
                        "id": "terraform-20180217185841386300000006",
                        "attributes": {
                            "associate_public_ip_address": "false",
                            "ebs_block_device.#": "2",
                            "ebs_block_device.1631469128.delete_on_termination": "true",
                            "ebs_block_device.1631469128.device_name": "/dev/xvdb",
                            "ebs_block_device.1631469128.encrypted": "false",
                            "ebs_block_device.1631469128.iops": "0",
                            "ebs_block_device.1631469128.snapshot_id": "",
                            "ebs_block_device.1631469128.volume_size": "8",
                            "ebs_block_device.1631469128.volume_type": "gp2",
                            "ebs_block_device.3993703389.delete_on_termination": "true",
                            "ebs_block_device.3993703389.device_name": "/dev/xvdc",
                            "ebs_block_device.3993703389.encrypted": "false",
                            "ebs_block_device.3993703389.iops": "0",
                            "ebs_block_device.3993703389.snapshot_id": "",
                            "ebs_block_device.3993703389.volume_size": "8",
                            "ebs_block_device.3993703389.volume_type": "gp2",
                            "ebs_optimized": "false",
                            "enable_monitoring": "true",
                            "ephemeral_block_device.#": "0",
                            "iam_instance_profile": "",
                            "id": "terraform-20180217185841386300000006",
                            "image_id": "ami-833d2ef9",
                            "instance_type": "t2.micro",
                            "key_name": "DAIP-BastionHost",
                            "name": "terraform-20180217185841386300000006",
                            "root_block_device.#": "0",
                            "security_groups.#": "1",
                            "security_groups.2398879458": "sg-0d247ce8ab7dab426",
                            "spot_price": "",
                            "vpc_classic_link_id": "",
                            "vpc_classic_link_security_groups.#": "0"
                        },
                        "meta": {},
                        "tainted": false
                    },
                    "deposed": [],
                    "provider": "provider.aws"
                },
                "aws_launch_configuration.Dexi-LG": {
                    "type": "aws_launch_configuration",
                    "depends_on": [
                        "aws_security_group.Dexi-instanceSG"
                    ],
                    "primary": {
                        "id": "terraform-20180217185839804100000002",
                        "attributes": {
                            "associate_public_ip_address": "false",
                            "ebs_block_device.#": "2",
                            "ebs_block_device.1631469128.delete_on_termination": "true",
                            "ebs_block_device.1631469128.device_name": "/dev/xvdb",
                            "ebs_block_device.1631469128.encrypted": "false",
                            "ebs_block_device.1631469128.iops": "0",
                            "ebs_block_device.1631469128.snapshot_id": "",
                            "ebs_block_device.1631469128.volume_size": "8",
                            "ebs_block_device.1631469128.volume_type": "gp2",
                            "ebs_block_device.3993703389.delete_on_termination": "true",
                            "ebs_block_device.3993703389.device_name": "/dev/xvdc",
                            "ebs_block_device.3993703389.encrypted": "false",
                            "ebs_block_device.3993703389.iops": "0",
                            "ebs_block_device.3993703389.snapshot_id": "",
                            "ebs_block_device.3993703389.volume_size": "8",
                            "ebs_block_device.3993703389.volume_type": "gp2",
                            "ebs_optimized": "false",
                            "enable_monitoring": "true",
                            "ephemeral_block_device.#": "0",
                            "iam_instance_profile": "",
                            "id": "terraform-20180217185839804100000002",
                            "image_id": "ami-26ebbc5c",
                            "instance_type": "t2.micro",
                            "key_name": "DAIP-BastionHost",
                            "name": "terraform-20180217185839804100000002",
                            "root_block_device.#": "0",
                            "security_groups.#": "1",
                            "security_groups.3518284222": "sg-00a543ad6d8a05ad3",
                            "spot_price": "",
                            "vpc_classic_link_id": "",
                            "vpc_classic_link_security_groups.#": "0"
                        },
                        "meta": {},
                        "tainted": false
                    },
                    "deposed": [],
                    "provider": "provider.aws"
                },
                "aws_launch_configuration.Drools-LG": {
                    "type": "aws_launch_configuration",
                    "depends_on": [
                        "aws_security_group.Drools-instanceSG"
                    ],
                    "primary": {
                        "id": "terraform-20180217185839894000000003",
                        "attributes": {
                            "associate_public_ip_address": "false",
                            "ebs_block_device.#": "2",
                            "ebs_block_device.1631469128.delete_on_termination": "true",
                            "ebs_block_device.1631469128.device_name": "/dev/xvdb",
                            "ebs_block_device.1631469128.encrypted": "false",
                            "ebs_block_device.1631469128.iops": "0",
                            "ebs_block_device.1631469128.snapshot_id": "",
                            "ebs_block_device.1631469128.volume_size": "8",
                            "ebs_block_device.1631469128.volume_type": "gp2",
                            "ebs_block_device.3993703389.delete_on_termination": "true",
                            "ebs_block_device.3993703389.device_name": "/dev/xvdc",
                            "ebs_block_device.3993703389.encrypted": "false",
                            "ebs_block_device.3993703389.iops": "0",
                            "ebs_block_device.3993703389.snapshot_id": "",
                            "ebs_block_device.3993703389.volume_size": "8",
                            "ebs_block_device.3993703389.volume_type": "gp2",
                            "ebs_optimized": "false",
                            "enable_monitoring": "true",
                            "ephemeral_block_device.#": "0",
                            "iam_instance_profile": "",
                            "id": "terraform-20180217185839894000000003",
                            "image_id": "ami-26ebbc5c",
                            "instance_type": "t2.micro",
                            "key_name": "DAIP-BastionHost",
                            "name": "terraform-20180217185839894000000003",
                            "root_block_device.#": "0",
                            "security_groups.#": "1",
                            "security_groups.3983308393": "sg-0d58b0a196fee7a69",
                            "spot_price": "",
                            "vpc_classic_link_id": "",
                            "vpc_classic_link_security_groups.#": "0"
                        },
                        "meta": {},
                        "tainted": false
                    },
                    "deposed": [],
                    "provider": "provider.aws"
                },
                "aws_launch_configuration.Drupal-LG": {
                    "type": "aws_launch_configuration",
                    "depends_on": [
                        "aws_security_group.Drupal-instanceSG"
                    ],
                    "primary": {
                        "id": "terraform-20180217185840379000000004",
                        "attributes": {
                            "associate_public_ip_address": "false",
                            "ebs_block_device.#": "2",
                            "ebs_block_device.1631469128.delete_on_termination": "true",
                            "ebs_block_device.1631469128.device_name": "/dev/xvdb",
                            "ebs_block_device.1631469128.encrypted": "false",
                            "ebs_block_device.1631469128.iops": "0",
                            "ebs_block_device.1631469128.snapshot_id": "",
                            "ebs_block_device.1631469128.volume_size": "8",
                            "ebs_block_device.1631469128.volume_type": "gp2",
                            "ebs_block_device.3993703389.delete_on_termination": "true",
                            "ebs_block_device.3993703389.device_name": "/dev/xvdc",
                            "ebs_block_device.3993703389.encrypted": "false",
                            "ebs_block_device.3993703389.iops": "0",
                            "ebs_block_device.3993703389.snapshot_id": "",
                            "ebs_block_device.3993703389.volume_size": "8",
                            "ebs_block_device.3993703389.volume_type": "gp2",
                            "ebs_optimized": "false",
                            "enable_monitoring": "true",
                            "ephemeral_block_device.#": "0",
                            "iam_instance_profile": "",
                            "id": "terraform-20180217185840379000000004",
                            "image_id": "ami-26ebbc5c",
                            "instance_type": "t2.micro",
                            "key_name": "DAIP-BastionHost",
                            "name": "terraform-20180217185840379000000004",
                            "root_block_device.#": "0",
                            "security_groups.#": "1",
                            "security_groups.1323155708": "sg-0ab4afef5f904dd27",
                            "spot_price": "",
                            "vpc_classic_link_id": "",
                            "vpc_classic_link_security_groups.#": "0"
                        },
                        "meta": {},
                        "tainted": false
                    },
                    "deposed": [],
                    "provider": "provider.aws"
                },
                "aws_launch_configuration.Guvnor-LG": {
                    "type": "aws_launch_configuration",
                    "depends_on": [
                        "aws_security_group.Guvnor-instanceSG"
                    ],
                    "primary": {
                        "id": "terraform-20180217185838330900000001",
                        "attributes": {
                            "associate_public_ip_address": "false",
                            "ebs_block_device.#": "2",
                            "ebs_block_device.1631469128.delete_on_termination": "true",
                            "ebs_block_device.1631469128.device_name": "/dev/xvdb",
                            "ebs_block_device.1631469128.encrypted": "false",
                            "ebs_block_device.1631469128.iops": "0",
                            "ebs_block_device.1631469128.snapshot_id": "",
                            "ebs_block_device.1631469128.volume_size": "8",
                            "ebs_block_device.1631469128.volume_type": "gp2",
                            "ebs_block_device.3993703389.delete_on_termination": "true",
                            "ebs_block_device.3993703389.device_name": "/dev/xvdc",
                            "ebs_block_device.3993703389.encrypted": "false",
                            "ebs_block_device.3993703389.iops": "0",
                            "ebs_block_device.3993703389.snapshot_id": "",
                            "ebs_block_device.3993703389.volume_size": "8",
                            "ebs_block_device.3993703389.volume_type": "gp2",
                            "ebs_optimized": "false",
                            "enable_monitoring": "true",
                            "ephemeral_block_device.#": "0",
                            "iam_instance_profile": "",
                            "id": "terraform-20180217185838330900000001",
                            "image_id": "ami-26ebbc5c",
                            "instance_type": "t2.micro",
                            "key_name": "DAIP-BastionHost",
                            "name": "terraform-20180217185838330900000001",
                            "root_block_device.#": "0",
                            "security_groups.#": "1",
                            "security_groups.4235016777": "sg-0f220759fd7b5284a",
                            "spot_price": "",
                            "vpc_classic_link_id": "",
                            "vpc_classic_link_security_groups.#": "0"
                        },
                        "meta": {},
                        "tainted": false
                    },
                    "deposed": [],
                    "provider": "provider.aws"
                },
                "aws_launch_configuration.SmartSearch-LG": {
                    "type": "aws_launch_configuration",
                    "depends_on": [
                        "aws_security_group.SmartSearch-instanceSG"
                    ],
                    "primary": {
                        "id": "terraform-20180217185840518800000005",
                        "attributes": {
                            "associate_public_ip_address": "false",
                            "ebs_block_device.#": "2",
                            "ebs_block_device.1631469128.delete_on_termination": "true",
                            "ebs_block_device.1631469128.device_name": "/dev/xvdb",
                            "ebs_block_device.1631469128.encrypted": "false",
                            "ebs_block_device.1631469128.iops": "0",
                            "ebs_block_device.1631469128.snapshot_id": "",
                            "ebs_block_device.1631469128.volume_size": "8",
                            "ebs_block_device.1631469128.volume_type": "gp2",
                            "ebs_block_device.3993703389.delete_on_termination": "true",
                            "ebs_block_device.3993703389.device_name": "/dev/xvdc",
                            "ebs_block_device.3993703389.encrypted": "false",
                            "ebs_block_device.3993703389.iops": "0",
                            "ebs_block_device.3993703389.snapshot_id": "",
                            "ebs_block_device.3993703389.volume_size": "8",
                            "ebs_block_device.3993703389.volume_type": "gp2",
                            "ebs_optimized": "false",
                            "enable_monitoring": "true",
                            "ephemeral_block_device.#": "0",
                            "iam_instance_profile": "",
                            "id": "terraform-20180217185840518800000005",
                            "image_id": "ami-26ebbc5c",
                            "instance_type": "t2.micro",
                            "key_name": "DAIP-BastionHost",
                            "name": "terraform-20180217185840518800000005",
                            "root_block_device.#": "0",
                            "security_groups.#": "1",
                            "security_groups.1254605636": "sg-0e97eb89cce2013c9",
                            "spot_price": "",
                            "vpc_classic_link_id": "",
                            "vpc_classic_link_security_groups.#": "0"
                        },
                        "meta": {},
                        "tainted": false
                    },
                    "deposed": [],
                    "provider": "provider.aws"
                },
                "aws_route_table.Bastion1-RTB": {
                    "type": "aws_route_table",
                    "depends_on": [
                        "aws_internet_gateway.gw",
                        "aws_vpc.DAIP-VPC"
                    ],
                    "primary": {
                        "id": "rtb-0520a143d33d165be",
                        "attributes": {
                            "id": "rtb-0520a143d33d165be",
                            "propagating_vgws.#": "0",
                            "route.#": "1",
                            "route.3846423659.cidr_block": "0.0.0.0/0",
                            "route.3846423659.egress_only_gateway_id": "",
                            "route.3846423659.gateway_id": "igw-0bfd60ca59ab573ff",
                            "route.3846423659.instance_id": "",
                            "route.3846423659.ipv6_cidr_block": "",
                            "route.3846423659.nat_gateway_id": "",
                            "route.3846423659.network_interface_id": "",
                            "route.3846423659.vpc_peering_connection_id": "",
                            "tags.%": "0",
                            "vpc_id": "vpc-0482aaeb36efebf62"
                        },
                        "meta": {},
                        "tainted": false
                    },
                    "deposed": [],
                    "provider": "provider.aws"
                },
                "aws_route_table.Data1-RTB": {
                    "type": "aws_route_table",
                    "depends_on": [
                        "aws_internet_gateway.gw",
                        "aws_vpc.DAIP-VPC"
                    ],
                    "primary": {
                        "id": "rtb-0777651986dc95cf7",
                        "attributes": {
                            "id": "rtb-0777651986dc95cf7",
                            "propagating_vgws.#": "0",
                            "route.#": "1",
                            "route.3846423659.cidr_block": "0.0.0.0/0",
                            "route.3846423659.egress_only_gateway_id": "",
                            "route.3846423659.gateway_id": "igw-0bfd60ca59ab573ff",
                            "route.3846423659.instance_id": "",
                            "route.3846423659.ipv6_cidr_block": "",
                            "route.3846423659.nat_gateway_id": "",
                            "route.3846423659.network_interface_id": "",
                            "route.3846423659.vpc_peering_connection_id": "",
                            "tags.%": "0",
                            "vpc_id": "vpc-0482aaeb36efebf62"
                        },
                        "meta": {},
                        "tainted": false
                    },
                    "deposed": [],
                    "provider": "provider.aws"
                },
                "aws_route_table.Data2-RTB": {
                    "type": "aws_route_table",
                    "depends_on": [
                        "aws_internet_gateway.gw",
                        "aws_vpc.DAIP-VPC"
                    ],
                    "primary": {
                        "id": "rtb-071449ec94b2c3d8c",
                        "attributes": {
                            "id": "rtb-071449ec94b2c3d8c",
                            "propagating_vgws.#": "0",
                            "route.#": "1",
                            "route.3846423659.cidr_block": "0.0.0.0/0",
                            "route.3846423659.egress_only_gateway_id": "",
                            "route.3846423659.gateway_id": "igw-0bfd60ca59ab573ff",
                            "route.3846423659.instance_id": "",
                            "route.3846423659.ipv6_cidr_block": "",
                            "route.3846423659.nat_gateway_id": "",
                            "route.3846423659.network_interface_id": "",
                            "route.3846423659.vpc_peering_connection_id": "",
                            "tags.%": "0",
                            "vpc_id": "vpc-0482aaeb36efebf62"
                        },
                        "meta": {},
                        "tainted": false
                    },
                    "deposed": [],
                    "provider": "provider.aws"
                },
                "aws_route_table.Dexi1-RTB": {
                    "type": "aws_route_table",
                    "depends_on": [
                        "aws_internet_gateway.gw",
                        "aws_vpc.DAIP-VPC"
                    ],
                    "primary": {
                        "id": "rtb-07cb00527024a9b45",
                        "attributes": {
                            "id": "rtb-07cb00527024a9b45",
                            "propagating_vgws.#": "0",
                            "route.#": "1",
                            "route.3846423659.cidr_block": "0.0.0.0/0",
                            "route.3846423659.egress_only_gateway_id": "",
                            "route.3846423659.gateway_id": "igw-0bfd60ca59ab573ff",
                            "route.3846423659.instance_id": "",
                            "route.3846423659.ipv6_cidr_block": "",
                            "route.3846423659.nat_gateway_id": "",
                            "route.3846423659.network_interface_id": "",
                            "route.3846423659.vpc_peering_connection_id": "",
                            "tags.%": "0",
                            "vpc_id": "vpc-0482aaeb36efebf62"
                        },
                        "meta": {},
                        "tainted": false
                    },
                    "deposed": [],
                    "provider": "provider.aws"
                },
                "aws_route_table.Dexi2-RTB": {
                    "type": "aws_route_table",
                    "depends_on": [
                        "aws_internet_gateway.gw",
                        "aws_vpc.DAIP-VPC"
                    ],
                    "primary": {
                        "id": "rtb-067b791bc6a34f754",
                        "attributes": {
                            "id": "rtb-067b791bc6a34f754",
                            "propagating_vgws.#": "0",
                            "route.#": "1",
                            "route.3846423659.cidr_block": "0.0.0.0/0",
                            "route.3846423659.egress_only_gateway_id": "",
                            "route.3846423659.gateway_id": "igw-0bfd60ca59ab573ff",
                            "route.3846423659.instance_id": "",
                            "route.3846423659.ipv6_cidr_block": "",
                            "route.3846423659.nat_gateway_id": "",
                            "route.3846423659.network_interface_id": "",
                            "route.3846423659.vpc_peering_connection_id": "",
                            "tags.%": "0",
                            "vpc_id": "vpc-0482aaeb36efebf62"
                        },
                        "meta": {},
                        "tainted": false
                    },
                    "deposed": [],
                    "provider": "provider.aws"
                },
                "aws_route_table.Drools1-RTB": {
                    "type": "aws_route_table",
                    "depends_on": [
                        "aws_internet_gateway.gw",
                        "aws_vpc.DAIP-VPC"
                    ],
                    "primary": {
                        "id": "rtb-0d1c0fcdd72c1fc6e",
                        "attributes": {
                            "id": "rtb-0d1c0fcdd72c1fc6e",
                            "propagating_vgws.#": "0",
                            "route.#": "1",
                            "route.3846423659.cidr_block": "0.0.0.0/0",
                            "route.3846423659.egress_only_gateway_id": "",
                            "route.3846423659.gateway_id": "igw-0bfd60ca59ab573ff",
                            "route.3846423659.instance_id": "",
                            "route.3846423659.ipv6_cidr_block": "",
                            "route.3846423659.nat_gateway_id": "",
                            "route.3846423659.network_interface_id": "",
                            "route.3846423659.vpc_peering_connection_id": "",
                            "tags.%": "0",
                            "vpc_id": "vpc-0482aaeb36efebf62"
                        },
                        "meta": {},
                        "tainted": false
                    },
                    "deposed": [],
                    "provider": "provider.aws"
                },
                "aws_route_table.Drools2-RTB": {
                    "type": "aws_route_table",
                    "depends_on": [
                        "aws_internet_gateway.gw",
                        "aws_vpc.DAIP-VPC"
                    ],
                    "primary": {
                        "id": "rtb-0b7c0ca9cf8a864da",
                        "attributes": {
                            "id": "rtb-0b7c0ca9cf8a864da",
                            "propagating_vgws.#": "0",
                            "route.#": "1",
                            "route.3846423659.cidr_block": "0.0.0.0/0",
                            "route.3846423659.egress_only_gateway_id": "",
                            "route.3846423659.gateway_id": "igw-0bfd60ca59ab573ff",
                            "route.3846423659.instance_id": "",
                            "route.3846423659.ipv6_cidr_block": "",
                            "route.3846423659.nat_gateway_id": "",
                            "route.3846423659.network_interface_id": "",
                            "route.3846423659.vpc_peering_connection_id": "",
                            "tags.%": "0",
                            "vpc_id": "vpc-0482aaeb36efebf62"
                        },
                        "meta": {},
                        "tainted": false
                    },
                    "deposed": [],
                    "provider": "provider.aws"
                },
                "aws_route_table.Drupal1-RTB": {
                    "type": "aws_route_table",
                    "depends_on": [
                        "aws_internet_gateway.gw",
                        "aws_vpc.DAIP-VPC"
                    ],
                    "primary": {
                        "id": "rtb-0d0d49403738150c2",
                        "attributes": {
                            "id": "rtb-0d0d49403738150c2",
                            "propagating_vgws.#": "0",
                            "route.#": "1",
                            "route.3846423659.cidr_block": "0.0.0.0/0",
                            "route.3846423659.egress_only_gateway_id": "",
                            "route.3846423659.gateway_id": "igw-0bfd60ca59ab573ff",
                            "route.3846423659.instance_id": "",
                            "route.3846423659.ipv6_cidr_block": "",
                            "route.3846423659.nat_gateway_id": "",
                            "route.3846423659.network_interface_id": "",
                            "route.3846423659.vpc_peering_connection_id": "",
                            "tags.%": "0",
                            "vpc_id": "vpc-0482aaeb36efebf62"
                        },
                        "meta": {},
                        "tainted": false
                    },
                    "deposed": [],
                    "provider": "provider.aws"
                },
                "aws_route_table.Drupal2-RTB": {
                    "type": "aws_route_table",
                    "depends_on": [
                        "aws_internet_gateway.gw",
                        "aws_vpc.DAIP-VPC"
                    ],
                    "primary": {
                        "id": "rtb-0b25884357e16381e",
                        "attributes": {
                            "id": "rtb-0b25884357e16381e",
                            "propagating_vgws.#": "0",
                            "route.#": "1",
                            "route.3846423659.cidr_block": "0.0.0.0/0",
                            "route.3846423659.egress_only_gateway_id": "",
                            "route.3846423659.gateway_id": "igw-0bfd60ca59ab573ff",
                            "route.3846423659.instance_id": "",
                            "route.3846423659.ipv6_cidr_block": "",
                            "route.3846423659.nat_gateway_id": "",
                            "route.3846423659.network_interface_id": "",
                            "route.3846423659.vpc_peering_connection_id": "",
                            "tags.%": "0",
                            "vpc_id": "vpc-0482aaeb36efebf62"
                        },
                        "meta": {},
                        "tainted": false
                    },
                    "deposed": [],
                    "provider": "provider.aws"
                },
                "aws_route_table.Guvnor1-RTB": {
                    "type": "aws_route_table",
                    "depends_on": [
                        "aws_internet_gateway.gw",
                        "aws_vpc.DAIP-VPC"
                    ],
                    "primary": {
                        "id": "rtb-08bc68328c664067d",
                        "attributes": {
                            "id": "rtb-08bc68328c664067d",
                            "propagating_vgws.#": "0",
                            "route.#": "1",
                            "route.3846423659.cidr_block": "0.0.0.0/0",
                            "route.3846423659.egress_only_gateway_id": "",
                            "route.3846423659.gateway_id": "igw-0bfd60ca59ab573ff",
                            "route.3846423659.instance_id": "",
                            "route.3846423659.ipv6_cidr_block": "",
                            "route.3846423659.nat_gateway_id": "",
                            "route.3846423659.network_interface_id": "",
                            "route.3846423659.vpc_peering_connection_id": "",
                            "tags.%": "0",
                            "vpc_id": "vpc-0482aaeb36efebf62"
                        },
                        "meta": {},
                        "tainted": false
                    },
                    "deposed": [],
                    "provider": "provider.aws"
                },
                "aws_route_table.Guvnor2-RTB": {
                    "type": "aws_route_table",
                    "depends_on": [
                        "aws_internet_gateway.gw",
                        "aws_vpc.DAIP-VPC"
                    ],
                    "primary": {
                        "id": "rtb-03ce2dcc133958b6c",
                        "attributes": {
                            "id": "rtb-03ce2dcc133958b6c",
                            "propagating_vgws.#": "0",
                            "route.#": "1",
                            "route.3846423659.cidr_block": "0.0.0.0/0",
                            "route.3846423659.egress_only_gateway_id": "",
                            "route.3846423659.gateway_id": "igw-0bfd60ca59ab573ff",
                            "route.3846423659.instance_id": "",
                            "route.3846423659.ipv6_cidr_block": "",
                            "route.3846423659.nat_gateway_id": "",
                            "route.3846423659.network_interface_id": "",
                            "route.3846423659.vpc_peering_connection_id": "",
                            "tags.%": "0",
                            "vpc_id": "vpc-0482aaeb36efebf62"
                        },
                        "meta": {},
                        "tainted": false
                    },
                    "deposed": [],
                    "provider": "provider.aws"
                },
                "aws_route_table.NAT-RTB": {
                    "type": "aws_route_table",
                    "depends_on": [
                        "aws_internet_gateway.gw",
                        "aws_vpc.DAIP-VPC"
                    ],
                    "primary": {
                        "id": "rtb-0cec0e1fc641fe9cb",
                        "attributes": {
                            "id": "rtb-0cec0e1fc641fe9cb",
                            "propagating_vgws.#": "0",
                            "route.#": "1",
                            "route.3846423659.cidr_block": "0.0.0.0/0",
                            "route.3846423659.egress_only_gateway_id": "",
                            "route.3846423659.gateway_id": "igw-0bfd60ca59ab573ff",
                            "route.3846423659.instance_id": "",
                            "route.3846423659.ipv6_cidr_block": "",
                            "route.3846423659.nat_gateway_id": "",
                            "route.3846423659.network_interface_id": "",
                            "route.3846423659.vpc_peering_connection_id": "",
                            "tags.%": "0",
                            "vpc_id": "vpc-0482aaeb36efebf62"
                        },
                        "meta": {},
                        "tainted": false
                    },
                    "deposed": [],
                    "provider": "provider.aws"
                },
                "aws_route_table.SmartSearch1-RTB": {
                    "type": "aws_route_table",
                    "depends_on": [
                        "aws_internet_gateway.gw",
                        "aws_vpc.DAIP-VPC"
                    ],
                    "primary": {
                        "id": "rtb-035b3b4513cec8cd7",
                        "attributes": {
                            "id": "rtb-035b3b4513cec8cd7",
                            "propagating_vgws.#": "0",
                            "route.#": "1",
                            "route.3846423659.cidr_block": "0.0.0.0/0",
                            "route.3846423659.egress_only_gateway_id": "",
                            "route.3846423659.gateway_id": "igw-0bfd60ca59ab573ff",
                            "route.3846423659.instance_id": "",
                            "route.3846423659.ipv6_cidr_block": "",
                            "route.3846423659.nat_gateway_id": "",
                            "route.3846423659.network_interface_id": "",
                            "route.3846423659.vpc_peering_connection_id": "",
                            "tags.%": "0",
                            "vpc_id": "vpc-0482aaeb36efebf62"
                        },
                        "meta": {},
                        "tainted": false
                    },
                    "deposed": [],
                    "provider": "provider.aws"
                },
                "aws_route_table.SmartSearch2-RTB": {
                    "type": "aws_route_table",
                    "depends_on": [
                        "aws_internet_gateway.gw",
                        "aws_vpc.DAIP-VPC"
                    ],
                    "primary": {
                        "id": "rtb-0833e6c6616aab4df",
                        "attributes": {
                            "id": "rtb-0833e6c6616aab4df",
                            "propagating_vgws.#": "0",
                            "route.#": "1",
                            "route.3846423659.cidr_block": "0.0.0.0/0",
                            "route.3846423659.egress_only_gateway_id": "",
                            "route.3846423659.gateway_id": "igw-0bfd60ca59ab573ff",
                            "route.3846423659.instance_id": "",
                            "route.3846423659.ipv6_cidr_block": "",
                            "route.3846423659.nat_gateway_id": "",
                            "route.3846423659.network_interface_id": "",
                            "route.3846423659.vpc_peering_connection_id": "",
                            "tags.%": "0",
                            "vpc_id": "vpc-0482aaeb36efebf62"
                        },
                        "meta": {},
                        "tainted": false
                    },
                    "deposed": [],
                    "provider": "provider.aws"
                },
                "aws_route_table_association.Bastion-RTB-Associate1": {
                    "type": "aws_route_table_association",
                    "depends_on": [
                        "aws_route_table.Bastion1-RTB",
                        "aws_subnet.Bastion-Subnet"
                    ],
                    "primary": {
                        "id": "rtbassoc-02d9f69536ff53575",
                        "attributes": {
                            "id": "rtbassoc-02d9f69536ff53575",
                            "route_table_id": "rtb-0520a143d33d165be",
                            "subnet_id": "subnet-09c03b37e374e3377"
                        },
                        "meta": {},
                        "tainted": false
                    },
                    "deposed": [],
                    "provider": "provider.aws"
                },
                "aws_route_table_association.Data-RTB-Associate1": {
                    "type": "aws_route_table_association",
                    "depends_on": [
                        "aws_route_table.Data1-RTB",
                        "aws_subnet.Data1-Subnet"
                    ],
                    "primary": {
                        "id": "rtbassoc-049220a8658052f49",
                        "attributes": {
                            "id": "rtbassoc-049220a8658052f49",
                            "route_table_id": "rtb-0777651986dc95cf7",
                            "subnet_id": "subnet-0ab161cc28ab68939"
                        },
                        "meta": {},
                        "tainted": false
                    },
                    "deposed": [],
                    "provider": "provider.aws"
                },
                "aws_route_table_association.Data-RTB-Associate2": {
                    "type": "aws_route_table_association",
                    "depends_on": [
                        "aws_route_table.Data2-RTB",
                        "aws_subnet.Data2-Subnet"
                    ],
                    "primary": {
                        "id": "rtbassoc-063090e56a1a9b3e9",
                        "attributes": {
                            "id": "rtbassoc-063090e56a1a9b3e9",
                            "route_table_id": "rtb-071449ec94b2c3d8c",
                            "subnet_id": "subnet-09435d2543d8b91d3"
                        },
                        "meta": {},
                        "tainted": false
                    },
                    "deposed": [],
                    "provider": "provider.aws"
                },
                "aws_route_table_association.Dexi-RTB-Associate1": {
                    "type": "aws_route_table_association",
                    "depends_on": [
                        "aws_route_table.Dexi1-RTB",
                        "aws_subnet.Dexi1-Subnet"
                    ],
                    "primary": {
                        "id": "rtbassoc-042849585f38c6a6f",
                        "attributes": {
                            "id": "rtbassoc-042849585f38c6a6f",
                            "route_table_id": "rtb-07cb00527024a9b45",
                            "subnet_id": "subnet-0f38d9dcaf89498a9"
                        },
                        "meta": {},
                        "tainted": false
                    },
                    "deposed": [],
                    "provider": "provider.aws"
                },
                "aws_route_table_association.Dexi-RTB-Associate2": {
                    "type": "aws_route_table_association",
                    "depends_on": [
                        "aws_route_table.Dexi2-RTB",
                        "aws_subnet.Dexi2-Subnet"
                    ],
                    "primary": {
                        "id": "rtbassoc-0e97a9c8f8f1edc15",
                        "attributes": {
                            "id": "rtbassoc-0e97a9c8f8f1edc15",
                            "route_table_id": "rtb-067b791bc6a34f754",
                            "subnet_id": "subnet-0550227baa03e4342"
                        },
                        "meta": {},
                        "tainted": false
                    },
                    "deposed": [],
                    "provider": "provider.aws"
                },
                "aws_route_table_association.Drools-RTB-Associate1": {
                    "type": "aws_route_table_association",
                    "depends_on": [
                        "aws_route_table.Drools1-RTB",
                        "aws_subnet.Drools1-Subnet"
                    ],
                    "primary": {
                        "id": "rtbassoc-025efb8a5232a6e5f",
                        "attributes": {
                            "id": "rtbassoc-025efb8a5232a6e5f",
                            "route_table_id": "rtb-0d1c0fcdd72c1fc6e",
                            "subnet_id": "subnet-0febc15d0e38d1707"
                        },
                        "meta": {},
                        "tainted": false
                    },
                    "deposed": [],
                    "provider": "provider.aws"
                },
                "aws_route_table_association.Drools-RTB-Associate2": {
                    "type": "aws_route_table_association",
                    "depends_on": [
                        "aws_route_table.Drools2-RTB",
                        "aws_subnet.Drools2-Subnet"
                    ],
                    "primary": {
                        "id": "rtbassoc-0c445112b32e0bec4",
                        "attributes": {
                            "id": "rtbassoc-0c445112b32e0bec4",
                            "route_table_id": "rtb-0b7c0ca9cf8a864da",
                            "subnet_id": "subnet-00c2308858760f4af"
                        },
                        "meta": {},
                        "tainted": false
                    },
                    "deposed": [],
                    "provider": "provider.aws"
                },
                "aws_route_table_association.Drupal-RTB-Associate1": {
                    "type": "aws_route_table_association",
                    "depends_on": [
                        "aws_route_table.Drupal1-RTB",
                        "aws_subnet.Drupal1-Subnet"
                    ],
                    "primary": {
                        "id": "rtbassoc-0dab6c9d744f1d09c",
                        "attributes": {
                            "id": "rtbassoc-0dab6c9d744f1d09c",
                            "route_table_id": "rtb-0d0d49403738150c2",
                            "subnet_id": "subnet-00ed09bbc52fe8040"
                        },
                        "meta": {},
                        "tainted": false
                    },
                    "deposed": [],
                    "provider": "provider.aws"
                },
                "aws_route_table_association.Drupal-RTB-Associate2": {
                    "type": "aws_route_table_association",
                    "depends_on": [
                        "aws_route_table.Drupal2-RTB",
                        "aws_subnet.Drupal2-Subnet"
                    ],
                    "primary": {
                        "id": "rtbassoc-05dd8ea75a0fcf83b",
                        "attributes": {
                            "id": "rtbassoc-05dd8ea75a0fcf83b",
                            "route_table_id": "rtb-0b25884357e16381e",
                            "subnet_id": "subnet-06b3adf4026ac4812"
                        },
                        "meta": {},
                        "tainted": false
                    },
                    "deposed": [],
                    "provider": "provider.aws"
                },
                "aws_route_table_association.Guvnor-RTB-Associate1": {
                    "type": "aws_route_table_association",
                    "depends_on": [
                        "aws_route_table.Guvnor1-RTB",
                        "aws_subnet.Guvnor1-Subnet"
                    ],
                    "primary": {
                        "id": "rtbassoc-04d413d1ef46ea28d",
                        "attributes": {
                            "id": "rtbassoc-04d413d1ef46ea28d",
                            "route_table_id": "rtb-08bc68328c664067d",
                            "subnet_id": "subnet-01db4d39772ea46ce"
                        },
                        "meta": {},
                        "tainted": false
                    },
                    "deposed": [],
                    "provider": "provider.aws"
                },
                "aws_route_table_association.Guvnor-RTB-Associate2": {
                    "type": "aws_route_table_association",
                    "depends_on": [
                        "aws_route_table.Guvnor2-RTB",
                        "aws_subnet.Guvnor2-Subnet"
                    ],
                    "primary": {
                        "id": "rtbassoc-02726fe12a2909605",
                        "attributes": {
                            "id": "rtbassoc-02726fe12a2909605",
                            "route_table_id": "rtb-03ce2dcc133958b6c",
                            "subnet_id": "subnet-0c8b76213caac8bb2"
                        },
                        "meta": {},
                        "tainted": false
                    },
                    "deposed": [],
                    "provider": "provider.aws"
                },
                "aws_route_table_association.NAT-RTB-Associate": {
                    "type": "aws_route_table_association",
                    "depends_on": [
                        "aws_route_table.NAT-RTB",
                        "aws_subnet.NAT-Subnet"
                    ],
                    "primary": {
                        "id": "rtbassoc-0a4bd1e94900e9f06",
                        "attributes": {
                            "id": "rtbassoc-0a4bd1e94900e9f06",
                            "route_table_id": "rtb-0cec0e1fc641fe9cb",
                            "subnet_id": "subnet-0aa6a053667955f15"
                        },
                        "meta": {},
                        "tainted": false
                    },
                    "deposed": [],
                    "provider": "provider.aws"
                },
                "aws_route_table_association.SmartSearch-RTB-Associate1": {
                    "type": "aws_route_table_association",
                    "depends_on": [
                        "aws_route_table.SmartSearch1-RTB",
                        "aws_subnet.SmartSearch1-Subnet"
                    ],
                    "primary": {
                        "id": "rtbassoc-0090a417ef6adaacd",
                        "attributes": {
                            "id": "rtbassoc-0090a417ef6adaacd",
                            "route_table_id": "rtb-035b3b4513cec8cd7",
                            "subnet_id": "subnet-0b612628076cce521"
                        },
                        "meta": {},
                        "tainted": false
                    },
                    "deposed": [],
                    "provider": "provider.aws"
                },
                "aws_route_table_association.SmartSearch-RTB-Associate2": {
                    "type": "aws_route_table_association",
                    "depends_on": [
                        "aws_route_table.SmartSearch2-RTB",
                        "aws_subnet.SmartSearch2-Subnet"
                    ],
                    "primary": {
                        "id": "rtbassoc-0c6ced5dea745f6bc",
                        "attributes": {
                            "id": "rtbassoc-0c6ced5dea745f6bc",
                            "route_table_id": "rtb-0833e6c6616aab4df",
                            "subnet_id": "subnet-0ac6d590c2df32325"
                        },
                        "meta": {},
                        "tainted": false
                    },
                    "deposed": [],
                    "provider": "provider.aws"
                },
                "aws_security_group.Bastion-instanceSG": {
                    "type": "aws_security_group",
                    "depends_on": [
                        "aws_vpc.DAIP-VPC"
                    ],
                    "primary": {
                        "id": "sg-0d247ce8ab7dab426",
                        "attributes": {
                            "description": "Managed by Terraform",
                            "egress.#": "1",
                            "egress.482069346.cidr_blocks.#": "1",
                            "egress.482069346.cidr_blocks.0": "0.0.0.0/0",
                            "egress.482069346.description": "",
                            "egress.482069346.from_port": "0",
                            "egress.482069346.ipv6_cidr_blocks.#": "0",
                            "egress.482069346.prefix_list_ids.#": "0",
                            "egress.482069346.protocol": "-1",
                            "egress.482069346.security_groups.#": "0",
                            "egress.482069346.self": "false",
                            "egress.482069346.to_port": "0",
                            "id": "sg-0d247ce8ab7dab426",
                            "ingress.#": "1",
                            "ingress.2541437006.cidr_blocks.#": "1",
                            "ingress.2541437006.cidr_blocks.0": "0.0.0.0/0",
                            "ingress.2541437006.description": "",
                            "ingress.2541437006.from_port": "22",
                            "ingress.2541437006.ipv6_cidr_blocks.#": "0",
                            "ingress.2541437006.protocol": "tcp",
                            "ingress.2541437006.security_groups.#": "0",
                            "ingress.2541437006.self": "false",
                            "ingress.2541437006.to_port": "22",
                            "name": "Bastion-SG",
                            "owner_id": "616552976502",
                            "revoke_rules_on_delete": "false",
                            "tags.%": "0",
                            "vpc_id": "vpc-0482aaeb36efebf62"
                        },
                        "meta": {
                            "schema_version": "1"
                        },
                        "tainted": false
                    },
                    "deposed": [],
                    "provider": "provider.aws"
                },
                "aws_security_group.Data-elb": {
                    "type": "aws_security_group",
                    "depends_on": [
                        "aws_vpc.DAIP-VPC"
                    ],
                    "primary": {
                        "id": "sg-0b495453681463194",
                        "attributes": {
                            "description": "Managed by Terraform",
                            "egress.#": "1",
                            "egress.482069346.cidr_blocks.#": "1",
                            "egress.482069346.cidr_blocks.0": "0.0.0.0/0",
                            "egress.482069346.description": "",
                            "egress.482069346.from_port": "0",
                            "egress.482069346.ipv6_cidr_blocks.#": "0",
                            "egress.482069346.prefix_list_ids.#": "0",
                            "egress.482069346.protocol": "-1",
                            "egress.482069346.security_groups.#": "0",
                            "egress.482069346.self": "false",
                            "egress.482069346.to_port": "0",
                            "id": "sg-0b495453681463194",
                            "ingress.#": "1",
                            "ingress.2214680975.cidr_blocks.#": "1",
                            "ingress.2214680975.cidr_blocks.0": "0.0.0.0/0",
                            "ingress.2214680975.description": "",
                            "ingress.2214680975.from_port": "80",
                            "ingress.2214680975.ipv6_cidr_blocks.#": "0",
                            "ingress.2214680975.protocol": "tcp",
                            "ingress.2214680975.security_groups.#": "0",
                            "ingress.2214680975.self": "false",
                            "ingress.2214680975.to_port": "80",
                            "name": "Data-elb",
                            "owner_id": "616552976502",
                            "revoke_rules_on_delete": "false",
                            "tags.%": "0",
                            "vpc_id": "vpc-0482aaeb36efebf62"
                        },
                        "meta": {
                            "schema_version": "1"
                        },
                        "tainted": false
                    },
                    "deposed": [],
                    "provider": "provider.aws"
                },
                "aws_security_group.Data-instanceSG": {
                    "type": "aws_security_group",
                    "depends_on": [
                        "aws_vpc.DAIP-VPC"
                    ],
                    "primary": {
                        "id": "sg-0f9944e211cbbf0f1",
                        "attributes": {
                            "description": "Managed by Terraform",
                            "egress.#": "1",
                            "egress.482069346.cidr_blocks.#": "1",
                            "egress.482069346.cidr_blocks.0": "0.0.0.0/0",
                            "egress.482069346.description": "",
                            "egress.482069346.from_port": "0",
                            "egress.482069346.ipv6_cidr_blocks.#": "0",
                            "egress.482069346.prefix_list_ids.#": "0",
                            "egress.482069346.protocol": "-1",
                            "egress.482069346.security_groups.#": "0",
                            "egress.482069346.self": "false",
                            "egress.482069346.to_port": "0",
                            "id": "sg-0f9944e211cbbf0f1",
                            "ingress.#": "1",
                            "ingress.931551850.cidr_blocks.#": "1",
                            "ingress.931551850.cidr_blocks.0": "10.0.0.0/16",
                            "ingress.931551850.description": "",
                            "ingress.931551850.from_port": "22",
                            "ingress.931551850.ipv6_cidr_blocks.#": "0",
                            "ingress.931551850.protocol": "tcp",
                            "ingress.931551850.security_groups.#": "0",
                            "ingress.931551850.self": "false",
                            "ingress.931551850.to_port": "22",
                            "name": "Data-SG",
                            "owner_id": "616552976502",
                            "revoke_rules_on_delete": "false",
                            "tags.%": "0",
                            "vpc_id": "vpc-0482aaeb36efebf62"
                        },
                        "meta": {
                            "schema_version": "1"
                        },
                        "tainted": false
                    },
                    "deposed": [],
                    "provider": "provider.aws"
                },
                "aws_security_group.Dexi-elb": {
                    "type": "aws_security_group",
                    "depends_on": [
                        "aws_vpc.DAIP-VPC"
                    ],
                    "primary": {
                        "id": "sg-046f2bcdfcefe4bea",
                        "attributes": {
                            "description": "Managed by Terraform",
                            "egress.#": "1",
                            "egress.482069346.cidr_blocks.#": "1",
                            "egress.482069346.cidr_blocks.0": "0.0.0.0/0",
                            "egress.482069346.description": "",
                            "egress.482069346.from_port": "0",
                            "egress.482069346.ipv6_cidr_blocks.#": "0",
                            "egress.482069346.prefix_list_ids.#": "0",
                            "egress.482069346.protocol": "-1",
                            "egress.482069346.security_groups.#": "0",
                            "egress.482069346.self": "false",
                            "egress.482069346.to_port": "0",
                            "id": "sg-046f2bcdfcefe4bea",
                            "ingress.#": "1",
                            "ingress.2214680975.cidr_blocks.#": "1",
                            "ingress.2214680975.cidr_blocks.0": "0.0.0.0/0",
                            "ingress.2214680975.description": "",
                            "ingress.2214680975.from_port": "80",
                            "ingress.2214680975.ipv6_cidr_blocks.#": "0",
                            "ingress.2214680975.protocol": "tcp",
                            "ingress.2214680975.security_groups.#": "0",
                            "ingress.2214680975.self": "false",
                            "ingress.2214680975.to_port": "80",
                            "name": "Dexi-elb",
                            "owner_id": "616552976502",
                            "revoke_rules_on_delete": "false",
                            "tags.%": "0",
                            "vpc_id": "vpc-0482aaeb36efebf62"
                        },
                        "meta": {
                            "schema_version": "1"
                        },
                        "tainted": false
                    },
                    "deposed": [],
                    "provider": "provider.aws"
                },
                "aws_security_group.Dexi-instanceSG": {
                    "type": "aws_security_group",
                    "depends_on": [
                        "aws_vpc.DAIP-VPC"
                    ],
                    "primary": {
                        "id": "sg-00a543ad6d8a05ad3",
                        "attributes": {
                            "description": "Managed by Terraform",
                            "egress.#": "1",
                            "egress.482069346.cidr_blocks.#": "1",
                            "egress.482069346.cidr_blocks.0": "0.0.0.0/0",
                            "egress.482069346.description": "",
                            "egress.482069346.from_port": "0",
                            "egress.482069346.ipv6_cidr_blocks.#": "0",
                            "egress.482069346.prefix_list_ids.#": "0",
                            "egress.482069346.protocol": "-1",
                            "egress.482069346.security_groups.#": "0",
                            "egress.482069346.self": "false",
                            "egress.482069346.to_port": "0",
                            "id": "sg-00a543ad6d8a05ad3",
                            "ingress.#": "1",
                            "ingress.931551850.cidr_blocks.#": "1",
                            "ingress.931551850.cidr_blocks.0": "10.0.0.0/16",
                            "ingress.931551850.description": "",
                            "ingress.931551850.from_port": "22",
                            "ingress.931551850.ipv6_cidr_blocks.#": "0",
                            "ingress.931551850.protocol": "tcp",
                            "ingress.931551850.security_groups.#": "0",
                            "ingress.931551850.self": "false",
                            "ingress.931551850.to_port": "22",
                            "name": "Dexi-SG",
                            "owner_id": "616552976502",
                            "revoke_rules_on_delete": "false",
                            "tags.%": "0",
                            "vpc_id": "vpc-0482aaeb36efebf62"
                        },
                        "meta": {
                            "schema_version": "1"
                        },
                        "tainted": false
                    },
                    "deposed": [],
                    "provider": "provider.aws"
                },
                "aws_security_group.Drools-elb": {
                    "type": "aws_security_group",
                    "depends_on": [
                        "aws_vpc.DAIP-VPC"
                    ],
                    "primary": {
                        "id": "sg-029c5fc51b3fd3ca6",
                        "attributes": {
                            "description": "Managed by Terraform",
                            "egress.#": "1",
                            "egress.482069346.cidr_blocks.#": "1",
                            "egress.482069346.cidr_blocks.0": "0.0.0.0/0",
                            "egress.482069346.description": "",
                            "egress.482069346.from_port": "0",
                            "egress.482069346.ipv6_cidr_blocks.#": "0",
                            "egress.482069346.prefix_list_ids.#": "0",
                            "egress.482069346.protocol": "-1",
                            "egress.482069346.security_groups.#": "0",
                            "egress.482069346.self": "false",
                            "egress.482069346.to_port": "0",
                            "id": "sg-029c5fc51b3fd3ca6",
                            "ingress.#": "1",
                            "ingress.2214680975.cidr_blocks.#": "1",
                            "ingress.2214680975.cidr_blocks.0": "0.0.0.0/0",
                            "ingress.2214680975.description": "",
                            "ingress.2214680975.from_port": "80",
                            "ingress.2214680975.ipv6_cidr_blocks.#": "0",
                            "ingress.2214680975.protocol": "tcp",
                            "ingress.2214680975.security_groups.#": "0",
                            "ingress.2214680975.self": "false",
                            "ingress.2214680975.to_port": "80",
                            "name": "Drools-elb",
                            "owner_id": "616552976502",
                            "revoke_rules_on_delete": "false",
                            "tags.%": "0",
                            "vpc_id": "vpc-0482aaeb36efebf62"
                        },
                        "meta": {
                            "schema_version": "1"
                        },
                        "tainted": false
                    },
                    "deposed": [],
                    "provider": "provider.aws"
                },
                "aws_security_group.Drools-instanceSG": {
                    "type": "aws_security_group",
                    "depends_on": [
                        "aws_vpc.DAIP-VPC"
                    ],
                    "primary": {
                        "id": "sg-0d58b0a196fee7a69",
                        "attributes": {
                            "description": "Managed by Terraform",
                            "egress.#": "1",
                            "egress.482069346.cidr_blocks.#": "1",
                            "egress.482069346.cidr_blocks.0": "0.0.0.0/0",
                            "egress.482069346.description": "",
                            "egress.482069346.from_port": "0",
                            "egress.482069346.ipv6_cidr_blocks.#": "0",
                            "egress.482069346.prefix_list_ids.#": "0",
                            "egress.482069346.protocol": "-1",
                            "egress.482069346.security_groups.#": "0",
                            "egress.482069346.self": "false",
                            "egress.482069346.to_port": "0",
                            "id": "sg-0d58b0a196fee7a69",
                            "ingress.#": "1",
                            "ingress.931551850.cidr_blocks.#": "1",
                            "ingress.931551850.cidr_blocks.0": "10.0.0.0/16",
                            "ingress.931551850.description": "",
                            "ingress.931551850.from_port": "22",
                            "ingress.931551850.ipv6_cidr_blocks.#": "0",
                            "ingress.931551850.protocol": "tcp",
                            "ingress.931551850.security_groups.#": "0",
                            "ingress.931551850.self": "false",
                            "ingress.931551850.to_port": "22",
                            "name": "Drools-SG",
                            "owner_id": "616552976502",
                            "revoke_rules_on_delete": "false",
                            "tags.%": "0",
                            "vpc_id": "vpc-0482aaeb36efebf62"
                        },
                        "meta": {
                            "schema_version": "1"
                        },
                        "tainted": false
                    },
                    "deposed": [],
                    "provider": "provider.aws"
                },
                "aws_security_group.Drupal-elb": {
                    "type": "aws_security_group",
                    "depends_on": [
                        "aws_vpc.DAIP-VPC"
                    ],
                    "primary": {
                        "id": "sg-0378a99c00678bede",
                        "attributes": {
                            "description": "Managed by Terraform",
                            "egress.#": "1",
                            "egress.482069346.cidr_blocks.#": "1",
                            "egress.482069346.cidr_blocks.0": "0.0.0.0/0",
                            "egress.482069346.description": "",
                            "egress.482069346.from_port": "0",
                            "egress.482069346.ipv6_cidr_blocks.#": "0",
                            "egress.482069346.prefix_list_ids.#": "0",
                            "egress.482069346.protocol": "-1",
                            "egress.482069346.security_groups.#": "0",
                            "egress.482069346.self": "false",
                            "egress.482069346.to_port": "0",
                            "id": "sg-0378a99c00678bede",
                            "ingress.#": "1",
                            "ingress.2214680975.cidr_blocks.#": "1",
                            "ingress.2214680975.cidr_blocks.0": "0.0.0.0/0",
                            "ingress.2214680975.description": "",
                            "ingress.2214680975.from_port": "80",
                            "ingress.2214680975.ipv6_cidr_blocks.#": "0",
                            "ingress.2214680975.protocol": "tcp",
                            "ingress.2214680975.security_groups.#": "0",
                            "ingress.2214680975.self": "false",
                            "ingress.2214680975.to_port": "80",
                            "name": "Drupal-elb",
                            "owner_id": "616552976502",
                            "revoke_rules_on_delete": "false",
                            "tags.%": "0",
                            "vpc_id": "vpc-0482aaeb36efebf62"
                        },
                        "meta": {
                            "schema_version": "1"
                        },
                        "tainted": false
                    },
                    "deposed": [],
                    "provider": "provider.aws"
                },
                "aws_security_group.Drupal-instanceSG": {
                    "type": "aws_security_group",
                    "depends_on": [
                        "aws_vpc.DAIP-VPC"
                    ],
                    "primary": {
                        "id": "sg-0ab4afef5f904dd27",
                        "attributes": {
                            "description": "Managed by Terraform",
                            "egress.#": "1",
                            "egress.482069346.cidr_blocks.#": "1",
                            "egress.482069346.cidr_blocks.0": "0.0.0.0/0",
                            "egress.482069346.description": "",
                            "egress.482069346.from_port": "0",
                            "egress.482069346.ipv6_cidr_blocks.#": "0",
                            "egress.482069346.prefix_list_ids.#": "0",
                            "egress.482069346.protocol": "-1",
                            "egress.482069346.security_groups.#": "0",
                            "egress.482069346.self": "false",
                            "egress.482069346.to_port": "0",
                            "id": "sg-0ab4afef5f904dd27",
                            "ingress.#": "1",
                            "ingress.931551850.cidr_blocks.#": "1",
                            "ingress.931551850.cidr_blocks.0": "10.0.0.0/16",
                            "ingress.931551850.description": "",
                            "ingress.931551850.from_port": "22",
                            "ingress.931551850.ipv6_cidr_blocks.#": "0",
                            "ingress.931551850.protocol": "tcp",
                            "ingress.931551850.security_groups.#": "0",
                            "ingress.931551850.self": "false",
                            "ingress.931551850.to_port": "22",
                            "name": "Drupal-SG",
                            "owner_id": "616552976502",
                            "revoke_rules_on_delete": "false",
                            "tags.%": "0",
                            "vpc_id": "vpc-0482aaeb36efebf62"
                        },
                        "meta": {
                            "schema_version": "1"
                        },
                        "tainted": false
                    },
                    "deposed": [],
                    "provider": "provider.aws"
                },
                "aws_security_group.Guvnor-elb": {
                    "type": "aws_security_group",
                    "depends_on": [
                        "aws_vpc.DAIP-VPC"
                    ],
                    "primary": {
                        "id": "sg-0c7ae7d9f2ff069a6",
                        "attributes": {
                            "description": "Managed by Terraform",
                            "egress.#": "1",
                            "egress.482069346.cidr_blocks.#": "1",
                            "egress.482069346.cidr_blocks.0": "0.0.0.0/0",
                            "egress.482069346.description": "",
                            "egress.482069346.from_port": "0",
                            "egress.482069346.ipv6_cidr_blocks.#": "0",
                            "egress.482069346.prefix_list_ids.#": "0",
                            "egress.482069346.protocol": "-1",
                            "egress.482069346.security_groups.#": "0",
                            "egress.482069346.self": "false",
                            "egress.482069346.to_port": "0",
                            "id": "sg-0c7ae7d9f2ff069a6",
                            "ingress.#": "1",
                            "ingress.2214680975.cidr_blocks.#": "1",
                            "ingress.2214680975.cidr_blocks.0": "0.0.0.0/0",
                            "ingress.2214680975.description": "",
                            "ingress.2214680975.from_port": "80",
                            "ingress.2214680975.ipv6_cidr_blocks.#": "0",
                            "ingress.2214680975.protocol": "tcp",
                            "ingress.2214680975.security_groups.#": "0",
                            "ingress.2214680975.self": "false",
                            "ingress.2214680975.to_port": "80",
                            "name": "Guvnor-elb",
                            "owner_id": "616552976502",
                            "revoke_rules_on_delete": "false",
                            "tags.%": "0",
                            "vpc_id": "vpc-0482aaeb36efebf62"
                        },
                        "meta": {
                            "schema_version": "1"
                        },
                        "tainted": false
                    },
                    "deposed": [],
                    "provider": "provider.aws"
                },
                "aws_security_group.Guvnor-instanceSG": {
                    "type": "aws_security_group",
                    "depends_on": [
                        "aws_vpc.DAIP-VPC"
                    ],
                    "primary": {
                        "id": "sg-0f220759fd7b5284a",
                        "attributes": {
                            "description": "Managed by Terraform",
                            "egress.#": "1",
                            "egress.482069346.cidr_blocks.#": "1",
                            "egress.482069346.cidr_blocks.0": "0.0.0.0/0",
                            "egress.482069346.description": "",
                            "egress.482069346.from_port": "0",
                            "egress.482069346.ipv6_cidr_blocks.#": "0",
                            "egress.482069346.prefix_list_ids.#": "0",
                            "egress.482069346.protocol": "-1",
                            "egress.482069346.security_groups.#": "0",
                            "egress.482069346.self": "false",
                            "egress.482069346.to_port": "0",
                            "id": "sg-0f220759fd7b5284a",
                            "ingress.#": "1",
                            "ingress.931551850.cidr_blocks.#": "1",
                            "ingress.931551850.cidr_blocks.0": "10.0.0.0/16",
                            "ingress.931551850.description": "",
                            "ingress.931551850.from_port": "22",
                            "ingress.931551850.ipv6_cidr_blocks.#": "0",
                            "ingress.931551850.protocol": "tcp",
                            "ingress.931551850.security_groups.#": "0",
                            "ingress.931551850.self": "false",
                            "ingress.931551850.to_port": "22",
                            "name": "Guvnor-SG",
                            "owner_id": "616552976502",
                            "revoke_rules_on_delete": "false",
                            "tags.%": "0",
                            "vpc_id": "vpc-0482aaeb36efebf62"
                        },
                        "meta": {
                            "schema_version": "1"
                        },
                        "tainted": false
                    },
                    "deposed": [],
                    "provider": "provider.aws"
                },
                "aws_security_group.NAT-instanceSG": {
                    "type": "aws_security_group",
                    "depends_on": [
                        "aws_vpc.DAIP-VPC"
                    ],
                    "primary": {
                        "id": "sg-0ac80a6174c4d0099",
                        "attributes": {
                            "description": "Managed by Terraform",
                            "egress.#": "1",
                            "egress.482069346.cidr_blocks.#": "1",
                            "egress.482069346.cidr_blocks.0": "0.0.0.0/0",
                            "egress.482069346.description": "",
                            "egress.482069346.from_port": "0",
                            "egress.482069346.ipv6_cidr_blocks.#": "0",
                            "egress.482069346.prefix_list_ids.#": "0",
                            "egress.482069346.protocol": "-1",
                            "egress.482069346.security_groups.#": "0",
                            "egress.482069346.self": "false",
                            "egress.482069346.to_port": "0",
                            "id": "sg-0ac80a6174c4d0099",
                            "ingress.#": "1",
                            "ingress.2214680975.cidr_blocks.#": "1",
                            "ingress.2214680975.cidr_blocks.0": "0.0.0.0/0",
                            "ingress.2214680975.description": "",
                            "ingress.2214680975.from_port": "80",
                            "ingress.2214680975.ipv6_cidr_blocks.#": "0",
                            "ingress.2214680975.protocol": "tcp",
                            "ingress.2214680975.security_groups.#": "0",
                            "ingress.2214680975.self": "false",
                            "ingress.2214680975.to_port": "80",
                            "name": "NAT-SG",
                            "owner_id": "616552976502",
                            "revoke_rules_on_delete": "false",
                            "tags.%": "0",
                            "vpc_id": "vpc-0482aaeb36efebf62"
                        },
                        "meta": {
                            "schema_version": "1"
                        },
                        "tainted": false
                    },
                    "deposed": [],
                    "provider": "provider.aws"
                },
                "aws_security_group.SmartSearch-elb": {
                    "type": "aws_security_group",
                    "depends_on": [
                        "aws_vpc.DAIP-VPC"
                    ],
                    "primary": {
                        "id": "sg-08e2e55fc5cbb9189",
                        "attributes": {
                            "description": "Managed by Terraform",
                            "egress.#": "1",
                            "egress.482069346.cidr_blocks.#": "1",
                            "egress.482069346.cidr_blocks.0": "0.0.0.0/0",
                            "egress.482069346.description": "",
                            "egress.482069346.from_port": "0",
                            "egress.482069346.ipv6_cidr_blocks.#": "0",
                            "egress.482069346.prefix_list_ids.#": "0",
                            "egress.482069346.protocol": "-1",
                            "egress.482069346.security_groups.#": "0",
                            "egress.482069346.self": "false",
                            "egress.482069346.to_port": "0",
                            "id": "sg-08e2e55fc5cbb9189",
                            "ingress.#": "1",
                            "ingress.2214680975.cidr_blocks.#": "1",
                            "ingress.2214680975.cidr_blocks.0": "0.0.0.0/0",
                            "ingress.2214680975.description": "",
                            "ingress.2214680975.from_port": "80",
                            "ingress.2214680975.ipv6_cidr_blocks.#": "0",
                            "ingress.2214680975.protocol": "tcp",
                            "ingress.2214680975.security_groups.#": "0",
                            "ingress.2214680975.self": "false",
                            "ingress.2214680975.to_port": "80",
                            "name": "SmartSearch-elb",
                            "owner_id": "616552976502",
                            "revoke_rules_on_delete": "false",
                            "tags.%": "0",
                            "vpc_id": "vpc-0482aaeb36efebf62"
                        },
                        "meta": {
                            "schema_version": "1"
                        },
                        "tainted": false
                    },
                    "deposed": [],
                    "provider": "provider.aws"
                },
                "aws_security_group.SmartSearch-instanceSG": {
                    "type": "aws_security_group",
                    "depends_on": [
                        "aws_vpc.DAIP-VPC"
                    ],
                    "primary": {
                        "id": "sg-0e97eb89cce2013c9",
                        "attributes": {
                            "description": "Managed by Terraform",
                            "egress.#": "1",
                            "egress.482069346.cidr_blocks.#": "1",
                            "egress.482069346.cidr_blocks.0": "0.0.0.0/0",
                            "egress.482069346.description": "",
                            "egress.482069346.from_port": "0",
                            "egress.482069346.ipv6_cidr_blocks.#": "0",
                            "egress.482069346.prefix_list_ids.#": "0",
                            "egress.482069346.protocol": "-1",
                            "egress.482069346.security_groups.#": "0",
                            "egress.482069346.self": "false",
                            "egress.482069346.to_port": "0",
                            "id": "sg-0e97eb89cce2013c9",
                            "ingress.#": "1",
                            "ingress.931551850.cidr_blocks.#": "1",
                            "ingress.931551850.cidr_blocks.0": "10.0.0.0/16",
                            "ingress.931551850.description": "",
                            "ingress.931551850.from_port": "22",
                            "ingress.931551850.ipv6_cidr_blocks.#": "0",
                            "ingress.931551850.protocol": "tcp",
                            "ingress.931551850.security_groups.#": "0",
                            "ingress.931551850.self": "false",
                            "ingress.931551850.to_port": "22",
                            "name": "SmartSearch-SG",
                            "owner_id": "616552976502",
                            "revoke_rules_on_delete": "false",
                            "tags.%": "0",
                            "vpc_id": "vpc-0482aaeb36efebf62"
                        },
                        "meta": {
                            "schema_version": "1"
                        },
                        "tainted": false
                    },
                    "deposed": [],
                    "provider": "provider.aws"
                },
                "aws_subnet.Bastion-Subnet": {
                    "type": "aws_subnet",
                    "depends_on": [
                        "aws_vpc.DAIP-VPC"
                    ],
                    "primary": {
                        "id": "subnet-09c03b37e374e3377",
                        "attributes": {
                            "assign_ipv6_address_on_creation": "false",
                            "availability_zone": "us-east-1a",
                            "cidr_block": "10.0.0.0/24",
                            "id": "subnet-09c03b37e374e3377",
                            "map_public_ip_on_launch": "true",
                            "tags.%": "0",
                            "vpc_id": "vpc-0482aaeb36efebf62"
                        },
                        "meta": {
                            "schema_version": "1"
                        },
                        "tainted": false
                    },
                    "deposed": [],
                    "provider": "provider.aws"
                },
                "aws_subnet.Data1-Subnet": {
                    "type": "aws_subnet",
                    "depends_on": [
                        "aws_vpc.DAIP-VPC"
                    ],
                    "primary": {
                        "id": "subnet-0ab161cc28ab68939",
                        "attributes": {
                            "assign_ipv6_address_on_creation": "false",
                            "availability_zone": "us-east-1a",
                            "cidr_block": "10.0.5.0/24",
                            "id": "subnet-0ab161cc28ab68939",
                            "map_public_ip_on_launch": "false",
                            "tags.%": "0",
                            "vpc_id": "vpc-0482aaeb36efebf62"
                        },
                        "meta": {
                            "schema_version": "1"
                        },
                        "tainted": false
                    },
                    "deposed": [],
                    "provider": "provider.aws"
                },
                "aws_subnet.Data2-Subnet": {
                    "type": "aws_subnet",
                    "depends_on": [
                        "aws_vpc.DAIP-VPC"
                    ],
                    "primary": {
                        "id": "subnet-09435d2543d8b91d3",
                        "attributes": {
                            "assign_ipv6_address_on_creation": "false",
                            "availability_zone": "us-east-1b",
                            "cidr_block": "10.0.55.0/24",
                            "id": "subnet-09435d2543d8b91d3",
                            "map_public_ip_on_launch": "false",
                            "tags.%": "0",
                            "vpc_id": "vpc-0482aaeb36efebf62"
                        },
                        "meta": {
                            "schema_version": "1"
                        },
                        "tainted": false
                    },
                    "deposed": [],
                    "provider": "provider.aws"
                },
                "aws_subnet.Dexi1-Subnet": {
                    "type": "aws_subnet",
                    "depends_on": [
                        "aws_vpc.DAIP-VPC"
                    ],
                    "primary": {
                        "id": "subnet-0f38d9dcaf89498a9",
                        "attributes": {
                            "assign_ipv6_address_on_creation": "false",
                            "availability_zone": "us-east-1a",
                            "cidr_block": "10.0.4.0/24",
                            "id": "subnet-0f38d9dcaf89498a9",
                            "map_public_ip_on_launch": "false",
                            "tags.%": "0",
                            "vpc_id": "vpc-0482aaeb36efebf62"
                        },
                        "meta": {
                            "schema_version": "1"
                        },
                        "tainted": false
                    },
                    "deposed": [],
                    "provider": "provider.aws"
                },
                "aws_subnet.Dexi2-Subnet": {
                    "type": "aws_subnet",
                    "depends_on": [
                        "aws_vpc.DAIP-VPC"
                    ],
                    "primary": {
                        "id": "subnet-0550227baa03e4342",
                        "attributes": {
                            "assign_ipv6_address_on_creation": "false",
                            "availability_zone": "us-east-1b",
                            "cidr_block": "10.0.44.0/24",
                            "id": "subnet-0550227baa03e4342",
                            "map_public_ip_on_launch": "false",
                            "tags.%": "0",
                            "vpc_id": "vpc-0482aaeb36efebf62"
                        },
                        "meta": {
                            "schema_version": "1"
                        },
                        "tainted": false
                    },
                    "deposed": [],
                    "provider": "provider.aws"
                },
                "aws_subnet.Drools1-Subnet": {
                    "type": "aws_subnet",
                    "depends_on": [
                        "aws_vpc.DAIP-VPC"
                    ],
                    "primary": {
                        "id": "subnet-0febc15d0e38d1707",
                        "attributes": {
                            "assign_ipv6_address_on_creation": "false",
                            "availability_zone": "us-east-1a",
                            "cidr_block": "10.0.3.0/24",
                            "id": "subnet-0febc15d0e38d1707",
                            "map_public_ip_on_launch": "false",
                            "tags.%": "0",
                            "vpc_id": "vpc-0482aaeb36efebf62"
                        },
                        "meta": {
                            "schema_version": "1"
                        },
                        "tainted": false
                    },
                    "deposed": [],
                    "provider": "provider.aws"
                },
                "aws_subnet.Drools2-Subnet": {
                    "type": "aws_subnet",
                    "depends_on": [
                        "aws_vpc.DAIP-VPC"
                    ],
                    "primary": {
                        "id": "subnet-00c2308858760f4af",
                        "attributes": {
                            "assign_ipv6_address_on_creation": "false",
                            "availability_zone": "us-east-1b",
                            "cidr_block": "10.0.33.0/24",
                            "id": "subnet-00c2308858760f4af",
                            "map_public_ip_on_launch": "false",
                            "tags.%": "0",
                            "vpc_id": "vpc-0482aaeb36efebf62"
                        },
                        "meta": {
                            "schema_version": "1"
                        },
                        "tainted": false
                    },
                    "deposed": [],
                    "provider": "provider.aws"
                },
                "aws_subnet.Drupal1-Subnet": {
                    "type": "aws_subnet",
                    "depends_on": [
                        "aws_vpc.DAIP-VPC"
                    ],
                    "primary": {
                        "id": "subnet-00ed09bbc52fe8040",
                        "attributes": {
                            "assign_ipv6_address_on_creation": "false",
                            "availability_zone": "us-east-1a",
                            "cidr_block": "10.0.1.0/24",
                            "id": "subnet-00ed09bbc52fe8040",
                            "map_public_ip_on_launch": "false",
                            "tags.%": "0",
                            "vpc_id": "vpc-0482aaeb36efebf62"
                        },
                        "meta": {
                            "schema_version": "1"
                        },
                        "tainted": false
                    },
                    "deposed": [],
                    "provider": "provider.aws"
                },
                "aws_subnet.Drupal2-Subnet": {
                    "type": "aws_subnet",
                    "depends_on": [
                        "aws_vpc.DAIP-VPC"
                    ],
                    "primary": {
                        "id": "subnet-06b3adf4026ac4812",
                        "attributes": {
                            "assign_ipv6_address_on_creation": "false",
                            "availability_zone": "us-east-1b",
                            "cidr_block": "10.0.11.0/24",
                            "id": "subnet-06b3adf4026ac4812",
                            "map_public_ip_on_launch": "false",
                            "tags.%": "0",
                            "vpc_id": "vpc-0482aaeb36efebf62"
                        },
                        "meta": {
                            "schema_version": "1"
                        },
                        "tainted": false
                    },
                    "deposed": [],
                    "provider": "provider.aws"
                },
                "aws_subnet.Guvnor1-Subnet": {
                    "type": "aws_subnet",
                    "depends_on": [
                        "aws_vpc.DAIP-VPC"
                    ],
                    "primary": {
                        "id": "subnet-01db4d39772ea46ce",
                        "attributes": {
                            "assign_ipv6_address_on_creation": "false",
                            "availability_zone": "us-east-1a",
                            "cidr_block": "10.0.2.0/24",
                            "id": "subnet-01db4d39772ea46ce",
                            "map_public_ip_on_launch": "false",
                            "tags.%": "0",
                            "vpc_id": "vpc-0482aaeb36efebf62"
                        },
                        "meta": {
                            "schema_version": "1"
                        },
                        "tainted": false
                    },
                    "deposed": [],
                    "provider": "provider.aws"
                },
                "aws_subnet.Guvnor2-Subnet": {
                    "type": "aws_subnet",
                    "depends_on": [
                        "aws_vpc.DAIP-VPC"
                    ],
                    "primary": {
                        "id": "subnet-0c8b76213caac8bb2",
                        "attributes": {
                            "assign_ipv6_address_on_creation": "false",
                            "availability_zone": "us-east-1b",
                            "cidr_block": "10.0.22.0/24",
                            "id": "subnet-0c8b76213caac8bb2",
                            "map_public_ip_on_launch": "false",
                            "tags.%": "0",
                            "vpc_id": "vpc-0482aaeb36efebf62"
                        },
                        "meta": {
                            "schema_version": "1"
                        },
                        "tainted": false
                    },
                    "deposed": [],
                    "provider": "provider.aws"
                },
                "aws_subnet.NAT-Subnet": {
                    "type": "aws_subnet",
                    "depends_on": [
                        "aws_vpc.DAIP-VPC"
                    ],
                    "primary": {
                        "id": "subnet-0aa6a053667955f15",
                        "attributes": {
                            "assign_ipv6_address_on_creation": "false",
                            "availability_zone": "us-east-1a",
                            "cidr_block": "10.0.10.0/24",
                            "id": "subnet-0aa6a053667955f15",
                            "map_public_ip_on_launch": "true",
                            "tags.%": "0",
                            "vpc_id": "vpc-0482aaeb36efebf62"
                        },
                        "meta": {
                            "schema_version": "1"
                        },
                        "tainted": false
                    },
                    "deposed": [],
                    "provider": "provider.aws"
                },
                "aws_subnet.SmartSearch1-Subnet": {
                    "type": "aws_subnet",
                    "depends_on": [
                        "aws_vpc.DAIP-VPC"
                    ],
                    "primary": {
                        "id": "subnet-0b612628076cce521",
                        "attributes": {
                            "assign_ipv6_address_on_creation": "false",
                            "availability_zone": "us-east-1a",
                            "cidr_block": "10.0.6.0/24",
                            "id": "subnet-0b612628076cce521",
                            "map_public_ip_on_launch": "false",
                            "tags.%": "0",
                            "vpc_id": "vpc-0482aaeb36efebf62"
                        },
                        "meta": {
                            "schema_version": "1"
                        },
                        "tainted": false
                    },
                    "deposed": [],
                    "provider": "provider.aws"
                },
                "aws_subnet.SmartSearch2-Subnet": {
                    "type": "aws_subnet",
                    "depends_on": [
                        "aws_vpc.DAIP-VPC"
                    ],
                    "primary": {
                        "id": "subnet-0ac6d590c2df32325",
                        "attributes": {
                            "assign_ipv6_address_on_creation": "false",
                            "availability_zone": "us-east-1b",
                            "cidr_block": "10.0.66.0/24",
                            "id": "subnet-0ac6d590c2df32325",
                            "map_public_ip_on_launch": "false",
                            "tags.%": "0",
                            "vpc_id": "vpc-0482aaeb36efebf62"
                        },
                        "meta": {
                            "schema_version": "1"
                        },
                        "tainted": false
                    },
                    "deposed": [],
                    "provider": "provider.aws"
                },
                "aws_vpc.DAIP-VPC": {
                    "type": "aws_vpc",
                    "depends_on": [],
                    "primary": {
                        "id": "vpc-0482aaeb36efebf62",
                        "attributes": {
                            "assign_generated_ipv6_cidr_block": "false",
                            "cidr_block": "10.0.0.0/16",
                            "default_network_acl_id": "acl-03e0dfffef6a143cc",
                            "default_route_table_id": "rtb-0171ac324979f2c22",
                            "default_security_group_id": "sg-022f8e6fb5ab0f99f",
                            "dhcp_options_id": "dopt-f19a9093",
                            "enable_classiclink": "false",
                            "enable_classiclink_dns_support": "false",
                            "enable_dns_hostnames": "false",
                            "enable_dns_support": "true",
                            "id": "vpc-0482aaeb36efebf62",
                            "instance_tenancy": "default",
                            "main_route_table_id": "rtb-0171ac324979f2c22",
                            "tags.%": "1",
                            "tags.Name": "FEMA-DAIP-VPC"
                        },
                        "meta": {
                            "schema_version": "1"
                        },
                        "tainted": false
                    },
                    "deposed": [],
                    "provider": "provider.aws"
                },
                "data.aws_availability_zones.all": {
                    "type": "aws_availability_zones",
                    "depends_on": [],
                    "primary": {
                        "id": "2018-02-17 19:00:10.2749429 +0000 UTC",
                        "attributes": {
                            "id": "2018-02-17 19:00:10.2749429 +0000 UTC",
                            "names.#": "6",
                            "names.0": "us-east-1a",
                            "names.1": "us-east-1b",
                            "names.2": "us-east-1c",
                            "names.3": "us-east-1d",
                            "names.4": "us-east-1e",
                            "names.5": "us-east-1f"
                        },
                        "meta": {},
                        "tainted": false
                    },
                    "deposed": [],
                    "provider": "provider.aws"
                }
            },
            "depends_on": []
        }
    ]
}
