{
    "version": 3,
    "terraform_version": "0.11.2",
    "serial": 57,
    "lineage": "4bee296c-9ae0-4cdd-91b5-82aa82275855",
    "modules": [
        {
            "path": [
                "root"
            ],
            "outputs": {},
            "resources": {
                "aws_autoscaling_group.Bastion-ASG": {
                    "type": "aws_autoscaling_group",
                    "depends_on": [
                        "aws_launch_configuration.Bastion-LG",
                        "aws_subnet.Bastion-Subnet"
                    ],
                    "primary": {
                        "id": "tf-asg-20180211181050688600000007",
                        "attributes": {
                            "arn": "arn:aws:autoscaling:us-east-1:616552976502:autoScalingGroup:534e4838-155c-4914-aee8-f50ff0ce0a06:autoScalingGroupName/tf-asg-20180211181050688600000007",
                            "availability_zones.#": "1",
                            "availability_zones.3569565595": "us-east-1a",
                            "default_cooldown": "300",
                            "desired_capacity": "1",
                            "force_delete": "false",
                            "health_check_grace_period": "300",
                            "health_check_type": "EC2",
                            "id": "tf-asg-20180211181050688600000007",
                            "launch_configuration": "terraform-20180212144506009700000001",
                            "load_balancers.#": "0",
                            "max_size": "2",
                            "metrics_granularity": "1Minute",
                            "min_size": "1",
                            "name": "tf-asg-20180211181050688600000007",
                            "placement_group": "",
                            "protect_from_scale_in": "false",
                            "suspended_processes.#": "0",
                            "tag.#": "1",
                            "tag.1281169800.key": "Name",
                            "tag.1281169800.propagate_at_launch": "true",
                            "tag.1281169800.value": "Bastion-ASG",
                            "target_group_arns.#": "0",
                            "termination_policies.#": "0",
                            "vpc_zone_identifier.#": "1",
                            "vpc_zone_identifier.1132174070": "subnet-25387a0a",
                            "wait_for_capacity_timeout": "10m"
                        },
                        "meta": {
                            "e2bfb730-ecaa-11e6-8f88-34363bc7c4c0": {
                                "delete": 600000000000
                            }
                        },
                        "tainted": false
                    },
                    "deposed": [],
                    "provider": "provider.aws"
                },
                "aws_autoscaling_group.Data-ASG": {
                    "type": "aws_autoscaling_group",
                    "depends_on": [
                        "aws_elb.Data-elb",
                        "aws_launch_configuration.Data-LG",
                        "aws_subnet.Data1-Subnet",
                        "aws_subnet.Data2-Subnet",
                        "data.aws_availability_zones.all"
                    ],
                    "primary": {
                        "id": "tf-asg-20180211181815339900000002",
                        "attributes": {
                            "arn": "arn:aws:autoscaling:us-east-1:616552976502:autoScalingGroup:a7ff405f-a4e2-44ae-84e0-6dab2d930992:autoScalingGroupName/tf-asg-20180211181815339900000002",
                            "availability_zones.#": "2",
                            "availability_zones.1305112097": "us-east-1b",
                            "availability_zones.3569565595": "us-east-1a",
                            "default_cooldown": "300",
                            "desired_capacity": "2",
                            "force_delete": "false",
                            "health_check_grace_period": "300",
                            "health_check_type": "ELB",
                            "id": "tf-asg-20180211181815339900000002",
                            "launch_configuration": "terraform-20180211181035738200000005",
                            "load_balancers.#": "1",
                            "load_balancers.2808422386": "Data-elb",
                            "max_size": "2",
                            "metrics_granularity": "1Minute",
                            "min_size": "2",
                            "name": "tf-asg-20180211181815339900000002",
                            "placement_group": "",
                            "protect_from_scale_in": "false",
                            "suspended_processes.#": "0",
                            "tag.#": "1",
                            "tag.813456407.key": "Name",
                            "tag.813456407.propagate_at_launch": "true",
                            "tag.813456407.value": "Data-ASG",
                            "target_group_arns.#": "0",
                            "termination_policies.#": "0",
                            "vpc_zone_identifier.#": "2",
                            "vpc_zone_identifier.1905628009": "subnet-febbb0b5",
                            "vpc_zone_identifier.3008243884": "subnet-583a7877",
                            "wait_for_capacity_timeout": "5m"
                        },
                        "meta": {
                            "e2bfb730-ecaa-11e6-8f88-34363bc7c4c0": {
                                "delete": 600000000000
                            }
                        },
                        "tainted": false
                    },
                    "deposed": [],
                    "provider": "provider.aws"
                },
                "aws_autoscaling_group.Dexi-ASG": {
                    "type": "aws_autoscaling_group",
                    "depends_on": [
                        "aws_elb.Dexi-elb",
                        "aws_launch_configuration.Dexi-LG",
                        "aws_subnet.Dexi1-Subnet",
                        "aws_subnet.Dexi2-Subnet",
                        "data.aws_availability_zones.all"
                    ],
                    "primary": {
                        "id": "tf-asg-20180211181815343900000005",
                        "attributes": {
                            "arn": "arn:aws:autoscaling:us-east-1:616552976502:autoScalingGroup:7dc78c33-94bc-4b67-ab4b-e6cb8da32145:autoScalingGroupName/tf-asg-20180211181815343900000005",
                            "availability_zones.#": "2",
                            "availability_zones.1305112097": "us-east-1b",
                            "availability_zones.3569565595": "us-east-1a",
                            "default_cooldown": "300",
                            "desired_capacity": "2",
                            "force_delete": "false",
                            "health_check_grace_period": "300",
                            "health_check_type": "ELB",
                            "id": "tf-asg-20180211181815343900000005",
                            "launch_configuration": "terraform-20180211181008287500000001",
                            "load_balancers.#": "1",
                            "load_balancers.345550939": "Dexi-elb",
                            "max_size": "2",
                            "metrics_granularity": "1Minute",
                            "min_size": "2",
                            "name": "tf-asg-20180211181815343900000005",
                            "placement_group": "",
                            "protect_from_scale_in": "false",
                            "suspended_processes.#": "0",
                            "tag.#": "1",
                            "tag.1326225989.key": "Name",
                            "tag.1326225989.propagate_at_launch": "true",
                            "tag.1326225989.value": "Dexi-ASG",
                            "target_group_arns.#": "0",
                            "termination_policies.#": "0",
                            "vpc_zone_identifier.#": "2",
                            "vpc_zone_identifier.1761278523": "subnet-e0bcb7ab",
                            "vpc_zone_identifier.3388713615": "subnet-b72d6f98",
                            "wait_for_capacity_timeout": "5m"
                        },
                        "meta": {
                            "e2bfb730-ecaa-11e6-8f88-34363bc7c4c0": {
                                "delete": 600000000000
                            }
                        },
                        "tainted": false
                    },
                    "deposed": [],
                    "provider": "provider.aws"
                },
                "aws_autoscaling_group.Drools-ASG": {
                    "type": "aws_autoscaling_group",
                    "depends_on": [
                        "aws_elb.Drools-elb",
                        "aws_launch_configuration.Drools-LG",
                        "aws_subnet.Drools1-Subnet",
                        "aws_subnet.Drools2-Subnet",
                        "data.aws_availability_zones.all"
                    ],
                    "primary": {
                        "id": "tf-asg-20180211181815338800000001",
                        "attributes": {
                            "arn": "arn:aws:autoscaling:us-east-1:616552976502:autoScalingGroup:18d2aa77-c3b5-4934-b54c-a91405cbfd61:autoScalingGroupName/tf-asg-20180211181815338800000001",
                            "availability_zones.#": "2",
                            "availability_zones.1305112097": "us-east-1b",
                            "availability_zones.3569565595": "us-east-1a",
                            "default_cooldown": "300",
                            "desired_capacity": "2",
                            "force_delete": "false",
                            "health_check_grace_period": "300",
                            "health_check_type": "ELB",
                            "id": "tf-asg-20180211181815338800000001",
                            "launch_configuration": "terraform-20180211181021941300000003",
                            "load_balancers.#": "1",
                            "load_balancers.1766827309": "Drools-elb",
                            "max_size": "2",
                            "metrics_granularity": "1Minute",
                            "min_size": "2",
                            "name": "tf-asg-20180211181815338800000001",
                            "placement_group": "",
                            "protect_from_scale_in": "false",
                            "suspended_processes.#": "0",
                            "tag.#": "1",
                            "tag.4067687528.key": "Name",
                            "tag.4067687528.propagate_at_launch": "true",
                            "tag.4067687528.value": "Drools-ASG",
                            "target_group_arns.#": "0",
                            "termination_policies.#": "0",
                            "vpc_zone_identifier.#": "2",
                            "vpc_zone_identifier.1740337260": "subnet-fba2a9b0",
                            "vpc_zone_identifier.2524397616": "subnet-c52d6fea",
                            "wait_for_capacity_timeout": "5m"
                        },
                        "meta": {
                            "e2bfb730-ecaa-11e6-8f88-34363bc7c4c0": {
                                "delete": 600000000000
                            }
                        },
                        "tainted": false
                    },
                    "deposed": [],
                    "provider": "provider.aws"
                },
                "aws_autoscaling_group.Drupal-ASG": {
                    "type": "aws_autoscaling_group",
                    "depends_on": [
                        "aws_elb.Drupal-elb",
                        "aws_launch_configuration.Drupal-LG",
                        "aws_subnet.Drupal1-Subnet",
                        "aws_subnet.Drupal2-Subnet",
                        "data.aws_availability_zones.all"
                    ],
                    "primary": {
                        "id": "tf-asg-20180211181815342700000004",
                        "attributes": {
                            "arn": "arn:aws:autoscaling:us-east-1:616552976502:autoScalingGroup:16de215d-04a1-45a2-b4c5-65159e8f4ed6:autoScalingGroupName/tf-asg-20180211181815342700000004",
                            "availability_zones.#": "2",
                            "availability_zones.1305112097": "us-east-1b",
                            "availability_zones.3569565595": "us-east-1a",
                            "default_cooldown": "300",
                            "desired_capacity": "2",
                            "force_delete": "false",
                            "health_check_grace_period": "300",
                            "health_check_type": "ELB",
                            "id": "tf-asg-20180211181815342700000004",
                            "launch_configuration": "terraform-20180211181021940600000002",
                            "load_balancers.#": "1",
                            "load_balancers.1267496804": "Drupal-elb",
                            "max_size": "2",
                            "metrics_granularity": "1Minute",
                            "min_size": "2",
                            "name": "tf-asg-20180211181815342700000004",
                            "placement_group": "",
                            "protect_from_scale_in": "false",
                            "suspended_processes.#": "0",
                            "tag.#": "1",
                            "tag.1981831315.key": "Name",
                            "tag.1981831315.propagate_at_launch": "true",
                            "tag.1981831315.value": "Drupal-ASG",
                            "target_group_arns.#": "0",
                            "termination_policies.#": "0",
                            "vpc_zone_identifier.#": "2",
                            "vpc_zone_identifier.2649814044": "subnet-bb420094",
                            "vpc_zone_identifier.3840878423": "subnet-49b8b302",
                            "wait_for_capacity_timeout": "5m"
                        },
                        "meta": {
                            "e2bfb730-ecaa-11e6-8f88-34363bc7c4c0": {
                                "delete": 600000000000
                            }
                        },
                        "tainted": false
                    },
                    "deposed": [],
                    "provider": "provider.aws"
                },
                "aws_autoscaling_group.Guvnor-ASG": {
                    "type": "aws_autoscaling_group",
                    "depends_on": [
                        "aws_elb.Guvnor-elb",
                        "aws_launch_configuration.Guvnor-LG",
                        "aws_subnet.Guvnor1-Subnet",
                        "aws_subnet.Guvnor2-Subnet",
                        "data.aws_availability_zones.all"
                    ],
                    "primary": {
                        "id": "tf-asg-20180211181815341900000003",
                        "attributes": {
                            "arn": "arn:aws:autoscaling:us-east-1:616552976502:autoScalingGroup:2fcf7295-ceb6-424b-8a18-3b4245ec67f9:autoScalingGroupName/tf-asg-20180211181815341900000003",
                            "availability_zones.#": "2",
                            "availability_zones.1305112097": "us-east-1b",
                            "availability_zones.3569565595": "us-east-1a",
                            "default_cooldown": "300",
                            "desired_capacity": "2",
                            "force_delete": "false",
                            "health_check_grace_period": "300",
                            "health_check_type": "ELB",
                            "id": "tf-asg-20180211181815341900000003",
                            "launch_configuration": "terraform-20180211181027592400000004",
                            "load_balancers.#": "1",
                            "load_balancers.2557348173": "Guvnor-elb",
                            "max_size": "2",
                            "metrics_granularity": "1Minute",
                            "min_size": "2",
                            "name": "tf-asg-20180211181815341900000003",
                            "placement_group": "",
                            "protect_from_scale_in": "false",
                            "suspended_processes.#": "0",
                            "tag.#": "1",
                            "tag.3822604313.key": "Name",
                            "tag.3822604313.propagate_at_launch": "true",
                            "tag.3822604313.value": "Guvnor-ASG",
                            "target_group_arns.#": "0",
                            "termination_policies.#": "0",
                            "vpc_zone_identifier.#": "2",
                            "vpc_zone_identifier.1664767627": "subnet-bebfb4f5",
                            "vpc_zone_identifier.3962597113": "subnet-44387a6b",
                            "wait_for_capacity_timeout": "5m"
                        },
                        "meta": {
                            "e2bfb730-ecaa-11e6-8f88-34363bc7c4c0": {
                                "delete": 600000000000
                            }
                        },
                        "tainted": false
                    },
                    "deposed": [],
                    "provider": "provider.aws"
                },
                "aws_elb.Data-elb": {
                    "type": "aws_elb",
                    "depends_on": [
                        "aws_security_group.Data-instanceSG",
                        "aws_subnet.Data1-Subnet",
                        "aws_subnet.Data2-Subnet"
                    ],
                    "primary": {
                        "id": "Data-elb",
                        "attributes": {
                            "access_logs.#": "0",
                            "arn": "arn:aws:elasticloadbalancing:us-east-1:616552976502:loadbalancer/Data-elb",
                            "availability_zones.#": "2",
                            "availability_zones.1305112097": "us-east-1b",
                            "availability_zones.3569565595": "us-east-1a",
                            "connection_draining": "false",
                            "connection_draining_timeout": "300",
                            "cross_zone_load_balancing": "true",
                            "dns_name": "Data-elb-1982321553.us-east-1.elb.amazonaws.com",
                            "health_check.#": "1",
                            "health_check.0.healthy_threshold": "5",
                            "health_check.0.interval": "30",
                            "health_check.0.target": "TCP:22",
                            "health_check.0.timeout": "3",
                            "health_check.0.unhealthy_threshold": "5",
                            "id": "Data-elb",
                            "idle_timeout": "60",
                            "instances.#": "2",
                            "instances.1500043178": "i-078dc25693afb2f6d",
                            "instances.820443857": "i-0fbfe7f532981ea31",
                            "internal": "false",
                            "listener.#": "1",
                            "listener.829854800.instance_port": "22",
                            "listener.829854800.instance_protocol": "tcp",
                            "listener.829854800.lb_port": "22",
                            "listener.829854800.lb_protocol": "tcp",
                            "listener.829854800.ssl_certificate_id": "",
                            "name": "Data-elb",
                            "security_groups.#": "1",
                            "security_groups.2801761568": "sg-23780d54",
                            "source_security_group": "616552976502/Data-SG",
                            "source_security_group_id": "sg-23780d54",
                            "subnets.#": "2",
                            "subnets.1905628009": "subnet-febbb0b5",
                            "subnets.3008243884": "subnet-583a7877",
                            "tags.%": "0",
                            "zone_id": "Z35SXDOTRQ7X7K"
                        },
                        "meta": {},
                        "tainted": false
                    },
                    "deposed": [],
                    "provider": "provider.aws"
                },
                "aws_elb.Dexi-elb": {
                    "type": "aws_elb",
                    "depends_on": [
                        "aws_security_group.Dexi-instanceSG",
                        "aws_subnet.Dexi1-Subnet",
                        "aws_subnet.Dexi2-Subnet"
                    ],
                    "primary": {
                        "id": "Dexi-elb",
                        "attributes": {
                            "access_logs.#": "0",
                            "arn": "arn:aws:elasticloadbalancing:us-east-1:616552976502:loadbalancer/Dexi-elb",
                            "availability_zones.#": "2",
                            "availability_zones.1305112097": "us-east-1b",
                            "availability_zones.3569565595": "us-east-1a",
                            "connection_draining": "false",
                            "connection_draining_timeout": "300",
                            "cross_zone_load_balancing": "true",
                            "dns_name": "Dexi-elb-263592573.us-east-1.elb.amazonaws.com",
                            "health_check.#": "1",
                            "health_check.0.healthy_threshold": "5",
                            "health_check.0.interval": "30",
                            "health_check.0.target": "TCP:22",
                            "health_check.0.timeout": "3",
                            "health_check.0.unhealthy_threshold": "5",
                            "id": "Dexi-elb",
                            "idle_timeout": "60",
                            "instances.#": "2",
                            "instances.3193134115": "i-0e3848f5fe8a2f935",
                            "instances.3976904237": "i-01fc7d65ce24643b7",
                            "internal": "false",
                            "listener.#": "1",
                            "listener.829854800.instance_port": "22",
                            "listener.829854800.instance_protocol": "tcp",
                            "listener.829854800.lb_port": "22",
                            "listener.829854800.lb_protocol": "tcp",
                            "listener.829854800.ssl_certificate_id": "",
                            "name": "Dexi-elb",
                            "security_groups.#": "1",
                            "security_groups.842863412": "sg-10671267",
                            "source_security_group": "616552976502/Dexi-SG",
                            "source_security_group_id": "sg-10671267",
                            "subnets.#": "2",
                            "subnets.1761278523": "subnet-e0bcb7ab",
                            "subnets.3388713615": "subnet-b72d6f98",
                            "tags.%": "0",
                            "zone_id": "Z35SXDOTRQ7X7K"
                        },
                        "meta": {},
                        "tainted": false
                    },
                    "deposed": [],
                    "provider": "provider.aws"
                },
                "aws_elb.Drools-elb": {
                    "type": "aws_elb",
                    "depends_on": [
                        "aws_security_group.Drools-instanceSG",
                        "aws_subnet.Drools1-Subnet",
                        "aws_subnet.Drools2-Subnet"
                    ],
                    "primary": {
                        "id": "Drools-elb",
                        "attributes": {
                            "access_logs.#": "0",
                            "arn": "arn:aws:elasticloadbalancing:us-east-1:616552976502:loadbalancer/Drools-elb",
                            "availability_zones.#": "2",
                            "availability_zones.1305112097": "us-east-1b",
                            "availability_zones.3569565595": "us-east-1a",
                            "connection_draining": "false",
                            "connection_draining_timeout": "300",
                            "cross_zone_load_balancing": "true",
                            "dns_name": "Drools-elb-484362946.us-east-1.elb.amazonaws.com",
                            "health_check.#": "1",
                            "health_check.0.healthy_threshold": "5",
                            "health_check.0.interval": "30",
                            "health_check.0.target": "TCP:22",
                            "health_check.0.timeout": "3",
                            "health_check.0.unhealthy_threshold": "5",
                            "id": "Drools-elb",
                            "idle_timeout": "60",
                            "instances.#": "2",
                            "instances.1437649746": "i-00edd5b973d6d6c13",
                            "instances.4098961981": "i-024a3cab9f62876aa",
                            "internal": "false",
                            "listener.#": "1",
                            "listener.829854800.instance_port": "22",
                            "listener.829854800.instance_protocol": "tcp",
                            "listener.829854800.lb_port": "22",
                            "listener.829854800.lb_protocol": "tcp",
                            "listener.829854800.ssl_certificate_id": "",
                            "name": "Drools-elb",
                            "security_groups.#": "1",
                            "security_groups.3437760282": "sg-2f611458",
                            "source_security_group": "616552976502/Drools-SG",
                            "source_security_group_id": "sg-2f611458",
                            "subnets.#": "2",
                            "subnets.1740337260": "subnet-fba2a9b0",
                            "subnets.2524397616": "subnet-c52d6fea",
                            "tags.%": "0",
                            "zone_id": "Z35SXDOTRQ7X7K"
                        },
                        "meta": {},
                        "tainted": false
                    },
                    "deposed": [],
                    "provider": "provider.aws"
                },
                "aws_elb.Drupal-elb": {
                    "type": "aws_elb",
                    "depends_on": [
                        "aws_security_group.Drupal-instanceSG",
                        "aws_subnet.Drupal1-Subnet",
                        "aws_subnet.Drupal2-Subnet"
                    ],
                    "primary": {
                        "id": "Drupal-elb",
                        "attributes": {
                            "access_logs.#": "0",
                            "arn": "arn:aws:elasticloadbalancing:us-east-1:616552976502:loadbalancer/Drupal-elb",
                            "availability_zones.#": "2",
                            "availability_zones.1305112097": "us-east-1b",
                            "availability_zones.3569565595": "us-east-1a",
                            "connection_draining": "false",
                            "connection_draining_timeout": "300",
                            "cross_zone_load_balancing": "true",
                            "dns_name": "Drupal-elb-75058732.us-east-1.elb.amazonaws.com",
                            "health_check.#": "1",
                            "health_check.0.healthy_threshold": "5",
                            "health_check.0.interval": "30",
                            "health_check.0.target": "TCP:22",
                            "health_check.0.timeout": "3",
                            "health_check.0.unhealthy_threshold": "5",
                            "id": "Drupal-elb",
                            "idle_timeout": "60",
                            "instances.#": "2",
                            "instances.2490352269": "i-0f6d998f000ad9e27",
                            "instances.2568482368": "i-0c90c8f45b51a5948",
                            "internal": "false",
                            "listener.#": "1",
                            "listener.829854800.instance_port": "22",
                            "listener.829854800.instance_protocol": "tcp",
                            "listener.829854800.lb_port": "22",
                            "listener.829854800.lb_protocol": "tcp",
                            "listener.829854800.ssl_certificate_id": "",
                            "name": "Drupal-elb",
                            "security_groups.#": "1",
                            "security_groups.2098860668": "sg-dd6316aa",
                            "source_security_group": "616552976502/Drupal-SG",
                            "source_security_group_id": "sg-dd6316aa",
                            "subnets.#": "2",
                            "subnets.2649814044": "subnet-bb420094",
                            "subnets.3840878423": "subnet-49b8b302",
                            "tags.%": "0",
                            "zone_id": "Z35SXDOTRQ7X7K"
                        },
                        "meta": {},
                        "tainted": false
                    },
                    "deposed": [],
                    "provider": "provider.aws"
                },
                "aws_elb.Guvnor-elb": {
                    "type": "aws_elb",
                    "depends_on": [
                        "aws_security_group.Guvnor-instanceSG",
                        "aws_subnet.Guvnor1-Subnet",
                        "aws_subnet.Guvnor2-Subnet"
                    ],
                    "primary": {
                        "id": "Guvnor-elb",
                        "attributes": {
                            "access_logs.#": "0",
                            "arn": "arn:aws:elasticloadbalancing:us-east-1:616552976502:loadbalancer/Guvnor-elb",
                            "availability_zones.#": "2",
                            "availability_zones.1305112097": "us-east-1b",
                            "availability_zones.3569565595": "us-east-1a",
                            "connection_draining": "false",
                            "connection_draining_timeout": "300",
                            "cross_zone_load_balancing": "true",
                            "dns_name": "Guvnor-elb-1585835954.us-east-1.elb.amazonaws.com",
                            "health_check.#": "1",
                            "health_check.0.healthy_threshold": "5",
                            "health_check.0.interval": "30",
                            "health_check.0.target": "TCP:22",
                            "health_check.0.timeout": "3",
                            "health_check.0.unhealthy_threshold": "5",
                            "id": "Guvnor-elb",
                            "idle_timeout": "60",
                            "instances.#": "2",
                            "instances.1545964488": "i-00b2bbec779e8308f",
                            "instances.608946030": "i-03edb6f18959fbfd5",
                            "internal": "false",
                            "listener.#": "1",
                            "listener.829854800.instance_port": "22",
                            "listener.829854800.instance_protocol": "tcp",
                            "listener.829854800.lb_port": "22",
                            "listener.829854800.lb_protocol": "tcp",
                            "listener.829854800.ssl_certificate_id": "",
                            "name": "Guvnor-elb",
                            "security_groups.#": "1",
                            "security_groups.1003278590": "sg-cb7f0abc",
                            "source_security_group": "616552976502/Guvnor-SG",
                            "source_security_group_id": "sg-cb7f0abc",
                            "subnets.#": "2",
                            "subnets.1664767627": "subnet-bebfb4f5",
                            "subnets.3962597113": "subnet-44387a6b",
                            "tags.%": "0",
                            "zone_id": "Z35SXDOTRQ7X7K"
                        },
                        "meta": {},
                        "tainted": false
                    },
                    "deposed": [],
                    "provider": "provider.aws"
                },
                "aws_instance.NAT": {
                    "type": "aws_instance",
                    "depends_on": [
                        "aws_security_group.NAT-instanceSG",
                        "aws_subnet.NAT-Subnet"
                    ],
                    "primary": {
                        "id": "i-00832291d7cb0fc89",
                        "attributes": {
                            "ami": "ami-7f3d3705",
                            "associate_public_ip_address": "true",
                            "availability_zone": "us-east-1a",
                            "disable_api_termination": "false",
                            "ebs_block_device.#": "0",
                            "ebs_optimized": "false",
                            "ephemeral_block_device.#": "0",
                            "iam_instance_profile": "",
                            "id": "i-00832291d7cb0fc89",
                            "instance_state": "running",
                            "instance_type": "t2.micro",
                            "ipv6_addresses.#": "0",
                            "key_name": "DAIP-BastionHost",
                            "monitoring": "false",
                            "network_interface.#": "0",
                            "network_interface_id": "eni-1e7c7cd3",
                            "placement_group": "",
                            "primary_network_interface_id": "eni-1e7c7cd3",
                            "private_dns": "ip-10-0-10-88.ec2.internal",
                            "private_ip": "10.0.10.88",
                            "public_dns": "",
                            "public_ip": "54.147.245.145",
                            "root_block_device.#": "1",
                            "root_block_device.0.delete_on_termination": "true",
                            "root_block_device.0.iops": "100",
                            "root_block_device.0.volume_id": "vol-0a10ca2b5945bffb5",
                            "root_block_device.0.volume_size": "8",
                            "root_block_device.0.volume_type": "gp2",
                            "security_groups.#": "0",
                            "source_dest_check": "false",
                            "subnet_id": "subnet-4d5f1262",
                            "tags.%": "0",
                            "tenancy": "default",
                            "volume_tags.%": "0",
                            "vpc_security_group_ids.#": "1",
                            "vpc_security_group_ids.2120182465": "sg-a50476d2"
                        },
                        "meta": {
                            "e2bfb730-ecaa-11e6-8f88-34363bc7c4c0": {
                                "create": 600000000000,
                                "delete": 600000000000,
                                "update": 600000000000
                            },
                            "schema_version": "1"
                        },
                        "tainted": false
                    },
                    "deposed": [],
                    "provider": "provider.aws"
                },
                "aws_internet_gateway.gw": {
                    "type": "aws_internet_gateway",
                    "depends_on": [
                        "aws_vpc.DAIP-VPC"
                    ],
                    "primary": {
                        "id": "igw-1a04e362",
                        "attributes": {
                            "id": "igw-1a04e362",
                            "tags.%": "1",
                            "tags.Name": "DAIP-IGW",
                            "vpc_id": "vpc-d66498ad"
                        },
                        "meta": {},
                        "tainted": false
                    },
                    "deposed": [],
                    "provider": "provider.aws"
                },
                "aws_launch_configuration.Bastion-LG": {
                    "type": "aws_launch_configuration",
                    "depends_on": [],
                    "primary": {
                        "id": "terraform-20180212144506009700000001",
                        "attributes": {
                            "associate_public_ip_address": "false",
                            "ebs_block_device.#": "2",
                            "ebs_block_device.1631469128.delete_on_termination": "true",
                            "ebs_block_device.1631469128.device_name": "/dev/xvdb",
                            "ebs_block_device.1631469128.encrypted": "false",
                            "ebs_block_device.1631469128.iops": "0",
                            "ebs_block_device.1631469128.snapshot_id": "",
                            "ebs_block_device.1631469128.volume_size": "8",
                            "ebs_block_device.1631469128.volume_type": "gp2",
                            "ebs_block_device.3993703389.delete_on_termination": "true",
                            "ebs_block_device.3993703389.device_name": "/dev/xvdc",
                            "ebs_block_device.3993703389.encrypted": "false",
                            "ebs_block_device.3993703389.iops": "0",
                            "ebs_block_device.3993703389.snapshot_id": "",
                            "ebs_block_device.3993703389.volume_size": "8",
                            "ebs_block_device.3993703389.volume_type": "gp2",
                            "ebs_optimized": "false",
                            "enable_monitoring": "true",
                            "ephemeral_block_device.#": "0",
                            "iam_instance_profile": "",
                            "id": "terraform-20180212144506009700000001",
                            "image_id": "ami-e532389f",
                            "instance_type": "t2.micro",
                            "key_name": "DAIP-BastionHost",
                            "name": "terraform-20180212144506009700000001",
                            "root_block_device.#": "0",
                            "security_groups.#": "1",
                            "security_groups.1033963765": "sg-8b6d18fc",
                            "spot_price": "",
                            "vpc_classic_link_id": "",
                            "vpc_classic_link_security_groups.#": "0"
                        },
                        "meta": {},
                        "tainted": false
                    },
                    "deposed": [],
                    "provider": "provider.aws"
                },
                "aws_launch_configuration.Data-LG": {
                    "type": "aws_launch_configuration",
                    "depends_on": [
                        "aws_security_group.Data-instanceSG"
                    ],
                    "primary": {
                        "id": "terraform-20180211181035738200000005",
                        "attributes": {
                            "associate_public_ip_address": "false",
                            "ebs_block_device.#": "2",
                            "ebs_block_device.1631469128.delete_on_termination": "true",
                            "ebs_block_device.1631469128.device_name": "/dev/xvdb",
                            "ebs_block_device.1631469128.encrypted": "false",
                            "ebs_block_device.1631469128.iops": "0",
                            "ebs_block_device.1631469128.snapshot_id": "",
                            "ebs_block_device.1631469128.volume_size": "8",
                            "ebs_block_device.1631469128.volume_type": "gp2",
                            "ebs_block_device.3993703389.delete_on_termination": "true",
                            "ebs_block_device.3993703389.device_name": "/dev/xvdc",
                            "ebs_block_device.3993703389.encrypted": "false",
                            "ebs_block_device.3993703389.iops": "0",
                            "ebs_block_device.3993703389.snapshot_id": "",
                            "ebs_block_device.3993703389.volume_size": "8",
                            "ebs_block_device.3993703389.volume_type": "gp2",
                            "ebs_optimized": "false",
                            "enable_monitoring": "true",
                            "ephemeral_block_device.#": "0",
                            "iam_instance_profile": "",
                            "id": "terraform-20180211181035738200000005",
                            "image_id": "ami-26ebbc5c",
                            "instance_type": "t2.micro",
                            "key_name": "DAIP-BastionHost",
                            "name": "terraform-20180211181035738200000005",
                            "root_block_device.#": "0",
                            "security_groups.#": "1",
                            "security_groups.2801761568": "sg-23780d54",
                            "spot_price": "",
                            "vpc_classic_link_id": "",
                            "vpc_classic_link_security_groups.#": "0"
                        },
                        "meta": {},
                        "tainted": false
                    },
                    "deposed": [],
                    "provider": "provider.aws"
                },
                "aws_launch_configuration.Dexi-LG": {
                    "type": "aws_launch_configuration",
                    "depends_on": [
                        "aws_security_group.Dexi-instanceSG"
                    ],
                    "primary": {
                        "id": "terraform-20180211181008287500000001",
                        "attributes": {
                            "associate_public_ip_address": "false",
                            "ebs_block_device.#": "2",
                            "ebs_block_device.1631469128.delete_on_termination": "true",
                            "ebs_block_device.1631469128.device_name": "/dev/xvdb",
                            "ebs_block_device.1631469128.encrypted": "false",
                            "ebs_block_device.1631469128.iops": "0",
                            "ebs_block_device.1631469128.snapshot_id": "",
                            "ebs_block_device.1631469128.volume_size": "8",
                            "ebs_block_device.1631469128.volume_type": "gp2",
                            "ebs_block_device.3993703389.delete_on_termination": "true",
                            "ebs_block_device.3993703389.device_name": "/dev/xvdc",
                            "ebs_block_device.3993703389.encrypted": "false",
                            "ebs_block_device.3993703389.iops": "0",
                            "ebs_block_device.3993703389.snapshot_id": "",
                            "ebs_block_device.3993703389.volume_size": "8",
                            "ebs_block_device.3993703389.volume_type": "gp2",
                            "ebs_optimized": "false",
                            "enable_monitoring": "true",
                            "ephemeral_block_device.#": "0",
                            "iam_instance_profile": "",
                            "id": "terraform-20180211181008287500000001",
                            "image_id": "ami-26ebbc5c",
                            "instance_type": "t2.micro",
                            "key_name": "DAIP-BastionHost",
                            "name": "terraform-20180211181008287500000001",
                            "root_block_device.#": "0",
                            "security_groups.#": "1",
                            "security_groups.842863412": "sg-10671267",
                            "spot_price": "",
                            "vpc_classic_link_id": "",
                            "vpc_classic_link_security_groups.#": "0"
                        },
                        "meta": {},
                        "tainted": false
                    },
                    "deposed": [],
                    "provider": "provider.aws"
                },
                "aws_launch_configuration.Drools-LG": {
                    "type": "aws_launch_configuration",
                    "depends_on": [
                        "aws_security_group.Drools-instanceSG"
                    ],
                    "primary": {
                        "id": "terraform-20180211181021941300000003",
                        "attributes": {
                            "associate_public_ip_address": "false",
                            "ebs_block_device.#": "2",
                            "ebs_block_device.1631469128.delete_on_termination": "true",
                            "ebs_block_device.1631469128.device_name": "/dev/xvdb",
                            "ebs_block_device.1631469128.encrypted": "false",
                            "ebs_block_device.1631469128.iops": "0",
                            "ebs_block_device.1631469128.snapshot_id": "",
                            "ebs_block_device.1631469128.volume_size": "8",
                            "ebs_block_device.1631469128.volume_type": "gp2",
                            "ebs_block_device.3993703389.delete_on_termination": "true",
                            "ebs_block_device.3993703389.device_name": "/dev/xvdc",
                            "ebs_block_device.3993703389.encrypted": "false",
                            "ebs_block_device.3993703389.iops": "0",
                            "ebs_block_device.3993703389.snapshot_id": "",
                            "ebs_block_device.3993703389.volume_size": "8",
                            "ebs_block_device.3993703389.volume_type": "gp2",
                            "ebs_optimized": "false",
                            "enable_monitoring": "true",
                            "ephemeral_block_device.#": "0",
                            "iam_instance_profile": "",
                            "id": "terraform-20180211181021941300000003",
                            "image_id": "ami-26ebbc5c",
                            "instance_type": "t2.micro",
                            "key_name": "DAIP-BastionHost",
                            "name": "terraform-20180211181021941300000003",
                            "root_block_device.#": "0",
                            "security_groups.#": "1",
                            "security_groups.3437760282": "sg-2f611458",
                            "spot_price": "",
                            "vpc_classic_link_id": "",
                            "vpc_classic_link_security_groups.#": "0"
                        },
                        "meta": {},
                        "tainted": false
                    },
                    "deposed": [],
                    "provider": "provider.aws"
                },
                "aws_launch_configuration.Drupal-LG": {
                    "type": "aws_launch_configuration",
                    "depends_on": [
                        "aws_security_group.Drupal-instanceSG"
                    ],
                    "primary": {
                        "id": "terraform-20180211181021940600000002",
                        "attributes": {
                            "associate_public_ip_address": "false",
                            "ebs_block_device.#": "2",
                            "ebs_block_device.1631469128.delete_on_termination": "true",
                            "ebs_block_device.1631469128.device_name": "/dev/xvdb",
                            "ebs_block_device.1631469128.encrypted": "false",
                            "ebs_block_device.1631469128.iops": "0",
                            "ebs_block_device.1631469128.snapshot_id": "",
                            "ebs_block_device.1631469128.volume_size": "8",
                            "ebs_block_device.1631469128.volume_type": "gp2",
                            "ebs_block_device.3993703389.delete_on_termination": "true",
                            "ebs_block_device.3993703389.device_name": "/dev/xvdc",
                            "ebs_block_device.3993703389.encrypted": "false",
                            "ebs_block_device.3993703389.iops": "0",
                            "ebs_block_device.3993703389.snapshot_id": "",
                            "ebs_block_device.3993703389.volume_size": "8",
                            "ebs_block_device.3993703389.volume_type": "gp2",
                            "ebs_optimized": "false",
                            "enable_monitoring": "true",
                            "ephemeral_block_device.#": "0",
                            "iam_instance_profile": "",
                            "id": "terraform-20180211181021940600000002",
                            "image_id": "ami-26ebbc5c",
                            "instance_type": "t2.micro",
                            "key_name": "DAIP-BastionHost",
                            "name": "terraform-20180211181021940600000002",
                            "root_block_device.#": "0",
                            "security_groups.#": "1",
                            "security_groups.2098860668": "sg-dd6316aa",
                            "spot_price": "",
                            "vpc_classic_link_id": "",
                            "vpc_classic_link_security_groups.#": "0"
                        },
                        "meta": {},
                        "tainted": false
                    },
                    "deposed": [],
                    "provider": "provider.aws"
                },
                "aws_launch_configuration.Guvnor-LG": {
                    "type": "aws_launch_configuration",
                    "depends_on": [
                        "aws_security_group.Guvnor-instanceSG"
                    ],
                    "primary": {
                        "id": "terraform-20180211181027592400000004",
                        "attributes": {
                            "associate_public_ip_address": "false",
                            "ebs_block_device.#": "2",
                            "ebs_block_device.1631469128.delete_on_termination": "true",
                            "ebs_block_device.1631469128.device_name": "/dev/xvdb",
                            "ebs_block_device.1631469128.encrypted": "false",
                            "ebs_block_device.1631469128.iops": "0",
                            "ebs_block_device.1631469128.snapshot_id": "",
                            "ebs_block_device.1631469128.volume_size": "8",
                            "ebs_block_device.1631469128.volume_type": "gp2",
                            "ebs_block_device.3993703389.delete_on_termination": "true",
                            "ebs_block_device.3993703389.device_name": "/dev/xvdc",
                            "ebs_block_device.3993703389.encrypted": "false",
                            "ebs_block_device.3993703389.iops": "0",
                            "ebs_block_device.3993703389.snapshot_id": "",
                            "ebs_block_device.3993703389.volume_size": "8",
                            "ebs_block_device.3993703389.volume_type": "gp2",
                            "ebs_optimized": "false",
                            "enable_monitoring": "true",
                            "ephemeral_block_device.#": "0",
                            "iam_instance_profile": "",
                            "id": "terraform-20180211181027592400000004",
                            "image_id": "ami-26ebbc5c",
                            "instance_type": "t2.micro",
                            "key_name": "DAIP-BastionHost",
                            "name": "terraform-20180211181027592400000004",
                            "root_block_device.#": "0",
                            "security_groups.#": "1",
                            "security_groups.1003278590": "sg-cb7f0abc",
                            "spot_price": "",
                            "vpc_classic_link_id": "",
                            "vpc_classic_link_security_groups.#": "0"
                        },
                        "meta": {},
                        "tainted": false
                    },
                    "deposed": [],
                    "provider": "provider.aws"
                },
                "aws_route_table.Bastion1-RTB": {
                    "type": "aws_route_table",
                    "depends_on": [
                        "aws_internet_gateway.gw",
                        "aws_vpc.DAIP-VPC"
                    ],
                    "primary": {
                        "id": "rtb-1699826b",
                        "attributes": {
                            "id": "rtb-1699826b",
                            "propagating_vgws.#": "0",
                            "route.#": "1",
                            "route.2937803243.cidr_block": "0.0.0.0/0",
                            "route.2937803243.egress_only_gateway_id": "",
                            "route.2937803243.gateway_id": "igw-1a04e362",
                            "route.2937803243.instance_id": "",
                            "route.2937803243.ipv6_cidr_block": "",
                            "route.2937803243.nat_gateway_id": "",
                            "route.2937803243.network_interface_id": "",
                            "route.2937803243.vpc_peering_connection_id": "",
                            "tags.%": "0",
                            "vpc_id": "vpc-d66498ad"
                        },
                        "meta": {},
                        "tainted": false
                    },
                    "deposed": [],
                    "provider": "provider.aws"
                },
                "aws_route_table.Data1-RTB": {
                    "type": "aws_route_table",
                    "depends_on": [
                        "aws_internet_gateway.gw",
                        "aws_vpc.DAIP-VPC"
                    ],
                    "primary": {
                        "id": "rtb-e7e1fa9a",
                        "attributes": {
                            "id": "rtb-e7e1fa9a",
                            "propagating_vgws.#": "0",
                            "route.#": "1",
                            "route.2937803243.cidr_block": "0.0.0.0/0",
                            "route.2937803243.egress_only_gateway_id": "",
                            "route.2937803243.gateway_id": "igw-1a04e362",
                            "route.2937803243.instance_id": "",
                            "route.2937803243.ipv6_cidr_block": "",
                            "route.2937803243.nat_gateway_id": "",
                            "route.2937803243.network_interface_id": "",
                            "route.2937803243.vpc_peering_connection_id": "",
                            "tags.%": "0",
                            "vpc_id": "vpc-d66498ad"
                        },
                        "meta": {},
                        "tainted": false
                    },
                    "deposed": [],
                    "provider": "provider.aws"
                },
                "aws_route_table.Data2-RTB": {
                    "type": "aws_route_table",
                    "depends_on": [
                        "aws_internet_gateway.gw",
                        "aws_vpc.DAIP-VPC"
                    ],
                    "primary": {
                        "id": "rtb-7699820b",
                        "attributes": {
                            "id": "rtb-7699820b",
                            "propagating_vgws.#": "0",
                            "route.#": "1",
                            "route.2937803243.cidr_block": "0.0.0.0/0",
                            "route.2937803243.egress_only_gateway_id": "",
                            "route.2937803243.gateway_id": "igw-1a04e362",
                            "route.2937803243.instance_id": "",
                            "route.2937803243.ipv6_cidr_block": "",
                            "route.2937803243.nat_gateway_id": "",
                            "route.2937803243.network_interface_id": "",
                            "route.2937803243.vpc_peering_connection_id": "",
                            "tags.%": "0",
                            "vpc_id": "vpc-d66498ad"
                        },
                        "meta": {},
                        "tainted": false
                    },
                    "deposed": [],
                    "provider": "provider.aws"
                },
                "aws_route_table.Dexi1-RTB": {
                    "type": "aws_route_table",
                    "depends_on": [
                        "aws_internet_gateway.gw",
                        "aws_vpc.DAIP-VPC"
                    ],
                    "primary": {
                        "id": "rtb-c8e3f8b5",
                        "attributes": {
                            "id": "rtb-c8e3f8b5",
                            "propagating_vgws.#": "0",
                            "route.#": "1",
                            "route.2937803243.cidr_block": "0.0.0.0/0",
                            "route.2937803243.egress_only_gateway_id": "",
                            "route.2937803243.gateway_id": "igw-1a04e362",
                            "route.2937803243.instance_id": "",
                            "route.2937803243.ipv6_cidr_block": "",
                            "route.2937803243.nat_gateway_id": "",
                            "route.2937803243.network_interface_id": "",
                            "route.2937803243.vpc_peering_connection_id": "",
                            "tags.%": "0",
                            "vpc_id": "vpc-d66498ad"
                        },
                        "meta": {},
                        "tainted": false
                    },
                    "deposed": [],
                    "provider": "provider.aws"
                },
                "aws_route_table.Dexi2-RTB": {
                    "type": "aws_route_table",
                    "depends_on": [
                        "aws_internet_gateway.gw",
                        "aws_vpc.DAIP-VPC"
                    ],
                    "primary": {
                        "id": "rtb-9be5fee6",
                        "attributes": {
                            "id": "rtb-9be5fee6",
                            "propagating_vgws.#": "0",
                            "route.#": "1",
                            "route.2937803243.cidr_block": "0.0.0.0/0",
                            "route.2937803243.egress_only_gateway_id": "",
                            "route.2937803243.gateway_id": "igw-1a04e362",
                            "route.2937803243.instance_id": "",
                            "route.2937803243.ipv6_cidr_block": "",
                            "route.2937803243.nat_gateway_id": "",
                            "route.2937803243.network_interface_id": "",
                            "route.2937803243.vpc_peering_connection_id": "",
                            "tags.%": "0",
                            "vpc_id": "vpc-d66498ad"
                        },
                        "meta": {},
                        "tainted": false
                    },
                    "deposed": [],
                    "provider": "provider.aws"
                },
                "aws_route_table.Drools1-RTB": {
                    "type": "aws_route_table",
                    "depends_on": [
                        "aws_internet_gateway.gw",
                        "aws_vpc.DAIP-VPC"
                    ],
                    "primary": {
                        "id": "rtb-1799826a",
                        "attributes": {
                            "id": "rtb-1799826a",
                            "propagating_vgws.#": "0",
                            "route.#": "1",
                            "route.2937803243.cidr_block": "0.0.0.0/0",
                            "route.2937803243.egress_only_gateway_id": "",
                            "route.2937803243.gateway_id": "igw-1a04e362",
                            "route.2937803243.instance_id": "",
                            "route.2937803243.ipv6_cidr_block": "",
                            "route.2937803243.nat_gateway_id": "",
                            "route.2937803243.network_interface_id": "",
                            "route.2937803243.vpc_peering_connection_id": "",
                            "tags.%": "0",
                            "vpc_id": "vpc-d66498ad"
                        },
                        "meta": {},
                        "tainted": false
                    },
                    "deposed": [],
                    "provider": "provider.aws"
                },
                "aws_route_table.Drools2-RTB": {
                    "type": "aws_route_table",
                    "depends_on": [
                        "aws_internet_gateway.gw",
                        "aws_vpc.DAIP-VPC"
                    ],
                    "primary": {
                        "id": "rtb-e39a819e",
                        "attributes": {
                            "id": "rtb-e39a819e",
                            "propagating_vgws.#": "0",
                            "route.#": "1",
                            "route.2937803243.cidr_block": "0.0.0.0/0",
                            "route.2937803243.egress_only_gateway_id": "",
                            "route.2937803243.gateway_id": "igw-1a04e362",
                            "route.2937803243.instance_id": "",
                            "route.2937803243.ipv6_cidr_block": "",
                            "route.2937803243.nat_gateway_id": "",
                            "route.2937803243.network_interface_id": "",
                            "route.2937803243.vpc_peering_connection_id": "",
                            "tags.%": "0",
                            "vpc_id": "vpc-d66498ad"
                        },
                        "meta": {},
                        "tainted": false
                    },
                    "deposed": [],
                    "provider": "provider.aws"
                },
                "aws_route_table.Drupal1-RTB": {
                    "type": "aws_route_table",
                    "depends_on": [
                        "aws_internet_gateway.gw",
                        "aws_vpc.DAIP-VPC"
                    ],
                    "primary": {
                        "id": "rtb-25f4ef58",
                        "attributes": {
                            "id": "rtb-25f4ef58",
                            "propagating_vgws.#": "0",
                            "route.#": "1",
                            "route.2937803243.cidr_block": "0.0.0.0/0",
                            "route.2937803243.egress_only_gateway_id": "",
                            "route.2937803243.gateway_id": "igw-1a04e362",
                            "route.2937803243.instance_id": "",
                            "route.2937803243.ipv6_cidr_block": "",
                            "route.2937803243.nat_gateway_id": "",
                            "route.2937803243.network_interface_id": "",
                            "route.2937803243.vpc_peering_connection_id": "",
                            "tags.%": "0",
                            "vpc_id": "vpc-d66498ad"
                        },
                        "meta": {},
                        "tainted": false
                    },
                    "deposed": [],
                    "provider": "provider.aws"
                },
                "aws_route_table.Drupal2-RTB": {
                    "type": "aws_route_table",
                    "depends_on": [
                        "aws_internet_gateway.gw",
                        "aws_vpc.DAIP-VPC"
                    ],
                    "primary": {
                        "id": "rtb-38e8f345",
                        "attributes": {
                            "id": "rtb-38e8f345",
                            "propagating_vgws.#": "0",
                            "route.#": "1",
                            "route.2937803243.cidr_block": "0.0.0.0/0",
                            "route.2937803243.egress_only_gateway_id": "",
                            "route.2937803243.gateway_id": "igw-1a04e362",
                            "route.2937803243.instance_id": "",
                            "route.2937803243.ipv6_cidr_block": "",
                            "route.2937803243.nat_gateway_id": "",
                            "route.2937803243.network_interface_id": "",
                            "route.2937803243.vpc_peering_connection_id": "",
                            "tags.%": "0",
                            "vpc_id": "vpc-d66498ad"
                        },
                        "meta": {},
                        "tainted": false
                    },
                    "deposed": [],
                    "provider": "provider.aws"
                },
                "aws_route_table.Guvnor1-RTB": {
                    "type": "aws_route_table",
                    "depends_on": [
                        "aws_internet_gateway.gw",
                        "aws_vpc.DAIP-VPC"
                    ],
                    "primary": {
                        "id": "rtb-c39f84be",
                        "attributes": {
                            "id": "rtb-c39f84be",
                            "propagating_vgws.#": "0",
                            "route.#": "1",
                            "route.2937803243.cidr_block": "0.0.0.0/0",
                            "route.2937803243.egress_only_gateway_id": "",
                            "route.2937803243.gateway_id": "igw-1a04e362",
                            "route.2937803243.instance_id": "",
                            "route.2937803243.ipv6_cidr_block": "",
                            "route.2937803243.nat_gateway_id": "",
                            "route.2937803243.network_interface_id": "",
                            "route.2937803243.vpc_peering_connection_id": "",
                            "tags.%": "0",
                            "vpc_id": "vpc-d66498ad"
                        },
                        "meta": {},
                        "tainted": false
                    },
                    "deposed": [],
                    "provider": "provider.aws"
                },
                "aws_route_table.Guvnor2-RTB": {
                    "type": "aws_route_table",
                    "depends_on": [
                        "aws_internet_gateway.gw",
                        "aws_vpc.DAIP-VPC"
                    ],
                    "primary": {
                        "id": "rtb-5198832c",
                        "attributes": {
                            "id": "rtb-5198832c",
                            "propagating_vgws.#": "0",
                            "route.#": "1",
                            "route.2937803243.cidr_block": "0.0.0.0/0",
                            "route.2937803243.egress_only_gateway_id": "",
                            "route.2937803243.gateway_id": "igw-1a04e362",
                            "route.2937803243.instance_id": "",
                            "route.2937803243.ipv6_cidr_block": "",
                            "route.2937803243.nat_gateway_id": "",
                            "route.2937803243.network_interface_id": "",
                            "route.2937803243.vpc_peering_connection_id": "",
                            "tags.%": "0",
                            "vpc_id": "vpc-d66498ad"
                        },
                        "meta": {},
                        "tainted": false
                    },
                    "deposed": [],
                    "provider": "provider.aws"
                },
                "aws_route_table.NAT-RTB": {
                    "type": "aws_route_table",
                    "depends_on": [
                        "aws_internet_gateway.gw",
                        "aws_vpc.DAIP-VPC"
                    ],
                    "primary": {
                        "id": "rtb-6310f51f",
                        "attributes": {
                            "id": "rtb-6310f51f",
                            "propagating_vgws.#": "0",
                            "route.#": "1",
                            "route.2937803243.cidr_block": "0.0.0.0/0",
                            "route.2937803243.egress_only_gateway_id": "",
                            "route.2937803243.gateway_id": "igw-1a04e362",
                            "route.2937803243.instance_id": "",
                            "route.2937803243.ipv6_cidr_block": "",
                            "route.2937803243.nat_gateway_id": "",
                            "route.2937803243.network_interface_id": "",
                            "route.2937803243.vpc_peering_connection_id": "",
                            "tags.%": "0",
                            "vpc_id": "vpc-d66498ad"
                        },
                        "meta": {},
                        "tainted": false
                    },
                    "deposed": [],
                    "provider": "provider.aws"
                },
                "aws_route_table_association.Bastion-RTB-Associate1": {
                    "type": "aws_route_table_association",
                    "depends_on": [
                        "aws_route_table.Bastion1-RTB",
                        "aws_subnet.Bastion-Subnet"
                    ],
                    "primary": {
                        "id": "rtbassoc-889af1f4",
                        "attributes": {
                            "id": "rtbassoc-889af1f4",
                            "route_table_id": "rtb-1699826b",
                            "subnet_id": "subnet-25387a0a"
                        },
                        "meta": {},
                        "tainted": false
                    },
                    "deposed": [],
                    "provider": "provider.aws"
                },
                "aws_route_table_association.Data-RTB-Associate1": {
                    "type": "aws_route_table_association",
                    "depends_on": [
                        "aws_route_table.Data1-RTB",
                        "aws_subnet.Data1-Subnet"
                    ],
                    "primary": {
                        "id": "rtbassoc-5f87ec23",
                        "attributes": {
                            "id": "rtbassoc-5f87ec23",
                            "route_table_id": "rtb-e7e1fa9a",
                            "subnet_id": "subnet-583a7877"
                        },
                        "meta": {},
                        "tainted": false
                    },
                    "deposed": [],
                    "provider": "provider.aws"
                },
                "aws_route_table_association.Data-RTB-Associate2": {
                    "type": "aws_route_table_association",
                    "depends_on": [
                        "aws_route_table.Data2-RTB",
                        "aws_subnet.Data2-Subnet"
                    ],
                    "primary": {
                        "id": "rtbassoc-1980eb65",
                        "attributes": {
                            "id": "rtbassoc-1980eb65",
                            "route_table_id": "rtb-7699820b",
                            "subnet_id": "subnet-febbb0b5"
                        },
                        "meta": {},
                        "tainted": false
                    },
                    "deposed": [],
                    "provider": "provider.aws"
                },
                "aws_route_table_association.Dexi-RTB-Associate1": {
                    "type": "aws_route_table_association",
                    "depends_on": [
                        "aws_route_table.Dexi1-RTB",
                        "aws_subnet.Dexi1-Subnet"
                    ],
                    "primary": {
                        "id": "rtbassoc-6a85ee16",
                        "attributes": {
                            "id": "rtbassoc-6a85ee16",
                            "route_table_id": "rtb-c8e3f8b5",
                            "subnet_id": "subnet-b72d6f98"
                        },
                        "meta": {},
                        "tainted": false
                    },
                    "deposed": [],
                    "provider": "provider.aws"
                },
                "aws_route_table_association.Dexi-RTB-Associate2": {
                    "type": "aws_route_table_association",
                    "depends_on": [
                        "aws_route_table.Dexi2-RTB",
                        "aws_subnet.Dexi2-Subnet"
                    ],
                    "primary": {
                        "id": "rtbassoc-579af12b",
                        "attributes": {
                            "id": "rtbassoc-579af12b",
                            "route_table_id": "rtb-9be5fee6",
                            "subnet_id": "subnet-e0bcb7ab"
                        },
                        "meta": {},
                        "tainted": false
                    },
                    "deposed": [],
                    "provider": "provider.aws"
                },
                "aws_route_table_association.Drools-RTB-Associate1": {
                    "type": "aws_route_table_association",
                    "depends_on": [
                        "aws_route_table.Drools1-RTB",
                        "aws_subnet.Drools1-Subnet"
                    ],
                    "primary": {
                        "id": "rtbassoc-8f9af1f3",
                        "attributes": {
                            "id": "rtbassoc-8f9af1f3",
                            "route_table_id": "rtb-1799826a",
                            "subnet_id": "subnet-c52d6fea"
                        },
                        "meta": {},
                        "tainted": false
                    },
                    "deposed": [],
                    "provider": "provider.aws"
                },
                "aws_route_table_association.Drools-RTB-Associate2": {
                    "type": "aws_route_table_association",
                    "depends_on": [
                        "aws_route_table.Drools2-RTB",
                        "aws_subnet.Drools2-Subnet"
                    ],
                    "primary": {
                        "id": "rtbassoc-1782e96b",
                        "attributes": {
                            "id": "rtbassoc-1782e96b",
                            "route_table_id": "rtb-e39a819e",
                            "subnet_id": "subnet-fba2a9b0"
                        },
                        "meta": {},
                        "tainted": false
                    },
                    "deposed": [],
                    "provider": "provider.aws"
                },
                "aws_route_table_association.Drupal-RTB-Associate1": {
                    "type": "aws_route_table_association",
                    "depends_on": [
                        "aws_route_table.Drupal1-RTB",
                        "aws_subnet.Drupal1-Subnet"
                    ],
                    "primary": {
                        "id": "rtbassoc-de81eaa2",
                        "attributes": {
                            "id": "rtbassoc-de81eaa2",
                            "route_table_id": "rtb-25f4ef58",
                            "subnet_id": "subnet-bb420094"
                        },
                        "meta": {},
                        "tainted": false
                    },
                    "deposed": [],
                    "provider": "provider.aws"
                },
                "aws_route_table_association.Drupal-RTB-Associate2": {
                    "type": "aws_route_table_association",
                    "depends_on": [
                        "aws_route_table.Drupal2-RTB",
                        "aws_subnet.Drupal2-Subnet"
                    ],
                    "primary": {
                        "id": "rtbassoc-a182e9dd",
                        "attributes": {
                            "id": "rtbassoc-a182e9dd",
                            "route_table_id": "rtb-38e8f345",
                            "subnet_id": "subnet-49b8b302"
                        },
                        "meta": {},
                        "tainted": false
                    },
                    "deposed": [],
                    "provider": "provider.aws"
                },
                "aws_route_table_association.Guvnor-RTB-Associate1": {
                    "type": "aws_route_table_association",
                    "depends_on": [
                        "aws_route_table.Guvnor1-RTB",
                        "aws_subnet.Guvnor1-Subnet"
                    ],
                    "primary": {
                        "id": "rtbassoc-7a80eb06",
                        "attributes": {
                            "id": "rtbassoc-7a80eb06",
                            "route_table_id": "rtb-c39f84be",
                            "subnet_id": "subnet-44387a6b"
                        },
                        "meta": {},
                        "tainted": false
                    },
                    "deposed": [],
                    "provider": "provider.aws"
                },
                "aws_route_table_association.Guvnor-RTB-Associate2": {
                    "type": "aws_route_table_association",
                    "depends_on": [
                        "aws_route_table.Guvnor2-RTB",
                        "aws_subnet.Guvnor2-Subnet"
                    ],
                    "primary": {
                        "id": "rtbassoc-189bf064",
                        "attributes": {
                            "id": "rtbassoc-189bf064",
                            "route_table_id": "rtb-5198832c",
                            "subnet_id": "subnet-bebfb4f5"
                        },
                        "meta": {},
                        "tainted": false
                    },
                    "deposed": [],
                    "provider": "provider.aws"
                },
                "aws_route_table_association.NAT-RTB-Associate": {
                    "type": "aws_route_table_association",
                    "depends_on": [
                        "aws_route_table.NAT-RTB",
                        "aws_subnet.NAT-Subnet"
                    ],
                    "primary": {
                        "id": "rtbassoc-84295df8",
                        "attributes": {
                            "id": "rtbassoc-84295df8",
                            "route_table_id": "rtb-6310f51f",
                            "subnet_id": "subnet-4d5f1262"
                        },
                        "meta": {},
                        "tainted": false
                    },
                    "deposed": [],
                    "provider": "provider.aws"
                },
                "aws_security_group.Bastion-instanceSG": {
                    "type": "aws_security_group",
                    "depends_on": [
                        "aws_vpc.DAIP-VPC"
                    ],
                    "primary": {
                        "id": "sg-8b6d18fc",
                        "attributes": {
                            "description": "Managed by Terraform",
                            "egress.#": "1",
                            "egress.482069346.cidr_blocks.#": "1",
                            "egress.482069346.cidr_blocks.0": "0.0.0.0/0",
                            "egress.482069346.description": "",
                            "egress.482069346.from_port": "0",
                            "egress.482069346.ipv6_cidr_blocks.#": "0",
                            "egress.482069346.prefix_list_ids.#": "0",
                            "egress.482069346.protocol": "-1",
                            "egress.482069346.security_groups.#": "0",
                            "egress.482069346.self": "false",
                            "egress.482069346.to_port": "0",
                            "id": "sg-8b6d18fc",
                            "ingress.#": "1",
                            "ingress.2541437006.cidr_blocks.#": "1",
                            "ingress.2541437006.cidr_blocks.0": "0.0.0.0/0",
                            "ingress.2541437006.description": "",
                            "ingress.2541437006.from_port": "22",
                            "ingress.2541437006.ipv6_cidr_blocks.#": "0",
                            "ingress.2541437006.protocol": "tcp",
                            "ingress.2541437006.security_groups.#": "0",
                            "ingress.2541437006.self": "false",
                            "ingress.2541437006.to_port": "22",
                            "name": "Bastion-SG",
                            "owner_id": "616552976502",
                            "revoke_rules_on_delete": "false",
                            "tags.%": "0",
                            "vpc_id": "vpc-d66498ad"
                        },
                        "meta": {
                            "schema_version": "1"
                        },
                        "tainted": false
                    },
                    "deposed": [],
                    "provider": "provider.aws"
                },
                "aws_security_group.Data-elb": {
                    "type": "aws_security_group",
                    "depends_on": [
                        "aws_vpc.DAIP-VPC"
                    ],
                    "primary": {
                        "id": "sg-cc6114bb",
                        "attributes": {
                            "description": "Managed by Terraform",
                            "egress.#": "1",
                            "egress.482069346.cidr_blocks.#": "1",
                            "egress.482069346.cidr_blocks.0": "0.0.0.0/0",
                            "egress.482069346.description": "",
                            "egress.482069346.from_port": "0",
                            "egress.482069346.ipv6_cidr_blocks.#": "0",
                            "egress.482069346.prefix_list_ids.#": "0",
                            "egress.482069346.protocol": "-1",
                            "egress.482069346.security_groups.#": "0",
                            "egress.482069346.self": "false",
                            "egress.482069346.to_port": "0",
                            "id": "sg-cc6114bb",
                            "ingress.#": "1",
                            "ingress.2214680975.cidr_blocks.#": "1",
                            "ingress.2214680975.cidr_blocks.0": "0.0.0.0/0",
                            "ingress.2214680975.description": "",
                            "ingress.2214680975.from_port": "80",
                            "ingress.2214680975.ipv6_cidr_blocks.#": "0",
                            "ingress.2214680975.protocol": "tcp",
                            "ingress.2214680975.security_groups.#": "0",
                            "ingress.2214680975.self": "false",
                            "ingress.2214680975.to_port": "80",
                            "name": "Data-elb",
                            "owner_id": "616552976502",
                            "revoke_rules_on_delete": "false",
                            "tags.%": "0",
                            "vpc_id": "vpc-d66498ad"
                        },
                        "meta": {
                            "schema_version": "1"
                        },
                        "tainted": false
                    },
                    "deposed": [],
                    "provider": "provider.aws"
                },
                "aws_security_group.Data-instanceSG": {
                    "type": "aws_security_group",
                    "depends_on": [
                        "aws_vpc.DAIP-VPC"
                    ],
                    "primary": {
                        "id": "sg-23780d54",
                        "attributes": {
                            "description": "Managed by Terraform",
                            "egress.#": "1",
                            "egress.482069346.cidr_blocks.#": "1",
                            "egress.482069346.cidr_blocks.0": "0.0.0.0/0",
                            "egress.482069346.description": "",
                            "egress.482069346.from_port": "0",
                            "egress.482069346.ipv6_cidr_blocks.#": "0",
                            "egress.482069346.prefix_list_ids.#": "0",
                            "egress.482069346.protocol": "-1",
                            "egress.482069346.security_groups.#": "0",
                            "egress.482069346.self": "false",
                            "egress.482069346.to_port": "0",
                            "id": "sg-23780d54",
                            "ingress.#": "1",
                            "ingress.931551850.cidr_blocks.#": "1",
                            "ingress.931551850.cidr_blocks.0": "10.0.0.0/16",
                            "ingress.931551850.description": "",
                            "ingress.931551850.from_port": "22",
                            "ingress.931551850.ipv6_cidr_blocks.#": "0",
                            "ingress.931551850.protocol": "tcp",
                            "ingress.931551850.security_groups.#": "0",
                            "ingress.931551850.self": "false",
                            "ingress.931551850.to_port": "22",
                            "name": "Data-SG",
                            "owner_id": "616552976502",
                            "revoke_rules_on_delete": "false",
                            "tags.%": "0",
                            "vpc_id": "vpc-d66498ad"
                        },
                        "meta": {
                            "schema_version": "1"
                        },
                        "tainted": false
                    },
                    "deposed": [],
                    "provider": "provider.aws"
                },
                "aws_security_group.Dexi-elb": {
                    "type": "aws_security_group",
                    "depends_on": [
                        "aws_vpc.DAIP-VPC"
                    ],
                    "primary": {
                        "id": "sg-b4780dc3",
                        "attributes": {
                            "description": "Managed by Terraform",
                            "egress.#": "1",
                            "egress.482069346.cidr_blocks.#": "1",
                            "egress.482069346.cidr_blocks.0": "0.0.0.0/0",
                            "egress.482069346.description": "",
                            "egress.482069346.from_port": "0",
                            "egress.482069346.ipv6_cidr_blocks.#": "0",
                            "egress.482069346.prefix_list_ids.#": "0",
                            "egress.482069346.protocol": "-1",
                            "egress.482069346.security_groups.#": "0",
                            "egress.482069346.self": "false",
                            "egress.482069346.to_port": "0",
                            "id": "sg-b4780dc3",
                            "ingress.#": "1",
                            "ingress.2214680975.cidr_blocks.#": "1",
                            "ingress.2214680975.cidr_blocks.0": "0.0.0.0/0",
                            "ingress.2214680975.description": "",
                            "ingress.2214680975.from_port": "80",
                            "ingress.2214680975.ipv6_cidr_blocks.#": "0",
                            "ingress.2214680975.protocol": "tcp",
                            "ingress.2214680975.security_groups.#": "0",
                            "ingress.2214680975.self": "false",
                            "ingress.2214680975.to_port": "80",
                            "name": "Dexi-elb",
                            "owner_id": "616552976502",
                            "revoke_rules_on_delete": "false",
                            "tags.%": "0",
                            "vpc_id": "vpc-d66498ad"
                        },
                        "meta": {
                            "schema_version": "1"
                        },
                        "tainted": false
                    },
                    "deposed": [],
                    "provider": "provider.aws"
                },
                "aws_security_group.Dexi-instanceSG": {
                    "type": "aws_security_group",
                    "depends_on": [
                        "aws_vpc.DAIP-VPC"
                    ],
                    "primary": {
                        "id": "sg-10671267",
                        "attributes": {
                            "description": "Managed by Terraform",
                            "egress.#": "1",
                            "egress.482069346.cidr_blocks.#": "1",
                            "egress.482069346.cidr_blocks.0": "0.0.0.0/0",
                            "egress.482069346.description": "",
                            "egress.482069346.from_port": "0",
                            "egress.482069346.ipv6_cidr_blocks.#": "0",
                            "egress.482069346.prefix_list_ids.#": "0",
                            "egress.482069346.protocol": "-1",
                            "egress.482069346.security_groups.#": "0",
                            "egress.482069346.self": "false",
                            "egress.482069346.to_port": "0",
                            "id": "sg-10671267",
                            "ingress.#": "1",
                            "ingress.931551850.cidr_blocks.#": "1",
                            "ingress.931551850.cidr_blocks.0": "10.0.0.0/16",
                            "ingress.931551850.description": "",
                            "ingress.931551850.from_port": "22",
                            "ingress.931551850.ipv6_cidr_blocks.#": "0",
                            "ingress.931551850.protocol": "tcp",
                            "ingress.931551850.security_groups.#": "0",
                            "ingress.931551850.self": "false",
                            "ingress.931551850.to_port": "22",
                            "name": "Dexi-SG",
                            "owner_id": "616552976502",
                            "revoke_rules_on_delete": "false",
                            "tags.%": "0",
                            "vpc_id": "vpc-d66498ad"
                        },
                        "meta": {
                            "schema_version": "1"
                        },
                        "tainted": false
                    },
                    "deposed": [],
                    "provider": "provider.aws"
                },
                "aws_security_group.Drools-elb": {
                    "type": "aws_security_group",
                    "depends_on": [
                        "aws_vpc.DAIP-VPC"
                    ],
                    "primary": {
                        "id": "sg-6e601519",
                        "attributes": {
                            "description": "Managed by Terraform",
                            "egress.#": "1",
                            "egress.482069346.cidr_blocks.#": "1",
                            "egress.482069346.cidr_blocks.0": "0.0.0.0/0",
                            "egress.482069346.description": "",
                            "egress.482069346.from_port": "0",
                            "egress.482069346.ipv6_cidr_blocks.#": "0",
                            "egress.482069346.prefix_list_ids.#": "0",
                            "egress.482069346.protocol": "-1",
                            "egress.482069346.security_groups.#": "0",
                            "egress.482069346.self": "false",
                            "egress.482069346.to_port": "0",
                            "id": "sg-6e601519",
                            "ingress.#": "1",
                            "ingress.2214680975.cidr_blocks.#": "1",
                            "ingress.2214680975.cidr_blocks.0": "0.0.0.0/0",
                            "ingress.2214680975.description": "",
                            "ingress.2214680975.from_port": "80",
                            "ingress.2214680975.ipv6_cidr_blocks.#": "0",
                            "ingress.2214680975.protocol": "tcp",
                            "ingress.2214680975.security_groups.#": "0",
                            "ingress.2214680975.self": "false",
                            "ingress.2214680975.to_port": "80",
                            "name": "Drools-elb",
                            "owner_id": "616552976502",
                            "revoke_rules_on_delete": "false",
                            "tags.%": "0",
                            "vpc_id": "vpc-d66498ad"
                        },
                        "meta": {
                            "schema_version": "1"
                        },
                        "tainted": false
                    },
                    "deposed": [],
                    "provider": "provider.aws"
                },
                "aws_security_group.Drools-instanceSG": {
                    "type": "aws_security_group",
                    "depends_on": [
                        "aws_vpc.DAIP-VPC"
                    ],
                    "primary": {
                        "id": "sg-2f611458",
                        "attributes": {
                            "description": "Managed by Terraform",
                            "egress.#": "1",
                            "egress.482069346.cidr_blocks.#": "1",
                            "egress.482069346.cidr_blocks.0": "0.0.0.0/0",
                            "egress.482069346.description": "",
                            "egress.482069346.from_port": "0",
                            "egress.482069346.ipv6_cidr_blocks.#": "0",
                            "egress.482069346.prefix_list_ids.#": "0",
                            "egress.482069346.protocol": "-1",
                            "egress.482069346.security_groups.#": "0",
                            "egress.482069346.self": "false",
                            "egress.482069346.to_port": "0",
                            "id": "sg-2f611458",
                            "ingress.#": "1",
                            "ingress.931551850.cidr_blocks.#": "1",
                            "ingress.931551850.cidr_blocks.0": "10.0.0.0/16",
                            "ingress.931551850.description": "",
                            "ingress.931551850.from_port": "22",
                            "ingress.931551850.ipv6_cidr_blocks.#": "0",
                            "ingress.931551850.protocol": "tcp",
                            "ingress.931551850.security_groups.#": "0",
                            "ingress.931551850.self": "false",
                            "ingress.931551850.to_port": "22",
                            "name": "Drools-SG",
                            "owner_id": "616552976502",
                            "revoke_rules_on_delete": "false",
                            "tags.%": "0",
                            "vpc_id": "vpc-d66498ad"
                        },
                        "meta": {
                            "schema_version": "1"
                        },
                        "tainted": false
                    },
                    "deposed": [],
                    "provider": "provider.aws"
                },
                "aws_security_group.Drupal-elb": {
                    "type": "aws_security_group",
                    "depends_on": [
                        "aws_vpc.DAIP-VPC"
                    ],
                    "primary": {
                        "id": "sg-9e6015e9",
                        "attributes": {
                            "description": "Managed by Terraform",
                            "egress.#": "1",
                            "egress.482069346.cidr_blocks.#": "1",
                            "egress.482069346.cidr_blocks.0": "0.0.0.0/0",
                            "egress.482069346.description": "",
                            "egress.482069346.from_port": "0",
                            "egress.482069346.ipv6_cidr_blocks.#": "0",
                            "egress.482069346.prefix_list_ids.#": "0",
                            "egress.482069346.protocol": "-1",
                            "egress.482069346.security_groups.#": "0",
                            "egress.482069346.self": "false",
                            "egress.482069346.to_port": "0",
                            "id": "sg-9e6015e9",
                            "ingress.#": "1",
                            "ingress.2214680975.cidr_blocks.#": "1",
                            "ingress.2214680975.cidr_blocks.0": "0.0.0.0/0",
                            "ingress.2214680975.description": "",
                            "ingress.2214680975.from_port": "80",
                            "ingress.2214680975.ipv6_cidr_blocks.#": "0",
                            "ingress.2214680975.protocol": "tcp",
                            "ingress.2214680975.security_groups.#": "0",
                            "ingress.2214680975.self": "false",
                            "ingress.2214680975.to_port": "80",
                            "name": "Drupal-elb",
                            "owner_id": "616552976502",
                            "revoke_rules_on_delete": "false",
                            "tags.%": "0",
                            "vpc_id": "vpc-d66498ad"
                        },
                        "meta": {
                            "schema_version": "1"
                        },
                        "tainted": false
                    },
                    "deposed": [],
                    "provider": "provider.aws"
                },
                "aws_security_group.Drupal-instanceSG": {
                    "type": "aws_security_group",
                    "depends_on": [
                        "aws_vpc.DAIP-VPC"
                    ],
                    "primary": {
                        "id": "sg-dd6316aa",
                        "attributes": {
                            "description": "Managed by Terraform",
                            "egress.#": "1",
                            "egress.482069346.cidr_blocks.#": "1",
                            "egress.482069346.cidr_blocks.0": "0.0.0.0/0",
                            "egress.482069346.description": "",
                            "egress.482069346.from_port": "0",
                            "egress.482069346.ipv6_cidr_blocks.#": "0",
                            "egress.482069346.prefix_list_ids.#": "0",
                            "egress.482069346.protocol": "-1",
                            "egress.482069346.security_groups.#": "0",
                            "egress.482069346.self": "false",
                            "egress.482069346.to_port": "0",
                            "id": "sg-dd6316aa",
                            "ingress.#": "1",
                            "ingress.931551850.cidr_blocks.#": "1",
                            "ingress.931551850.cidr_blocks.0": "10.0.0.0/16",
                            "ingress.931551850.description": "",
                            "ingress.931551850.from_port": "22",
                            "ingress.931551850.ipv6_cidr_blocks.#": "0",
                            "ingress.931551850.protocol": "tcp",
                            "ingress.931551850.security_groups.#": "0",
                            "ingress.931551850.self": "false",
                            "ingress.931551850.to_port": "22",
                            "name": "Drupal-SG",
                            "owner_id": "616552976502",
                            "revoke_rules_on_delete": "false",
                            "tags.%": "0",
                            "vpc_id": "vpc-d66498ad"
                        },
                        "meta": {
                            "schema_version": "1"
                        },
                        "tainted": false
                    },
                    "deposed": [],
                    "provider": "provider.aws"
                },
                "aws_security_group.Guvnor-elb": {
                    "type": "aws_security_group",
                    "depends_on": [
                        "aws_vpc.DAIP-VPC"
                    ],
                    "primary": {
                        "id": "sg-f872078f",
                        "attributes": {
                            "description": "Managed by Terraform",
                            "egress.#": "1",
                            "egress.482069346.cidr_blocks.#": "1",
                            "egress.482069346.cidr_blocks.0": "0.0.0.0/0",
                            "egress.482069346.description": "",
                            "egress.482069346.from_port": "0",
                            "egress.482069346.ipv6_cidr_blocks.#": "0",
                            "egress.482069346.prefix_list_ids.#": "0",
                            "egress.482069346.protocol": "-1",
                            "egress.482069346.security_groups.#": "0",
                            "egress.482069346.self": "false",
                            "egress.482069346.to_port": "0",
                            "id": "sg-f872078f",
                            "ingress.#": "1",
                            "ingress.2214680975.cidr_blocks.#": "1",
                            "ingress.2214680975.cidr_blocks.0": "0.0.0.0/0",
                            "ingress.2214680975.description": "",
                            "ingress.2214680975.from_port": "80",
                            "ingress.2214680975.ipv6_cidr_blocks.#": "0",
                            "ingress.2214680975.protocol": "tcp",
                            "ingress.2214680975.security_groups.#": "0",
                            "ingress.2214680975.self": "false",
                            "ingress.2214680975.to_port": "80",
                            "name": "Guvnor-elb",
                            "owner_id": "616552976502",
                            "revoke_rules_on_delete": "false",
                            "tags.%": "0",
                            "vpc_id": "vpc-d66498ad"
                        },
                        "meta": {
                            "schema_version": "1"
                        },
                        "tainted": false
                    },
                    "deposed": [],
                    "provider": "provider.aws"
                },
                "aws_security_group.Guvnor-instanceSG": {
                    "type": "aws_security_group",
                    "depends_on": [
                        "aws_vpc.DAIP-VPC"
                    ],
                    "primary": {
                        "id": "sg-cb7f0abc",
                        "attributes": {
                            "description": "Managed by Terraform",
                            "egress.#": "1",
                            "egress.482069346.cidr_blocks.#": "1",
                            "egress.482069346.cidr_blocks.0": "0.0.0.0/0",
                            "egress.482069346.description": "",
                            "egress.482069346.from_port": "0",
                            "egress.482069346.ipv6_cidr_blocks.#": "0",
                            "egress.482069346.prefix_list_ids.#": "0",
                            "egress.482069346.protocol": "-1",
                            "egress.482069346.security_groups.#": "0",
                            "egress.482069346.self": "false",
                            "egress.482069346.to_port": "0",
                            "id": "sg-cb7f0abc",
                            "ingress.#": "1",
                            "ingress.931551850.cidr_blocks.#": "1",
                            "ingress.931551850.cidr_blocks.0": "10.0.0.0/16",
                            "ingress.931551850.description": "",
                            "ingress.931551850.from_port": "22",
                            "ingress.931551850.ipv6_cidr_blocks.#": "0",
                            "ingress.931551850.protocol": "tcp",
                            "ingress.931551850.security_groups.#": "0",
                            "ingress.931551850.self": "false",
                            "ingress.931551850.to_port": "22",
                            "name": "Guvnor-SG",
                            "owner_id": "616552976502",
                            "revoke_rules_on_delete": "false",
                            "tags.%": "0",
                            "vpc_id": "vpc-d66498ad"
                        },
                        "meta": {
                            "schema_version": "1"
                        },
                        "tainted": false
                    },
                    "deposed": [],
                    "provider": "provider.aws"
                },
                "aws_security_group.NAT-instanceSG": {
                    "type": "aws_security_group",
                    "depends_on": [
                        "aws_vpc.DAIP-VPC"
                    ],
                    "primary": {
                        "id": "sg-a50476d2",
                        "attributes": {
                            "description": "Managed by Terraform",
                            "egress.#": "1",
                            "egress.482069346.cidr_blocks.#": "1",
                            "egress.482069346.cidr_blocks.0": "0.0.0.0/0",
                            "egress.482069346.description": "",
                            "egress.482069346.from_port": "0",
                            "egress.482069346.ipv6_cidr_blocks.#": "0",
                            "egress.482069346.prefix_list_ids.#": "0",
                            "egress.482069346.protocol": "-1",
                            "egress.482069346.security_groups.#": "0",
                            "egress.482069346.self": "false",
                            "egress.482069346.to_port": "0",
                            "id": "sg-a50476d2",
                            "ingress.#": "1",
                            "ingress.2214680975.cidr_blocks.#": "1",
                            "ingress.2214680975.cidr_blocks.0": "0.0.0.0/0",
                            "ingress.2214680975.description": "",
                            "ingress.2214680975.from_port": "80",
                            "ingress.2214680975.ipv6_cidr_blocks.#": "0",
                            "ingress.2214680975.protocol": "tcp",
                            "ingress.2214680975.security_groups.#": "0",
                            "ingress.2214680975.self": "false",
                            "ingress.2214680975.to_port": "80",
                            "name": "NAT-SG",
                            "owner_id": "616552976502",
                            "revoke_rules_on_delete": "false",
                            "tags.%": "0",
                            "vpc_id": "vpc-d66498ad"
                        },
                        "meta": {
                            "schema_version": "1"
                        },
                        "tainted": false
                    },
                    "deposed": [],
                    "provider": "provider.aws"
                },
                "aws_subnet.Bastion-Subnet": {
                    "type": "aws_subnet",
                    "depends_on": [
                        "aws_vpc.DAIP-VPC"
                    ],
                    "primary": {
                        "id": "subnet-25387a0a",
                        "attributes": {
                            "assign_ipv6_address_on_creation": "false",
                            "availability_zone": "us-east-1a",
                            "cidr_block": "10.0.0.0/24",
                            "id": "subnet-25387a0a",
                            "map_public_ip_on_launch": "true",
                            "tags.%": "0",
                            "vpc_id": "vpc-d66498ad"
                        },
                        "meta": {
                            "schema_version": "1"
                        },
                        "tainted": false
                    },
                    "deposed": [],
                    "provider": "provider.aws"
                },
                "aws_subnet.Data1-Subnet": {
                    "type": "aws_subnet",
                    "depends_on": [
                        "aws_vpc.DAIP-VPC"
                    ],
                    "primary": {
                        "id": "subnet-583a7877",
                        "attributes": {
                            "assign_ipv6_address_on_creation": "false",
                            "availability_zone": "us-east-1a",
                            "cidr_block": "10.0.5.0/24",
                            "id": "subnet-583a7877",
                            "map_public_ip_on_launch": "false",
                            "tags.%": "0",
                            "vpc_id": "vpc-d66498ad"
                        },
                        "meta": {
                            "schema_version": "1"
                        },
                        "tainted": false
                    },
                    "deposed": [],
                    "provider": "provider.aws"
                },
                "aws_subnet.Data2-Subnet": {
                    "type": "aws_subnet",
                    "depends_on": [
                        "aws_vpc.DAIP-VPC"
                    ],
                    "primary": {
                        "id": "subnet-febbb0b5",
                        "attributes": {
                            "assign_ipv6_address_on_creation": "false",
                            "availability_zone": "us-east-1b",
                            "cidr_block": "10.0.55.0/24",
                            "id": "subnet-febbb0b5",
                            "map_public_ip_on_launch": "false",
                            "tags.%": "0",
                            "vpc_id": "vpc-d66498ad"
                        },
                        "meta": {
                            "schema_version": "1"
                        },
                        "tainted": false
                    },
                    "deposed": [],
                    "provider": "provider.aws"
                },
                "aws_subnet.Dexi1-Subnet": {
                    "type": "aws_subnet",
                    "depends_on": [
                        "aws_vpc.DAIP-VPC"
                    ],
                    "primary": {
                        "id": "subnet-b72d6f98",
                        "attributes": {
                            "assign_ipv6_address_on_creation": "false",
                            "availability_zone": "us-east-1a",
                            "cidr_block": "10.0.4.0/24",
                            "id": "subnet-b72d6f98",
                            "map_public_ip_on_launch": "false",
                            "tags.%": "0",
                            "vpc_id": "vpc-d66498ad"
                        },
                        "meta": {
                            "schema_version": "1"
                        },
                        "tainted": false
                    },
                    "deposed": [],
                    "provider": "provider.aws"
                },
                "aws_subnet.Dexi2-Subnet": {
                    "type": "aws_subnet",
                    "depends_on": [
                        "aws_vpc.DAIP-VPC"
                    ],
                    "primary": {
                        "id": "subnet-e0bcb7ab",
                        "attributes": {
                            "assign_ipv6_address_on_creation": "false",
                            "availability_zone": "us-east-1b",
                            "cidr_block": "10.0.44.0/24",
                            "id": "subnet-e0bcb7ab",
                            "map_public_ip_on_launch": "false",
                            "tags.%": "0",
                            "vpc_id": "vpc-d66498ad"
                        },
                        "meta": {
                            "schema_version": "1"
                        },
                        "tainted": false
                    },
                    "deposed": [],
                    "provider": "provider.aws"
                },
                "aws_subnet.Drools1-Subnet": {
                    "type": "aws_subnet",
                    "depends_on": [
                        "aws_vpc.DAIP-VPC"
                    ],
                    "primary": {
                        "id": "subnet-c52d6fea",
                        "attributes": {
                            "assign_ipv6_address_on_creation": "false",
                            "availability_zone": "us-east-1a",
                            "cidr_block": "10.0.3.0/24",
                            "id": "subnet-c52d6fea",
                            "map_public_ip_on_launch": "false",
                            "tags.%": "0",
                            "vpc_id": "vpc-d66498ad"
                        },
                        "meta": {
                            "schema_version": "1"
                        },
                        "tainted": false
                    },
                    "deposed": [],
                    "provider": "provider.aws"
                },
                "aws_subnet.Drools2-Subnet": {
                    "type": "aws_subnet",
                    "depends_on": [
                        "aws_vpc.DAIP-VPC"
                    ],
                    "primary": {
                        "id": "subnet-fba2a9b0",
                        "attributes": {
                            "assign_ipv6_address_on_creation": "false",
                            "availability_zone": "us-east-1b",
                            "cidr_block": "10.0.33.0/24",
                            "id": "subnet-fba2a9b0",
                            "map_public_ip_on_launch": "false",
                            "tags.%": "0",
                            "vpc_id": "vpc-d66498ad"
                        },
                        "meta": {
                            "schema_version": "1"
                        },
                        "tainted": false
                    },
                    "deposed": [],
                    "provider": "provider.aws"
                },
                "aws_subnet.Drupal1-Subnet": {
                    "type": "aws_subnet",
                    "depends_on": [
                        "aws_vpc.DAIP-VPC"
                    ],
                    "primary": {
                        "id": "subnet-bb420094",
                        "attributes": {
                            "assign_ipv6_address_on_creation": "false",
                            "availability_zone": "us-east-1a",
                            "cidr_block": "10.0.1.0/24",
                            "id": "subnet-bb420094",
                            "map_public_ip_on_launch": "false",
                            "tags.%": "0",
                            "vpc_id": "vpc-d66498ad"
                        },
                        "meta": {
                            "schema_version": "1"
                        },
                        "tainted": false
                    },
                    "deposed": [],
                    "provider": "provider.aws"
                },
                "aws_subnet.Drupal2-Subnet": {
                    "type": "aws_subnet",
                    "depends_on": [
                        "aws_vpc.DAIP-VPC"
                    ],
                    "primary": {
                        "id": "subnet-49b8b302",
                        "attributes": {
                            "assign_ipv6_address_on_creation": "false",
                            "availability_zone": "us-east-1b",
                            "cidr_block": "10.0.11.0/24",
                            "id": "subnet-49b8b302",
                            "map_public_ip_on_launch": "false",
                            "tags.%": "0",
                            "vpc_id": "vpc-d66498ad"
                        },
                        "meta": {
                            "schema_version": "1"
                        },
                        "tainted": false
                    },
                    "deposed": [],
                    "provider": "provider.aws"
                },
                "aws_subnet.Guvnor1-Subnet": {
                    "type": "aws_subnet",
                    "depends_on": [
                        "aws_vpc.DAIP-VPC"
                    ],
                    "primary": {
                        "id": "subnet-44387a6b",
                        "attributes": {
                            "assign_ipv6_address_on_creation": "false",
                            "availability_zone": "us-east-1a",
                            "cidr_block": "10.0.2.0/24",
                            "id": "subnet-44387a6b",
                            "map_public_ip_on_launch": "false",
                            "tags.%": "0",
                            "vpc_id": "vpc-d66498ad"
                        },
                        "meta": {
                            "schema_version": "1"
                        },
                        "tainted": false
                    },
                    "deposed": [],
                    "provider": "provider.aws"
                },
                "aws_subnet.Guvnor2-Subnet": {
                    "type": "aws_subnet",
                    "depends_on": [
                        "aws_vpc.DAIP-VPC"
                    ],
                    "primary": {
                        "id": "subnet-bebfb4f5",
                        "attributes": {
                            "assign_ipv6_address_on_creation": "false",
                            "availability_zone": "us-east-1b",
                            "cidr_block": "10.0.22.0/24",
                            "id": "subnet-bebfb4f5",
                            "map_public_ip_on_launch": "false",
                            "tags.%": "0",
                            "vpc_id": "vpc-d66498ad"
                        },
                        "meta": {
                            "schema_version": "1"
                        },
                        "tainted": false
                    },
                    "deposed": [],
                    "provider": "provider.aws"
                },
                "aws_subnet.NAT-Subnet": {
                    "type": "aws_subnet",
                    "depends_on": [
                        "aws_vpc.DAIP-VPC"
                    ],
                    "primary": {
                        "id": "subnet-4d5f1262",
                        "attributes": {
                            "assign_ipv6_address_on_creation": "false",
                            "availability_zone": "us-east-1a",
                            "cidr_block": "10.0.10.0/24",
                            "id": "subnet-4d5f1262",
                            "map_public_ip_on_launch": "true",
                            "tags.%": "0",
                            "vpc_id": "vpc-d66498ad"
                        },
                        "meta": {
                            "schema_version": "1"
                        },
                        "tainted": false
                    },
                    "deposed": [],
                    "provider": "provider.aws"
                },
                "aws_vpc.DAIP-VPC": {
                    "type": "aws_vpc",
                    "depends_on": [],
                    "primary": {
                        "id": "vpc-d66498ad",
                        "attributes": {
                            "assign_generated_ipv6_cidr_block": "false",
                            "cidr_block": "10.0.0.0/16",
                            "default_network_acl_id": "acl-ce85c9b5",
                            "default_route_table_id": "rtb-b59982c8",
                            "default_security_group_id": "sg-df6316a8",
                            "dhcp_options_id": "dopt-f19a9093",
                            "enable_classiclink": "false",
                            "enable_classiclink_dns_support": "false",
                            "enable_dns_hostnames": "false",
                            "enable_dns_support": "true",
                            "id": "vpc-d66498ad",
                            "instance_tenancy": "default",
                            "main_route_table_id": "rtb-b59982c8",
                            "tags.%": "1",
                            "tags.Name": "FEMA-DAIP-VPC"
                        },
                        "meta": {
                            "schema_version": "1"
                        },
                        "tainted": false
                    },
                    "deposed": [],
                    "provider": "provider.aws"
                },
                "data.aws_availability_zones.all": {
                    "type": "aws_availability_zones",
                    "depends_on": [],
                    "primary": {
                        "id": "2018-02-12 15:47:34.5399229 +0000 UTC",
                        "attributes": {
                            "id": "2018-02-12 15:47:34.5399229 +0000 UTC",
                            "names.#": "6",
                            "names.0": "us-east-1a",
                            "names.1": "us-east-1b",
                            "names.2": "us-east-1c",
                            "names.3": "us-east-1d",
                            "names.4": "us-east-1e",
                            "names.5": "us-east-1f"
                        },
                        "meta": {},
                        "tainted": false
                    },
                    "deposed": [],
                    "provider": "provider.aws"
                }
            },
            "depends_on": []
        }
    ]
}
